// !$*UTF8*$!
{
	archiveVersion = 1;
	classes = {
	};
	objectVersion = 56;
	objects = {

/* Begin PBXBuildFile section */
		4EAC05162B6B9C5100CCAD89 /* _th_2App.swift in Sources */ = {isa = PBXBuildFile; fileRef = 4EAC05152B6B9C5100CCAD89 /* _th_2App.swift */; };
		4EAC05182B6B9C5100CCAD89 /* ContentView.swift in Sources */ = {isa = PBXBuildFile; fileRef = 4EAC05172B6B9C5100CCAD89 /* ContentView.swift */; };
		4EAC051A2B6B9C5400CCAD89 /* Assets.xcassets in Resources */ = {isa = PBXBuildFile; fileRef = 4EAC05192B6B9C5400CCAD89 /* Assets.xcassets */; };
		4EAC051D2B6B9C5400CCAD89 /* Preview Assets.xcassets in Resources */ = {isa = PBXBuildFile; fileRef = 4EAC051C2B6B9C5400CCAD89 /* Preview Assets.xcassets */; };
		4EAC05272B6B9C5400CCAD89 /* _th_2Tests.swift in Sources */ = {isa = PBXBuildFile; fileRef = 4EAC05262B6B9C5400CCAD89 /* _th_2Tests.swift */; };
		4EAC05312B6B9C5400CCAD89 /* _th_2UITests.swift in Sources */ = {isa = PBXBuildFile; fileRef = 4EAC05302B6B9C5400CCAD89 /* _th_2UITests.swift */; };
		4EAC05332B6B9C5400CCAD89 /* _th_2UITestsLaunchTests.swift in Sources */ = {isa = PBXBuildFile; fileRef = 4EAC05322B6B9C5400CCAD89 /* _th_2UITestsLaunchTests.swift */; };
/* End PBXBuildFile section */

/* Begin PBXContainerItemProxy section */
		4EAC05232B6B9C5400CCAD89 /* PBXContainerItemProxy */ = {
			isa = PBXContainerItemProxy;
			containerPortal = 4EAC050A2B6B9C5100CCAD89 /* Project object */;
			proxyType = 1;
			remoteGlobalIDString = 4EAC05112B6B9C5100CCAD89;
			remoteInfo = 6th_2;
		};
		4EAC052D2B6B9C5400CCAD89 /* PBXContainerItemProxy */ = {
			isa = PBXContainerItemProxy;
			containerPortal = 4EAC050A2B6B9C5100CCAD89 /* Project object */;
			proxyType = 1;
			remoteGlobalIDString = 4EAC05112B6B9C5100CCAD89;
			remoteInfo = 6th_2;
		};
/* End PBXContainerItemProxy section */

/* Begin PBXFileReference section */
		4EAC05122B6B9C5100CCAD89 /* 6th_2.app */ = {isa = PBXFileReference; explicitFileType = wrapper.application; includeInIndex = 0; path = 6th_2.app; sourceTree = BUILT_PRODUCTS_DIR; };
		4EAC05152B6B9C5100CCAD89 /* _th_2App.swift */ = {isa = PBXFileReference; lastKnownFileType = sourcecode.swift; path = _th_2App.swift; sourceTree = "<group>"; };
		4EAC05172B6B9C5100CCAD89 /* ContentView.swift */ = {isa = PBXFileReference; lastKnownFileType = sourcecode.swift; path = ContentView.swift; sourceTree = "<group>"; };
		4EAC05192B6B9C5400CCAD89 /* Assets.xcassets */ = {isa = PBXFileReference; lastKnownFileType = folder.assetcatalog; path = Assets.xcassets; sourceTree = "<group>"; };
		4EAC051C2B6B9C5400CCAD89 /* Preview Assets.xcassets */ = {isa = PBXFileReference; lastKnownFileType = folder.assetcatalog; path = "Preview Assets.xcassets"; sourceTree = "<group>"; };
		4EAC05222B6B9C5400CCAD89 /* 6th_2Tests.xctest */ = {isa = PBXFileReference; explicitFileType = wrapper.cfbundle; includeInIndex = 0; path = 6th_2Tests.xctest; sourceTree = BUILT_PRODUCTS_DIR; };
		4EAC05262B6B9C5400CCAD89 /* _th_2Tests.swift */ = {isa = PBXFileReference; lastKnownFileType = sourcecode.swift; path = _th_2Tests.swift; sourceTree = "<group>"; };
		4EAC052C2B6B9C5400CCAD89 /* 6th_2UITests.xctest */ = {isa = PBXFileReference; explicitFileType = wrapper.cfbundle; includeInIndex = 0; path = 6th_2UITests.xctest; sourceTree = BUILT_PRODUCTS_DIR; };
		4EAC05302B6B9C5400CCAD89 /* _th_2UITests.swift */ = {isa = PBXFileReference; lastKnownFileType = sourcecode.swift; path = _th_2UITests.swift; sourceTree = "<group>"; };
		4EAC05322B6B9C5400CCAD89 /* _th_2UITestsLaunchTests.swift */ = {isa = PBXFileReference; lastKnownFileType = sourcecode.swift; path = _th_2UITestsLaunchTests.swift; sourceTree = "<group>"; };
/* End PBXFileReference section */

/* Begin PBXFrameworksBuildPhase section */
		4EAC050F2B6B9C5100CCAD89 /* Frameworks */ = {
			isa = PBXFrameworksBuildPhase;
			buildActionMask = 2147483647;
			files = (
			);
			runOnlyForDeploymentPostprocessing = 0;
		};
		4EAC051F2B6B9C5400CCAD89 /* Frameworks */ = {
			isa = PBXFrameworksBuildPhase;
			buildActionMask = 2147483647;
			files = (
			);
			runOnlyForDeploymentPostprocessing = 0;
		};
		4EAC05292B6B9C5400CCAD89 /* Frameworks */ = {
			isa = PBXFrameworksBuildPhase;
			buildActionMask = 2147483647;
			files = (
			);
			runOnlyForDeploymentPostprocessing = 0;
		};
/* End PBXFrameworksBuildPhase section */

/* Begin PBXGroup section */
		4EAC05092B6B9C5100CCAD89 = {
			isa = PBXGroup;
			children = (
				4EAC05142B6B9C5100CCAD89 /* 6th_2 */,
				4EAC05252B6B9C5400CCAD89 /* 6th_2Tests */,
				4EAC052F2B6B9C5400CCAD89 /* 6th_2UITests */,
				4EAC05132B6B9C5100CCAD89 /* Products */,
			);
			sourceTree = "<group>";
		};
		4EAC05132B6B9C5100CCAD89 /* Products */ = {
			isa = PBXGroup;
			children = (
				4EAC05122B6B9C5100CCAD89 /* 6th_2.app */,
				4EAC05222B6B9C5400CCAD89 /* 6th_2Tests.xctest */,
				4EAC052C2B6B9C5400CCAD89 /* 6th_2UITests.xctest */,
			);
			name = Products;
			sourceTree = "<group>";
		};
		4EAC05142B6B9C5100CCAD89 /* 6th_2 */ = {
			isa = PBXGroup;
			children = (
				4EAC05152B6B9C5100CCAD89 /* _th_2App.swift */,
				4EAC05172B6B9C5100CCAD89 /* ContentView.swift */,
				4EAC05192B6B9C5400CCAD89 /* Assets.xcassets */,
				4EAC051B2B6B9C5400CCAD89 /* Preview Content */,
			);
			path = 6th_2;
			sourceTree = "<group>";
		};
		4EAC051B2B6B9C5400CCAD89 /* Preview Content */ = {
			isa = PBXGroup;
			children = (
				4EAC051C2B6B9C5400CCAD89 /* Preview Assets.xcassets */,
			);
			path = "Preview Content";
			sourceTree = "<group>";
		};
		4EAC05252B6B9C5400CCAD89 /* 6th_2Tests */ = {
			isa = PBXGroup;
			children = (
				4EAC05262B6B9C5400CCAD89 /* _th_2Tests.swift */,
			);
			path = 6th_2Tests;
			sourceTree = "<group>";
		};
		4EAC052F2B6B9C5400CCAD89 /* 6th_2UITests */ = {
			isa = PBXGroup;
			children = (
				4EAC05302B6B9C5400CCAD89 /* _th_2UITests.swift */,
				4EAC05322B6B9C5400CCAD89 /* _th_2UITestsLaunchTests.swift */,
			);
			path = 6th_2UITests;
			sourceTree = "<group>";
		};
/* End PBXGroup section */

/* Begin PBXNativeTarget section */
		4EAC05112B6B9C5100CCAD89 /* 6th_2 */ = {
			isa = PBXNativeTarget;
			buildConfigurationList = 4EAC05362B6B9C5400CCAD89 /* Build configuration list for PBXNativeTarget "6th_2" */;
			buildPhases = (
				4EAC050E2B6B9C5100CCAD89 /* Sources */,
				4EAC050F2B6B9C5100CCAD89 /* Frameworks */,
				4EAC05102B6B9C5100CCAD89 /* Resources */,
			);
			buildRules = (
			);
			dependencies = (
			);
			name = 6th_2;
			productName = 6th_2;
			productReference = 4EAC05122B6B9C5100CCAD89 /* 6th_2.app */;
			productType = "com.apple.product-type.application";
		};
		4EAC05212B6B9C5400CCAD89 /* 6th_2Tests */ = {
			isa = PBXNativeTarget;
			buildConfigurationList = 4EAC05392B6B9C5400CCAD89 /* Build configuration list for PBXNativeTarget "6th_2Tests" */;
			buildPhases = (
				4EAC051E2B6B9C5400CCAD89 /* Sources */,
				4EAC051F2B6B9C5400CCAD89 /* Frameworks */,
				4EAC05202B6B9C5400CCAD89 /* Resources */,
			);
			buildRules = (
			);
			dependencies = (
				4EAC05242B6B9C5400CCAD89 /* PBXTargetDependency */,
			);
			name = 6th_2Tests;
			productName = 6th_2Tests;
			productReference = 4EAC05222B6B9C5400CCAD89 /* 6th_2Tests.xctest */;
			productType = "com.apple.product-type.bundle.unit-test";
		};
		4EAC052B2B6B9C5400CCAD89 /* 6th_2UITests */ = {
			isa = PBXNativeTarget;
			buildConfigurationList = 4EAC053C2B6B9C5400CCAD89 /* Build configuration list for PBXNativeTarget "6th_2UITests" */;
			buildPhases = (
				4EAC05282B6B9C5400CCAD89 /* Sources */,
				4EAC05292B6B9C5400CCAD89 /* Frameworks */,
				4EAC052A2B6B9C5400CCAD89 /* Resources */,
			);
			buildRules = (
			);
			dependencies = (
				4EAC052E2B6B9C5400CCAD89 /* PBXTargetDependency */,
			);
			name = 6th_2UITests;
			productName = 6th_2UITests;
			productReference = 4EAC052C2B6B9C5400CCAD89 /* 6th_2UITests.xctest */;
			productType = "com.apple.product-type.bundle.ui-testing";
		};
/* End PBXNativeTarget section */

/* Begin PBXProject section */
		4EAC050A2B6B9C5100CCAD89 /* Project object */ = {
			isa = PBXProject;
			attributes = {
				BuildIndependentTargetsInParallel = 1;
				LastSwiftUpdateCheck = 1510;
				LastUpgradeCheck = 1510;
				TargetAttributes = {
					4EAC05112B6B9C5100CCAD89 = {
						CreatedOnToolsVersion = 15.1;
					};
					4EAC05212B6B9C5400CCAD89 = {
						CreatedOnToolsVersion = 15.1;
						TestTargetID = 4EAC05112B6B9C5100CCAD89;
					};
					4EAC052B2B6B9C5400CCAD89 = {
						CreatedOnToolsVersion = 15.1;
						TestTargetID = 4EAC05112B6B9C5100CCAD89;
					};
				};
			};
			buildConfigurationList = 4EAC050D2B6B9C5100CCAD89 /* Build configuration list for PBXProject "6th_2" */;
			compatibilityVersion = "Xcode 14.0";
			developmentRegion = en;
			hasScannedForEncodings = 0;
			knownRegions = (
				en,
				Base,
			);
			mainGroup = 4EAC05092B6B9C5100CCAD89;
			productRefGroup = 4EAC05132B6B9C5100CCAD89 /* Products */;
			projectDirPath = "";
			projectRoot = "";
			targets = (
				4EAC05112B6B9C5100CCAD89 /* 6th_2 */,
				4EAC05212B6B9C5400CCAD89 /* 6th_2Tests */,
				4EAC052B2B6B9C5400CCAD89 /* 6th_2UITests */,
			);
		};
/* End PBXProject section */

/* Begin PBXResourcesBuildPhase section */
		4EAC05102B6B9C5100CCAD89 /* Resources */ = {
			isa = PBXResourcesBuildPhase;
			buildActionMask = 2147483647;
			files = (
				4EAC051D2B6B9C5400CCAD89 /* Preview Assets.xcassets in Resources */,
				4EAC051A2B6B9C5400CCAD89 /* Assets.xcassets in Resources */,
			);
			runOnlyForDeploymentPostprocessing = 0;
		};
		4EAC05202B6B9C5400CCAD89 /* Resources */ = {
			isa = PBXResourcesBuildPhase;
			buildActionMask = 2147483647;
			files = (
			);
			runOnlyForDeploymentPostprocessing = 0;
		};
		4EAC052A2B6B9C5400CCAD89 /* Resources */ = {
			isa = PBXResourcesBuildPhase;
			buildActionMask = 2147483647;
			files = (
			);
			runOnlyForDeploymentPostprocessing = 0;
		};
/* End PBXResourcesBuildPhase section */

/* Begin PBXSourcesBuildPhase section */
		4EAC050E2B6B9C5100CCAD89 /* Sources */ = {
			isa = PBXSourcesBuildPhase;
			buildActionMask = 2147483647;
			files = (
				4EAC05182B6B9C5100CCAD89 /* ContentView.swift in Sources */,
				4EAC05162B6B9C5100CCAD89 /* _th_2App.swift in Sources */,
			);
			runOnlyForDeploymentPostprocessing = 0;
		};
		4EAC051E2B6B9C5400CCAD89 /* Sources */ = {
			isa = PBXSourcesBuildPhase;
			buildActionMask = 2147483647;
			files = (
				4EAC05272B6B9C5400CCAD89 /* _th_2Tests.swift in Sources */,
			);
			runOnlyForDeploymentPostprocessing = 0;
		};
		4EAC05282B6B9C5400CCAD89 /* Sources */ = {
			isa = PBXSourcesBuildPhase;
			buildActionMask = 2147483647;
			files = (
				4EAC05312B6B9C5400CCAD89 /* _th_2UITests.swift in Sources */,
				4EAC05332B6B9C5400CCAD89 /* _th_2UITestsLaunchTests.swift in Sources */,
			);
			runOnlyForDeploymentPostprocessing = 0;
		};
/* End PBXSourcesBuildPhase section */

/* Begin PBXTargetDependency section */
		4EAC05242B6B9C5400CCAD89 /* PBXTargetDependency */ = {
			isa = PBXTargetDependency;
			target = 4EAC05112B6B9C5100CCAD89 /* 6th_2 */;
			targetProxy = 4EAC05232B6B9C5400CCAD89 /* PBXContainerItemProxy */;
		};
		4EAC052E2B6B9C5400CCAD89 /* PBXTargetDependency */ = {
			isa = PBXTargetDependency;
			target = 4EAC05112B6B9C5100CCAD89 /* 6th_2 */;
			targetProxy = 4EAC052D2B6B9C5400CCAD89 /* PBXContainerItemProxy */;
		};
/* End PBXTargetDependency section */

/* Begin XCBuildConfiguration section */
		4EAC05342B6B9C5400CCAD89 /* Debug */ = {
			isa = XCBuildConfiguration;
			buildSettings = {
				ALWAYS_SEARCH_USER_PATHS = NO;
				ASSETCATALOG_COMPILER_GENERATE_SWIFT_ASSET_SYMBOL_EXTENSIONS = YES;
				CLANG_ANALYZER_NONNULL = YES;
				CLANG_ANALYZER_NUMBER_OBJECT_CONVERSION = YES_AGGRESSIVE;
				CLANG_CXX_LANGUAGE_STANDARD = "gnu++20";
				CLANG_ENABLE_MODULES = YES;
				CLANG_ENABLE_OBJC_ARC = YES;
				CLANG_ENABLE_OBJC_WEAK = YES;
				CLANG_WARN_BLOCK_CAPTURE_AUTORELEASING = YES;
				CLANG_WARN_BOOL_CONVERSION = YES;
				CLANG_WARN_COMMA = YES;
				CLANG_WARN_CONSTANT_CONVERSION = YES;
				CLANG_WARN_DEPRECATED_OBJC_IMPLEMENTATIONS = YES;
				CLANG_WARN_DIRECT_OBJC_ISA_USAGE = YES_ERROR;
				CLANG_WARN_DOCUMENTATION_COMMENTS = YES;
				CLANG_WARN_EMPTY_BODY = YES;
				CLANG_WARN_ENUM_CONVERSION = YES;
				CLANG_WARN_INFINITE_RECURSION = YES;
				CLANG_WARN_INT_CONVERSION = YES;
				CLANG_WARN_NON_LITERAL_NULL_CONVERSION = YES;
				CLANG_WARN_OBJC_IMPLICIT_RETAIN_SELF = YES;
				CLANG_WARN_OBJC_LITERAL_CONVERSION = YES;
				CLANG_WARN_OBJC_ROOT_CLASS = YES_ERROR;
				CLANG_WARN_QUOTED_INCLUDE_IN_FRAMEWORK_HEADER = YES;
				CLANG_WARN_RANGE_LOOP_ANALYSIS = YES;
				CLANG_WARN_STRICT_PROTOTYPES = YES;
				CLANG_WARN_SUSPICIOUS_MOVE = YES;
				CLANG_WARN_UNGUARDED_AVAILABILITY = YES_AGGRESSIVE;
				CLANG_WARN_UNREACHABLE_CODE = YES;
				CLANG_WARN__DUPLICATE_METHOD_MATCH = YES;
				COPY_PHASE_STRIP = NO;
				DEBUG_INFORMATION_FORMAT = dwarf;
				ENABLE_STRICT_OBJC_MSGSEND = YES;
				ENABLE_TESTABILITY = YES;
				ENABLE_USER_SCRIPT_SANDBOXING = YES;
				GCC_C_LANGUAGE_STANDARD = gnu17;
				GCC_DYNAMIC_NO_PIC = NO;
				GCC_NO_COMMON_BLOCKS = YES;
				GCC_OPTIMIZATION_LEVEL = 0;
				GCC_PREPROCESSOR_DEFINITIONS = (
					"DEBUG=1",
					"$(inherited)",
				);
				GCC_WARN_64_TO_32_BIT_CONVERSION = YES;
				GCC_WARN_ABOUT_RETURN_TYPE = YES_ERROR;
				GCC_WARN_UNDECLARED_SELECTOR = YES;
				GCC_WARN_UNINITIALIZED_AUTOS = YES_AGGRESSIVE;
				GCC_WARN_UNUSED_FUNCTION = YES;
				GCC_WARN_UNUSED_VARIABLE = YES;
				IPHONEOS_DEPLOYMENT_TARGET = 17.2;
				LOCALIZATION_PREFERS_STRING_CATALOGS = YES;
				MTL_ENABLE_DEBUG_INFO = INCLUDE_SOURCE;
				MTL_FAST_MATH = YES;
				ONLY_ACTIVE_ARCH = YES;
				SDKROOT = iphoneos;
				SWIFT_ACTIVE_COMPILATION_CONDITIONS = "DEBUG $(inherited)";
				SWIFT_OPTIMIZATION_LEVEL = "-Onone";
			};
			name = Debug;
		};
		4EAC05352B6B9C5400CCAD89 /* Release */ = {
			isa = XCBuildConfiguration;
			buildSettings = {
				ALWAYS_SEARCH_USER_PATHS = NO;
				ASSETCATALOG_COMPILER_GENERATE_SWIFT_ASSET_SYMBOL_EXTENSIONS = YES;
				CLANG_ANALYZER_NONNULL = YES;
				CLANG_ANALYZER_NUMBER_OBJECT_CONVERSION = YES_AGGRESSIVE;
				CLANG_CXX_LANGUAGE_STANDARD = "gnu++20";
				CLANG_ENABLE_MODULES = YES;
				CLANG_ENABLE_OBJC_ARC = YES;
				CLANG_ENABLE_OBJC_WEAK = YES;
				CLANG_WARN_BLOCK_CAPTURE_AUTORELEASING = YES;
				CLANG_WARN_BOOL_CONVERSION = YES;
				CLANG_WARN_COMMA = YES;
				CLANG_WARN_CONSTANT_CONVERSION = YES;
				CLANG_WARN_DEPRECATED_OBJC_IMPLEMENTATIONS = YES;
				CLANG_WARN_DIRECT_OBJC_ISA_USAGE = YES_ERROR;
				CLANG_WARN_DOCUMENTATION_COMMENTS = YES;
				CLANG_WARN_EMPTY_BODY = YES;
				CLANG_WARN_ENUM_CONVERSION = YES;
				CLANG_WARN_INFINITE_RECURSION = YES;
				CLANG_WARN_INT_CONVERSION = YES;
				CLANG_WARN_NON_LITERAL_NULL_CONVERSION = YES;
				CLANG_WARN_OBJC_IMPLICIT_RETAIN_SELF = YES;
				CLANG_WARN_OBJC_LITERAL_CONVERSION = YES;
				CLANG_WARN_OBJC_ROOT_CLASS = YES_ERROR;
				CLANG_WARN_QUOTED_INCLUDE_IN_FRAMEWORK_HEADER = YES;
				CLANG_WARN_RANGE_LOOP_ANALYSIS = YES;
				CLANG_WARN_STRICT_PROTOTYPES = YES;
				CLANG_WARN_SUSPICIOUS_MOVE = YES;
				CLANG_WARN_UNGUARDED_AVAILABILITY = YES_AGGRESSIVE;
				CLANG_WARN_UNREACHABLE_CODE = YES;
				CLANG_WARN__DUPLICATE_METHOD_MATCH = YES;
				COPY_PHASE_STRIP = NO;
				DEBUG_INFORMATION_FORMAT = "dwarf-with-dsym";
				ENABLE_NS_ASSERTIONS = NO;
				ENABLE_STRICT_OBJC_MSGSEND = YES;
				ENABLE_USER_SCRIPT_SANDBOXING = YES;
				GCC_C_LANGUAGE_STANDARD = gnu17;
				GCC_NO_COMMON_BLOCKS = YES;
				GCC_WARN_64_TO_32_BIT_CONVERSION = YES;
				GCC_WARN_ABOUT_RETURN_TYPE = YES_ERROR;
				GCC_WARN_UNDECLARED_SELECTOR = YES;
				GCC_WARN_UNINITIALIZED_AUTOS = YES_AGGRESSIVE;
				GCC_WARN_UNUSED_FUNCTION = YES;
				GCC_WARN_UNUSED_VARIABLE = YES;
				IPHONEOS_DEPLOYMENT_TARGET = 17.2;
				LOCALIZATION_PREFERS_STRING_CATALOGS = YES;
				MTL_ENABLE_DEBUG_INFO = NO;
				MTL_FAST_MATH = YES;
				SDKROOT = iphoneos;
				SWIFT_COMPILATION_MODE = wholemodule;
				VALIDATE_PRODUCT = YES;
			};
			name = Release;
		};
		4EAC05372B6B9C5400CCAD89 /* Debug */ = {
			isa = XCBuildConfiguration;
			buildSettings = {
				ASSETCATALOG_COMPILER_APPICON_NAME = AppIcon;
				ASSETCATALOG_COMPILER_GLOBAL_ACCENT_COLOR_NAME = AccentColor;
				CODE_SIGN_STYLE = Automatic;
				CURRENT_PROJECT_VERSION = 1;
				DEVELOPMENT_ASSET_PATHS = "\"6th_2/Preview Content\"";
				ENABLE_PREVIEWS = YES;
				GENERATE_INFOPLIST_FILE = YES;
				INFOPLIST_KEY_UIApplicationSceneManifest_Generation = YES;
				INFOPLIST_KEY_UIApplicationSupportsIndirectInputEvents = YES;
				INFOPLIST_KEY_UILaunchScreen_Generation = YES;
				INFOPLIST_KEY_UISupportedInterfaceOrientations_iPad = "UIInterfaceOrientationPortrait UIInterfaceOrientationPortraitUpsideDown UIInterfaceOrientationLandscapeLeft UIInterfaceOrientationLandscapeRight";
				INFOPLIST_KEY_UISupportedInterfaceOrientations_iPhone = "UIInterfaceOrientationPortrait UIInterfaceOrientationLandscapeLeft UIInterfaceOrientationLandscapeRight";
				LD_RUNPATH_SEARCH_PATHS = (
					"$(inherited)",
					"@executable_path/Frameworks",
				);
				MARKETING_VERSION = 1.0;
				PRODUCT_BUNDLE_IDENTIFIER = "com.sh.hee.-th-2";
				PRODUCT_NAME = "$(TARGET_NAME)";
				SWIFT_EMIT_LOC_STRINGS = YES;
				SWIFT_VERSION = 5.0;
				TARGETED_DEVICE_FAMILY = "1,2";
			};
			name = Debug;
		};
		4EAC05382B6B9C5400CCAD89 /* Release */ = {
			isa = XCBuildConfiguration;
			buildSettings = {
				ASSETCATALOG_COMPILER_APPICON_NAME = AppIcon;
				ASSETCATALOG_COMPILER_GLOBAL_ACCENT_COLOR_NAME = AccentColor;
				CODE_SIGN_STYLE = Automatic;
				CURRENT_PROJECT_VERSION = 1;
				DEVELOPMENT_ASSET_PATHS = "\"6th_2/Preview Content\"";
				ENABLE_PREVIEWS = YES;
				GENERATE_INFOPLIST_FILE = YES;
				INFOPLIST_KEY_UIApplicationSceneManifest_Generation = YES;
				INFOPLIST_KEY_UIApplicationSupportsIndirectInputEvents = YES;
				INFOPLIST_KEY_UILaunchScreen_Generation = YES;
				INFOPLIST_KEY_UISupportedInterfaceOrientations_iPad = "UIInterfaceOrientationPortrait UIInterfaceOrientationPortraitUpsideDown UIInterfaceOrientationLandscapeLeft UIInterfaceOrientationLandscapeRight";
				INFOPLIST_KEY_UISupportedInterfaceOrientations_iPhone = "UIInterfaceOrientationPortrait UIInterfaceOrientationLandscapeLeft UIInterfaceOrientationLandscapeRight";
				LD_RUNPATH_SEARCH_PATHS = (
					"$(inherited)",
					"@executable_path/Frameworks",
				);
				MARKETING_VERSION = 1.0;
				PRODUCT_BUNDLE_IDENTIFIER = "com.sh.hee.-th-2";
				PRODUCT_NAME = "$(TARGET_NAME)";
				SWIFT_EMIT_LOC_STRINGS = YES;
				SWIFT_VERSION = 5.0;
				TARGETED_DEVICE_FAMILY = "1,2";
			};
			name = Release;
		};
		4EAC053A2B6B9C5400CCAD89 /* Debug */ = {
			isa = XCBuildConfiguration;
			buildSettings = {
				ALWAYS_EMBED_SWIFT_STANDARD_LIBRARIES = YES;
				BUNDLE_LOADER = "$(TEST_HOST)";
				CODE_SIGN_STYLE = Automatic;
				CURRENT_PROJECT_VERSION = 1;
				GENERATE_INFOPLIST_FILE = YES;
				IPHONEOS_DEPLOYMENT_TARGET = 17.2;
				MARKETING_VERSION = 1.0;
				PRODUCT_BUNDLE_IDENTIFIER = "com.sh.hee.-th-2Tests";
				PRODUCT_NAME = "$(TARGET_NAME)";
				SWIFT_EMIT_LOC_STRINGS = NO;
				SWIFT_VERSION = 5.0;
				TARGETED_DEVICE_FAMILY = "1,2";
				TEST_HOST = "$(BUILT_PRODUCTS_DIR)/6th_2.app/$(BUNDLE_EXECUTABLE_FOLDER_PATH)/6th_2";
			};
			name = Debug;
		};
		4EAC053B2B6B9C5400CCAD89 /* Release */ = {
			isa = XCBuildConfiguration;
			buildSettings = {
				ALWAYS_EMBED_SWIFT_STANDARD_LIBRARIES = YES;
				BUNDLE_LOADER = "$(TEST_HOST)";
				CODE_SIGN_STYLE = Automatic;
				CURRENT_PROJECT_VERSION = 1;
				GENERATE_INFOPLIST_FILE = YES;
				IPHONEOS_DEPLOYMENT_TARGET = 17.2;
				MARKETING_VERSION = 1.0;
				PRODUCT_BUNDLE_IDENTIFIER = "com.sh.hee.-th-2Tests";
				PRODUCT_NAME = "$(TARGET_NAME)";
				SWIFT_EMIT_LOC_STRINGS = NO;
				SWIFT_VERSION = 5.0;
				TARGETED_DEVICE_FAMILY = "1,2";
				TEST_HOST = "$(BUILT_PRODUCTS_DIR)/6th_2.app/$(BUNDLE_EXECUTABLE_FOLDER_PATH)/6th_2";
			};
			name = Release;
		};
		4EAC053D2B6B9C5400CCAD89 /* Debug */ = {
			isa = XCBuildConfiguration;
			buildSettings = {
				ALWAYS_EMBED_SWIFT_STANDARD_LIBRARIES = YES;
				CODE_SIGN_STYLE = Automatic;
				CURRENT_PROJECT_VERSION = 1;
				GENERATE_INFOPLIST_FILE = YES;
				MARKETING_VERSION = 1.0;
				PRODUCT_BUNDLE_IDENTIFIER = "com.sh.hee.-th-2UITests";
				PRODUCT_NAME = "$(TARGET_NAME)";
				SWIFT_EMIT_LOC_STRINGS = NO;
				SWIFT_VERSION = 5.0;
				TARGETED_DEVICE_FAMILY = "1,2";
				TEST_TARGET_NAME = 6th_2;
			};
			name = Debug;
		};
		4EAC053E2B6B9C5400CCAD89 /* Release */ = {
			isa = XCBuildConfiguration;
			buildSettings = {
				ALWAYS_EMBED_SWIFT_STANDARD_LIBRARIES = YES;
				CODE_SIGN_STYLE = Automatic;
				CURRENT_PROJECT_VERSION = 1;
				GENERATE_INFOPLIST_FILE = YES;
				MARKETING_VERSION = 1.0;
				PRODUCT_BUNDLE_IDENTIFIER = "com.sh.hee.-th-2UITests";
				PRODUCT_NAME = "$(TARGET_NAME)";
				SWIFT_EMIT_LOC_STRINGS = NO;
				SWIFT_VERSION = 5.0;
				TARGETED_DEVICE_FAMILY = "1,2";
				TEST_TARGET_NAME = 6th_2;
			};
			name = Release;
		};
/* End XCBuildConfiguration section */

/* Begin XCConfigurationList section */
		4EAC050D2B6B9C5100CCAD89 /* Build configuration list for PBXProject "6th_2" */ = {
			isa = XCConfigurationList;
			buildConfigurations = (
				4EAC05342B6B9C5400CCAD89 /* Debug */,
				4EAC05352B6B9C5400CCAD89 /* Release */,
			);
			defaultConfigurationIsVisible = 0;
			defaultConfigurationName = Release;
		};
		4EAC05362B6B9C5400CCAD89 /* Build configuration list for PBXNativeTarget "6th_2" */ = {
			isa = XCConfigurationList;
			buildConfigurations = (
				4EAC05372B6B9C5400CCAD89 /* Debug */,
				4EAC05382B6B9C5400CCAD89 /* Release */,
			);
			defaultConfigurationIsVisible = 0;
			defaultConfigurationName = Release;
		};
		4EAC05392B6B9C5400CCAD89 /* Build configuration list for PBXNativeTarget "6th_2Tests" */ = {
			isa = XCConfigurationList;
			buildConfigurations = (
				4EAC053A2B6B9C5400CCAD89 /* Debug */,
				4EAC053B2B6B9C5400CCAD89 /* Release */,
			);
			defaultConfigurationIsVisible = 0;
			defaultConfigurationName = Release;
		};
		4EAC053C2B6B9C5400CCAD89 /* Build configuration list for PBXNativeTarget "6th_2UITests" */ = {
			isa = XCConfigurationList;
			buildConfigurations = (
				4EAC053D2B6B9C5400CCAD89 /* Debug */,
				4EAC053E2B6B9C5400CCAD89 /* Release */,
			);
			defaultConfigurationIsVisible = 0;
			defaultConfigurationName = Release;
		};
/* End XCConfigurationList section */
	};
	rootObject = 4EAC050A2B6B9C5100CCAD89 /* Project object */;
}
