// !$*UTF8*$!
{
	archiveVersion = 1;
	classes = {
	};
	objectVersion = 56;
	objects = {

/* Begin PBXBuildFile section */
		4E233DF02B4D6CB0007A3F3D /* first_projectApp.swift in Sources */ = {isa = PBXBuildFile; fileRef = 4E233DEF2B4D6CB0007A3F3D /* first_projectApp.swift */; };
		4E233DF22B4D6CB0007A3F3D /* ContentView.swift in Sources */ = {isa = PBXBuildFile; fileRef = 4E233DF12B4D6CB0007A3F3D /* ContentView.swift */; };
		4E233DF42B4D6CB2007A3F3D /* Assets.xcassets in Resources */ = {isa = PBXBuildFile; fileRef = 4E233DF32B4D6CB2007A3F3D /* Assets.xcassets */; };
		4E233DF72B4D6CB2007A3F3D /* Preview Assets.xcassets in Resources */ = {isa = PBXBuildFile; fileRef = 4E233DF62B4D6CB2007A3F3D /* Preview Assets.xcassets */; };
		4E233E012B4D6CB2007A3F3D /* first_projectTests.swift in Sources */ = {isa = PBXBuildFile; fileRef = 4E233E002B4D6CB2007A3F3D /* first_projectTests.swift */; };
		4E233E0B2B4D6CB2007A3F3D /* first_projectUITests.swift in Sources */ = {isa = PBXBuildFile; fileRef = 4E233E0A2B4D6CB2007A3F3D /* first_projectUITests.swift */; };
		4E233E0D2B4D6CB2007A3F3D /* first_projectUITestsLaunchTests.swift in Sources */ = {isa = PBXBuildFile; fileRef = 4E233E0C2B4D6CB2007A3F3D /* first_projectUITestsLaunchTests.swift */; };
/* End PBXBuildFile section */

/* Begin PBXContainerItemProxy section */
		4E233DFD2B4D6CB2007A3F3D /* PBXContainerItemProxy */ = {
			isa = PBXContainerItemProxy;
			containerPortal = 4E233DE42B4D6CB0007A3F3D /* Project object */;
			proxyType = 1;
			remoteGlobalIDString = 4E233DEB2B4D6CB0007A3F3D;
			remoteInfo = first_project;
		};
		4E233E072B4D6CB2007A3F3D /* PBXContainerItemProxy */ = {
			isa = PBXContainerItemProxy;
			containerPortal = 4E233DE42B4D6CB0007A3F3D /* Project object */;
			proxyType = 1;
			remoteGlobalIDString = 4E233DEB2B4D6CB0007A3F3D;
			remoteInfo = first_project;
		};
/* End PBXContainerItemProxy section */

/* Begin PBXFileReference section */
		4E233DEC2B4D6CB0007A3F3D /* first_project.app */ = {isa = PBXFileReference; explicitFileType = wrapper.application; includeInIndex = 0; path = first_project.app; sourceTree = BUILT_PRODUCTS_DIR; };
		4E233DEF2B4D6CB0007A3F3D /* first_projectApp.swift */ = {isa = PBXFileReference; lastKnownFileType = sourcecode.swift; path = first_projectApp.swift; sourceTree = "<group>"; };
		4E233DF12B4D6CB0007A3F3D /* ContentView.swift */ = {isa = PBXFileReference; lastKnownFileType = sourcecode.swift; path = ContentView.swift; sourceTree = "<group>"; };
		4E233DF32B4D6CB2007A3F3D /* Assets.xcassets */ = {isa = PBXFileReference; lastKnownFileType = folder.assetcatalog; path = Assets.xcassets; sourceTree = "<group>"; };
		4E233DF62B4D6CB2007A3F3D /* Preview Assets.xcassets */ = {isa = PBXFileReference; lastKnownFileType = folder.assetcatalog; path = "Preview Assets.xcassets"; sourceTree = "<group>"; };
		4E233DFC2B4D6CB2007A3F3D /* first_projectTests.xctest */ = {isa = PBXFileReference; explicitFileType = wrapper.cfbundle; includeInIndex = 0; path = first_projectTests.xctest; sourceTree = BUILT_PRODUCTS_DIR; };
		4E233E002B4D6CB2007A3F3D /* first_projectTests.swift */ = {isa = PBXFileReference; lastKnownFileType = sourcecode.swift; path = first_projectTests.swift; sourceTree = "<group>"; };
		4E233E062B4D6CB2007A3F3D /* first_projectUITests.xctest */ = {isa = PBXFileReference; explicitFileType = wrapper.cfbundle; includeInIndex = 0; path = first_projectUITests.xctest; sourceTree = BUILT_PRODUCTS_DIR; };
		4E233E0A2B4D6CB2007A3F3D /* first_projectUITests.swift */ = {isa = PBXFileReference; lastKnownFileType = sourcecode.swift; path = first_projectUITests.swift; sourceTree = "<group>"; };
		4E233E0C2B4D6CB2007A3F3D /* first_projectUITestsLaunchTests.swift */ = {isa = PBXFileReference; lastKnownFileType = sourcecode.swift; path = first_projectUITestsLaunchTests.swift; sourceTree = "<group>"; };
/* End PBXFileReference section */

/* Begin PBXFrameworksBuildPhase section */
		4E233DE92B4D6CB0007A3F3D /* Frameworks */ = {
			isa = PBXFrameworksBuildPhase;
			buildActionMask = 2147483647;
			files = (
			);
			runOnlyForDeploymentPostprocessing = 0;
		};
		4E233DF92B4D6CB2007A3F3D /* Frameworks */ = {
			isa = PBXFrameworksBuildPhase;
			buildActionMask = 2147483647;
			files = (
			);
			runOnlyForDeploymentPostprocessing = 0;
		};
		4E233E032B4D6CB2007A3F3D /* Frameworks */ = {
			isa = PBXFrameworksBuildPhase;
			buildActionMask = 2147483647;
			files = (
			);
			runOnlyForDeploymentPostprocessing = 0;
		};
/* End PBXFrameworksBuildPhase section */

/* Begin PBXGroup section */
		4E233DE32B4D6CB0007A3F3D = {
			isa = PBXGroup;
			children = (
				4E233DEE2B4D6CB0007A3F3D /* first_project */,
				4E233DFF2B4D6CB2007A3F3D /* first_projectTests */,
				4E233E092B4D6CB2007A3F3D /* first_projectUITests */,
				4E233DED2B4D6CB0007A3F3D /* Products */,
			);
			sourceTree = "<group>";
		};
		4E233DED2B4D6CB0007A3F3D /* Products */ = {
			isa = PBXGroup;
			children = (
				4E233DEC2B4D6CB0007A3F3D /* first_project.app */,
				4E233DFC2B4D6CB2007A3F3D /* first_projectTests.xctest */,
				4E233E062B4D6CB2007A3F3D /* first_projectUITests.xctest */,
			);
			name = Products;
			sourceTree = "<group>";
		};
		4E233DEE2B4D6CB0007A3F3D /* first_project */ = {
			isa = PBXGroup;
			children = (
				4E233DEF2B4D6CB0007A3F3D /* first_projectApp.swift */,
				4E233DF12B4D6CB0007A3F3D /* ContentView.swift */,
				4E233DF32B4D6CB2007A3F3D /* Assets.xcassets */,
				4E233DF52B4D6CB2007A3F3D /* Preview Content */,
			);
			path = first_project;
			sourceTree = "<group>";
		};
		4E233DF52B4D6CB2007A3F3D /* Preview Content */ = {
			isa = PBXGroup;
			children = (
				4E233DF62B4D6CB2007A3F3D /* Preview Assets.xcassets */,
			);
			path = "Preview Content";
			sourceTree = "<group>";
		};
		4E233DFF2B4D6CB2007A3F3D /* first_projectTests */ = {
			isa = PBXGroup;
			children = (
				4E233E002B4D6CB2007A3F3D /* first_projectTests.swift */,
			);
			path = first_projectTests;
			sourceTree = "<group>";
		};
		4E233E092B4D6CB2007A3F3D /* first_projectUITests */ = {
			isa = PBXGroup;
			children = (
				4E233E0A2B4D6CB2007A3F3D /* first_projectUITests.swift */,
				4E233E0C2B4D6CB2007A3F3D /* first_projectUITestsLaunchTests.swift */,
			);
			path = first_projectUITests;
			sourceTree = "<group>";
		};
/* End PBXGroup section */

/* Begin PBXNativeTarget section */
		4E233DEB2B4D6CB0007A3F3D /* first_project */ = {
			isa = PBXNativeTarget;
			buildConfigurationList = 4E233E102B4D6CB2007A3F3D /* Build configuration list for PBXNativeTarget "first_project" */;
			buildPhases = (
				4E233DE82B4D6CB0007A3F3D /* Sources */,
				4E233DE92B4D6CB0007A3F3D /* Frameworks */,
				4E233DEA2B4D6CB0007A3F3D /* Resources */,
			);
			buildRules = (
			);
			dependencies = (
			);
			name = first_project;
			productName = first_project;
			productReference = 4E233DEC2B4D6CB0007A3F3D /* first_project.app */;
			productType = "com.apple.product-type.application";
		};
		4E233DFB2B4D6CB2007A3F3D /* first_projectTests */ = {
			isa = PBXNativeTarget;
			buildConfigurationList = 4E233E132B4D6CB2007A3F3D /* Build configuration list for PBXNativeTarget "first_projectTests" */;
			buildPhases = (
				4E233DF82B4D6CB2007A3F3D /* Sources */,
				4E233DF92B4D6CB2007A3F3D /* Frameworks */,
				4E233DFA2B4D6CB2007A3F3D /* Resources */,
			);
			buildRules = (
			);
			dependencies = (
				4E233DFE2B4D6CB2007A3F3D /* PBXTargetDependency */,
			);
			name = first_projectTests;
			productName = first_projectTests;
			productReference = 4E233DFC2B4D6CB2007A3F3D /* first_projectTests.xctest */;
			productType = "com.apple.product-type.bundle.unit-test";
		};
		4E233E052B4D6CB2007A3F3D /* first_projectUITests */ = {
			isa = PBXNativeTarget;
			buildConfigurationList = 4E233E162B4D6CB2007A3F3D /* Build configuration list for PBXNativeTarget "first_projectUITests" */;
			buildPhases = (
				4E233E022B4D6CB2007A3F3D /* Sources */,
				4E233E032B4D6CB2007A3F3D /* Frameworks */,
				4E233E042B4D6CB2007A3F3D /* Resources */,
			);
			buildRules = (
			);
			dependencies = (
				4E233E082B4D6CB2007A3F3D /* PBXTargetDependency */,
			);
			name = first_projectUITests;
			productName = first_projectUITests;
			productReference = 4E233E062B4D6CB2007A3F3D /* first_projectUITests.xctest */;
			productType = "com.apple.product-type.bundle.ui-testing";
		};
/* End PBXNativeTarget section */

/* Begin PBXProject section */
		4E233DE42B4D6CB0007A3F3D /* Project object */ = {
			isa = PBXProject;
			attributes = {
				BuildIndependentTargetsInParallel = 1;
				LastSwiftUpdateCheck = 1510;
				LastUpgradeCheck = 1510;
				TargetAttributes = {
					4E233DEB2B4D6CB0007A3F3D = {
						CreatedOnToolsVersion = 15.1;
					};
					4E233DFB2B4D6CB2007A3F3D = {
						CreatedOnToolsVersion = 15.1;
						TestTargetID = 4E233DEB2B4D6CB0007A3F3D;
					};
					4E233E052B4D6CB2007A3F3D = {
						CreatedOnToolsVersion = 15.1;
						TestTargetID = 4E233DEB2B4D6CB0007A3F3D;
					};
				};
			};
			buildConfigurationList = 4E233DE72B4D6CB0007A3F3D /* Build configuration list for PBXProject "first_project" */;
			compatibilityVersion = "Xcode 14.0";
			developmentRegion = en;
			hasScannedForEncodings = 0;
			knownRegions = (
				en,
				Base,
			);
			mainGroup = 4E233DE32B4D6CB0007A3F3D;
			productRefGroup = 4E233DED2B4D6CB0007A3F3D /* Products */;
			projectDirPath = "";
			projectRoot = "";
			targets = (
				4E233DEB2B4D6CB0007A3F3D /* first_project */,
				4E233DFB2B4D6CB2007A3F3D /* first_projectTests */,
				4E233E052B4D6CB2007A3F3D /* first_projectUITests */,
			);
		};
/* End PBXProject section */

/* Begin PBXResourcesBuildPhase section */
		4E233DEA2B4D6CB0007A3F3D /* Resources */ = {
			isa = PBXResourcesBuildPhase;
			buildActionMask = 2147483647;
			files = (
				4E233DF72B4D6CB2007A3F3D /* Preview Assets.xcassets in Resources */,
				4E233DF42B4D6CB2007A3F3D /* Assets.xcassets in Resources */,
			);
			runOnlyForDeploymentPostprocessing = 0;
		};
		4E233DFA2B4D6CB2007A3F3D /* Resources */ = {
			isa = PBXResourcesBuildPhase;
			buildActionMask = 2147483647;
			files = (
			);
			runOnlyForDeploymentPostprocessing = 0;
		};
		4E233E042B4D6CB2007A3F3D /* Resources */ = {
			isa = PBXResourcesBuildPhase;
			buildActionMask = 2147483647;
			files = (
			);
			runOnlyForDeploymentPostprocessing = 0;
		};
/* End PBXResourcesBuildPhase section */

/* Begin PBXSourcesBuildPhase section */
		4E233DE82B4D6CB0007A3F3D /* Sources */ = {
			isa = PBXSourcesBuildPhase;
			buildActionMask = 2147483647;
			files = (
				4E233DF22B4D6CB0007A3F3D /* ContentView.swift in Sources */,
				4E233DF02B4D6CB0007A3F3D /* first_projectApp.swift in Sources */,
			);
			runOnlyForDeploymentPostprocessing = 0;
		};
		4E233DF82B4D6CB2007A3F3D /* Sources */ = {
			isa = PBXSourcesBuildPhase;
			buildActionMask = 2147483647;
			files = (
				4E233E012B4D6CB2007A3F3D /* first_projectTests.swift in Sources */,
			);
			runOnlyForDeploymentPostprocessing = 0;
		};
		4E233E022B4D6CB2007A3F3D /* Sources */ = {
			isa = PBXSourcesBuildPhase;
			buildActionMask = 2147483647;
			files = (
				4E233E0B2B4D6CB2007A3F3D /* first_projectUITests.swift in Sources */,
				4E233E0D2B4D6CB2007A3F3D /* first_projectUITestsLaunchTests.swift in Sources */,
			);
			runOnlyForDeploymentPostprocessing = 0;
		};
/* End PBXSourcesBuildPhase section */

/* Begin PBXTargetDependency section */
		4E233DFE2B4D6CB2007A3F3D /* PBXTargetDependency */ = {
			isa = PBXTargetDependency;
			target = 4E233DEB2B4D6CB0007A3F3D /* first_project */;
			targetProxy = 4E233DFD2B4D6CB2007A3F3D /* PBXContainerItemProxy */;
		};
		4E233E082B4D6CB2007A3F3D /* PBXTargetDependency */ = {
			isa = PBXTargetDependency;
			target = 4E233DEB2B4D6CB0007A3F3D /* first_project */;
			targetProxy = 4E233E072B4D6CB2007A3F3D /* PBXContainerItemProxy */;
		};
/* End PBXTargetDependency section */

/* Begin XCBuildConfiguration section */
		4E233E0E2B4D6CB2007A3F3D /* Debug */ = {
			isa = XCBuildConfiguration;
			buildSettings = {
				ALWAYS_SEARCH_USER_PATHS = NO;
				ASSETCATALOG_COMPILER_GENERATE_SWIFT_ASSET_SYMBOL_EXTENSIONS = YES;
				CLANG_ANALYZER_NONNULL = YES;
				CLANG_ANALYZER_NUMBER_OBJECT_CONVERSION = YES_AGGRESSIVE;
				CLANG_CXX_LANGUAGE_STANDARD = "gnu++20";
				CLANG_ENABLE_MODULES = YES;
				CLANG_ENABLE_OBJC_ARC = YES;
				CLANG_ENABLE_OBJC_WEAK = YES;
				CLANG_WARN_BLOCK_CAPTURE_AUTORELEASING = YES;
				CLANG_WARN_BOOL_CONVERSION = YES;
				CLANG_WARN_COMMA = YES;
				CLANG_WARN_CONSTANT_CONVERSION = YES;
				CLANG_WARN_DEPRECATED_OBJC_IMPLEMENTATIONS = YES;
				CLANG_WARN_DIRECT_OBJC_ISA_USAGE = YES_ERROR;
				CLANG_WARN_DOCUMENTATION_COMMENTS = YES;
				CLANG_WARN_EMPTY_BODY = YES;
				CLANG_WARN_ENUM_CONVERSION = YES;
				CLANG_WARN_INFINITE_RECURSION = YES;
				CLANG_WARN_INT_CONVERSION = YES;
				CLANG_WARN_NON_LITERAL_NULL_CONVERSION = YES;
				CLANG_WARN_OBJC_IMPLICIT_RETAIN_SELF = YES;
				CLANG_WARN_OBJC_LITERAL_CONVERSION = YES;
				CLANG_WARN_OBJC_ROOT_CLASS = YES_ERROR;
				CLANG_WARN_QUOTED_INCLUDE_IN_FRAMEWORK_HEADER = YES;
				CLANG_WARN_RANGE_LOOP_ANALYSIS = YES;
				CLANG_WARN_STRICT_PROTOTYPES = YES;
				CLANG_WARN_SUSPICIOUS_MOVE = YES;
				CLANG_WARN_UNGUARDED_AVAILABILITY = YES_AGGRESSIVE;
				CLANG_WARN_UNREACHABLE_CODE = YES;
				CLANG_WARN__DUPLICATE_METHOD_MATCH = YES;
				COPY_PHASE_STRIP = NO;
				DEBUG_INFORMATION_FORMAT = dwarf;
				ENABLE_STRICT_OBJC_MSGSEND = YES;
				ENABLE_TESTABILITY = YES;
				ENABLE_USER_SCRIPT_SANDBOXING = YES;
				GCC_C_LANGUAGE_STANDARD = gnu17;
				GCC_DYNAMIC_NO_PIC = NO;
				GCC_NO_COMMON_BLOCKS = YES;
				GCC_OPTIMIZATION_LEVEL = 0;
				GCC_PREPROCESSOR_DEFINITIONS = (
					"DEBUG=1",
					"$(inherited)",
				);
				GCC_WARN_64_TO_32_BIT_CONVERSION = YES;
				GCC_WARN_ABOUT_RETURN_TYPE = YES_ERROR;
				GCC_WARN_UNDECLARED_SELECTOR = YES;
				GCC_WARN_UNINITIALIZED_AUTOS = YES_AGGRESSIVE;
				GCC_WARN_UNUSED_FUNCTION = YES;
				GCC_WARN_UNUSED_VARIABLE = YES;
				IPHONEOS_DEPLOYMENT_TARGET = 17.2;
				LOCALIZATION_PREFERS_STRING_CATALOGS = YES;
				MTL_ENABLE_DEBUG_INFO = INCLUDE_SOURCE;
				MTL_FAST_MATH = YES;
				ONLY_ACTIVE_ARCH = YES;
				SDKROOT = iphoneos;
				SWIFT_ACTIVE_COMPILATION_CONDITIONS = "DEBUG $(inherited)";
				SWIFT_OPTIMIZATION_LEVEL = "-Onone";
			};
			name = Debug;
		};
		4E233E0F2B4D6CB2007A3F3D /* Release */ = {
			isa = XCBuildConfiguration;
			buildSettings = {
				ALWAYS_SEARCH_USER_PATHS = NO;
				ASSETCATALOG_COMPILER_GENERATE_SWIFT_ASSET_SYMBOL_EXTENSIONS = YES;
				CLANG_ANALYZER_NONNULL = YES;
				CLANG_ANALYZER_NUMBER_OBJECT_CONVERSION = YES_AGGRESSIVE;
				CLANG_CXX_LANGUAGE_STANDARD = "gnu++20";
				CLANG_ENABLE_MODULES = YES;
				CLANG_ENABLE_OBJC_ARC = YES;
				CLANG_ENABLE_OBJC_WEAK = YES;
				CLANG_WARN_BLOCK_CAPTURE_AUTORELEASING = YES;
				CLANG_WARN_BOOL_CONVERSION = YES;
				CLANG_WARN_COMMA = YES;
				CLANG_WARN_CONSTANT_CONVERSION = YES;
				CLANG_WARN_DEPRECATED_OBJC_IMPLEMENTATIONS = YES;
				CLANG_WARN_DIRECT_OBJC_ISA_USAGE = YES_ERROR;
				CLANG_WARN_DOCUMENTATION_COMMENTS = YES;
				CLANG_WARN_EMPTY_BODY = YES;
				CLANG_WARN_ENUM_CONVERSION = YES;
				CLANG_WARN_INFINITE_RECURSION = YES;
				CLANG_WARN_INT_CONVERSION = YES;
				CLANG_WARN_NON_LITERAL_NULL_CONVERSION = YES;
				CLANG_WARN_OBJC_IMPLICIT_RETAIN_SELF = YES;
				CLANG_WARN_OBJC_LITERAL_CONVERSION = YES;
				CLANG_WARN_OBJC_ROOT_CLASS = YES_ERROR;
				CLANG_WARN_QUOTED_INCLUDE_IN_FRAMEWORK_HEADER = YES;
				CLANG_WARN_RANGE_LOOP_ANALYSIS = YES;
				CLANG_WARN_STRICT_PROTOTYPES = YES;
				CLANG_WARN_SUSPICIOUS_MOVE = YES;
				CLANG_WARN_UNGUARDED_AVAILABILITY = YES_AGGRESSIVE;
				CLANG_WARN_UNREACHABLE_CODE = YES;
				CLANG_WARN__DUPLICATE_METHOD_MATCH = YES;
				COPY_PHASE_STRIP = NO;
				DEBUG_INFORMATION_FORMAT = "dwarf-with-dsym";
				ENABLE_NS_ASSERTIONS = NO;
				ENABLE_STRICT_OBJC_MSGSEND = YES;
				ENABLE_USER_SCRIPT_SANDBOXING = YES;
				GCC_C_LANGUAGE_STANDARD = gnu17;
				GCC_NO_COMMON_BLOCKS = YES;
				GCC_WARN_64_TO_32_BIT_CONVERSION = YES;
				GCC_WARN_ABOUT_RETURN_TYPE = YES_ERROR;
				GCC_WARN_UNDECLARED_SELECTOR = YES;
				GCC_WARN_UNINITIALIZED_AUTOS = YES_AGGRESSIVE;
				GCC_WARN_UNUSED_FUNCTION = YES;
				GCC_WARN_UNUSED_VARIABLE = YES;
				IPHONEOS_DEPLOYMENT_TARGET = 17.2;
				LOCALIZATION_PREFERS_STRING_CATALOGS = YES;
				MTL_ENABLE_DEBUG_INFO = NO;
				MTL_FAST_MATH = YES;
				SDKROOT = iphoneos;
				SWIFT_COMPILATION_MODE = wholemodule;
				VALIDATE_PRODUCT = YES;
			};
			name = Release;
		};
		4E233E112B4D6CB2007A3F3D /* Debug */ = {
			isa = XCBuildConfiguration;
			buildSettings = {
				ASSETCATALOG_COMPILER_APPICON_NAME = AppIcon;
				ASSETCATALOG_COMPILER_GLOBAL_ACCENT_COLOR_NAME = AccentColor;
				CODE_SIGN_STYLE = Automatic;
				CURRENT_PROJECT_VERSION = 1;
				DEVELOPMENT_ASSET_PATHS = "\"first_project/Preview Content\"";
				ENABLE_PREVIEWS = YES;
				GENERATE_INFOPLIST_FILE = YES;
				INFOPLIST_KEY_UIApplicationSceneManifest_Generation = YES;
				INFOPLIST_KEY_UIApplicationSupportsIndirectInputEvents = YES;
				INFOPLIST_KEY_UILaunchScreen_Generation = YES;
				INFOPLIST_KEY_UISupportedInterfaceOrientations_iPad = "UIInterfaceOrientationPortrait UIInterfaceOrientationPortraitUpsideDown UIInterfaceOrientationLandscapeLeft UIInterfaceOrientationLandscapeRight";
				INFOPLIST_KEY_UISupportedInterfaceOrientations_iPhone = "UIInterfaceOrientationPortrait UIInterfaceOrientationLandscapeLeft UIInterfaceOrientationLandscapeRight";
				LD_RUNPATH_SEARCH_PATHS = (
					"$(inherited)",
					"@executable_path/Frameworks",
				);
				MARKETING_VERSION = 1.0;
				PRODUCT_BUNDLE_IDENTIFIER = "com.sh.hee.first-project";
				PRODUCT_NAME = "$(TARGET_NAME)";
				SWIFT_EMIT_LOC_STRINGS = YES;
				SWIFT_VERSION = 5.0;
				TARGETED_DEVICE_FAMILY = "1,2";
			};
			name = Debug;
		};
		4E233E122B4D6CB2007A3F3D /* Release */ = {
			isa = XCBuildConfiguration;
			buildSettings = {
				ASSETCATALOG_COMPILER_APPICON_NAME = AppIcon;
				ASSETCATALOG_COMPILER_GLOBAL_ACCENT_COLOR_NAME = AccentColor;
				CODE_SIGN_STYLE = Automatic;
				CURRENT_PROJECT_VERSION = 1;
				DEVELOPMENT_ASSET_PATHS = "\"first_project/Preview Content\"";
				ENABLE_PREVIEWS = YES;
				GENERATE_INFOPLIST_FILE = YES;
				INFOPLIST_KEY_UIApplicationSceneManifest_Generation = YES;
				INFOPLIST_KEY_UIApplicationSupportsIndirectInputEvents = YES;
				INFOPLIST_KEY_UILaunchScreen_Generation = YES;
				INFOPLIST_KEY_UISupportedInterfaceOrientations_iPad = "UIInterfaceOrientationPortrait UIInterfaceOrientationPortraitUpsideDown UIInterfaceOrientationLandscapeLeft UIInterfaceOrientationLandscapeRight";
				INFOPLIST_KEY_UISupportedInterfaceOrientations_iPhone = "UIInterfaceOrientationPortrait UIInterfaceOrientationLandscapeLeft UIInterfaceOrientationLandscapeRight";
				LD_RUNPATH_SEARCH_PATHS = (
					"$(inherited)",
					"@executable_path/Frameworks",
				);
				MARKETING_VERSION = 1.0;
				PRODUCT_BUNDLE_IDENTIFIER = "com.sh.hee.first-project";
				PRODUCT_NAME = "$(TARGET_NAME)";
				SWIFT_EMIT_LOC_STRINGS = YES;
				SWIFT_VERSION = 5.0;
				TARGETED_DEVICE_FAMILY = "1,2";
			};
			name = Release;
		};
		4E233E142B4D6CB2007A3F3D /* Debug */ = {
			isa = XCBuildConfiguration;
			buildSettings = {
				ALWAYS_EMBED_SWIFT_STANDARD_LIBRARIES = YES;
				BUNDLE_LOADER = "$(TEST_HOST)";
				CODE_SIGN_STYLE = Automatic;
				CURRENT_PROJECT_VERSION = 1;
				GENERATE_INFOPLIST_FILE = YES;
				IPHONEOS_DEPLOYMENT_TARGET = 17.2;
				MARKETING_VERSION = 1.0;
				PRODUCT_BUNDLE_IDENTIFIER = "com.sh.hee.first-projectTests";
				PRODUCT_NAME = "$(TARGET_NAME)";
				SWIFT_EMIT_LOC_STRINGS = NO;
				SWIFT_VERSION = 5.0;
				TARGETED_DEVICE_FAMILY = "1,2";
				TEST_HOST = "$(BUILT_PRODUCTS_DIR)/first_project.app/$(BUNDLE_EXECUTABLE_FOLDER_PATH)/first_project";
			};
			name = Debug;
		};
		4E233E152B4D6CB2007A3F3D /* Release */ = {
			isa = XCBuildConfiguration;
			buildSettings = {
				ALWAYS_EMBED_SWIFT_STANDARD_LIBRARIES = YES;
				BUNDLE_LOADER = "$(TEST_HOST)";
				CODE_SIGN_STYLE = Automatic;
				CURRENT_PROJECT_VERSION = 1;
				GENERATE_INFOPLIST_FILE = YES;
				IPHONEOS_DEPLOYMENT_TARGET = 17.2;
				MARKETING_VERSION = 1.0;
				PRODUCT_BUNDLE_IDENTIFIER = "com.sh.hee.first-projectTests";
				PRODUCT_NAME = "$(TARGET_NAME)";
				SWIFT_EMIT_LOC_STRINGS = NO;
				SWIFT_VERSION = 5.0;
				TARGETED_DEVICE_FAMILY = "1,2";
				TEST_HOST = "$(BUILT_PRODUCTS_DIR)/first_project.app/$(BUNDLE_EXECUTABLE_FOLDER_PATH)/first_project";
			};
			name = Release;
		};
		4E233E172B4D6CB2007A3F3D /* Debug */ = {
			isa = XCBuildConfiguration;
			buildSettings = {
				ALWAYS_EMBED_SWIFT_STANDARD_LIBRARIES = YES;
				CODE_SIGN_STYLE = Automatic;
				CURRENT_PROJECT_VERSION = 1;
				GENERATE_INFOPLIST_FILE = YES;
				MARKETING_VERSION = 1.0;
				PRODUCT_BUNDLE_IDENTIFIER = "com.sh.hee.first-projectUITests";
				PRODUCT_NAME = "$(TARGET_NAME)";
				SWIFT_EMIT_LOC_STRINGS = NO;
				SWIFT_VERSION = 5.0;
				TARGETED_DEVICE_FAMILY = "1,2";
				TEST_TARGET_NAME = first_project;
			};
			name = Debug;
		};
		4E233E182B4D6CB2007A3F3D /* Release */ = {
			isa = XCBuildConfiguration;
			buildSettings = {
				ALWAYS_EMBED_SWIFT_STANDARD_LIBRARIES = YES;
				CODE_SIGN_STYLE = Automatic;
				CURRENT_PROJECT_VERSION = 1;
				GENERATE_INFOPLIST_FILE = YES;
				MARKETING_VERSION = 1.0;
				PRODUCT_BUNDLE_IDENTIFIER = "com.sh.hee.first-projectUITests";
				PRODUCT_NAME = "$(TARGET_NAME)";
				SWIFT_EMIT_LOC_STRINGS = NO;
				SWIFT_VERSION = 5.0;
				TARGETED_DEVICE_FAMILY = "1,2";
				TEST_TARGET_NAME = first_project;
			};
			name = Release;
		};
/* End XCBuildConfiguration section */

/* Begin XCConfigurationList section */
		4E233DE72B4D6CB0007A3F3D /* Build configuration list for PBXProject "first_project" */ = {
			isa = XCConfigurationList;
			buildConfigurations = (
				4E233E0E2B4D6CB2007A3F3D /* Debug */,
				4E233E0F2B4D6CB2007A3F3D /* Release */,
			);
			defaultConfigurationIsVisible = 0;
			defaultConfigurationName = Release;
		};
		4E233E102B4D6CB2007A3F3D /* Build configuration list for PBXNativeTarget "first_project" */ = {
			isa = XCConfigurationList;
			buildConfigurations = (
				4E233E112B4D6CB2007A3F3D /* Debug */,
				4E233E122B4D6CB2007A3F3D /* Release */,
			);
			defaultConfigurationIsVisible = 0;
			defaultConfigurationName = Release;
		};
		4E233E132B4D6CB2007A3F3D /* Build configuration list for PBXNativeTarget "first_projectTests" */ = {
			isa = XCConfigurationList;
			buildConfigurations = (
				4E233E142B4D6CB2007A3F3D /* Debug */,
				4E233E152B4D6CB2007A3F3D /* Release */,
			);
			defaultConfigurationIsVisible = 0;
			defaultConfigurationName = Release;
		};
		4E233E162B4D6CB2007A3F3D /* Build configuration list for PBXNativeTarget "first_projectUITests" */ = {
			isa = XCConfigurationList;
			buildConfigurations = (
				4E233E172B4D6CB2007A3F3D /* Debug */,
				4E233E182B4D6CB2007A3F3D /* Release */,
			);
			defaultConfigurationIsVisible = 0;
			defaultConfigurationName = Release;
		};
/* End XCConfigurationList section */
	};
	rootObject = 4E233DE42B4D6CB0007A3F3D /* Project object */;
}
