// !$*UTF8*$!
{
	archiveVersion = 1;
	classes = {
	};
	objectVersion = 56;
	objects = {

/* Begin PBXBuildFile section */
		4EAC04E02B6B980F00CCAD89 /* _thApp.swift in Sources */ = {isa = PBXBuildFile; fileRef = 4EAC04DF2B6B980F00CCAD89 /* _thApp.swift */; };
		4EAC04E22B6B980F00CCAD89 /* ContentView.swift in Sources */ = {isa = PBXBuildFile; fileRef = 4EAC04E12B6B980F00CCAD89 /* ContentView.swift */; };
		4EAC04E42B6B981000CCAD89 /* Assets.xcassets in Resources */ = {isa = PBXBuildFile; fileRef = 4EAC04E32B6B981000CCAD89 /* Assets.xcassets */; };
		4EAC04E72B6B981000CCAD89 /* Preview Assets.xcassets in Resources */ = {isa = PBXBuildFile; fileRef = 4EAC04E62B6B981000CCAD89 /* Preview Assets.xcassets */; };
		4EAC04F12B6B981000CCAD89 /* _thTests.swift in Sources */ = {isa = PBXBuildFile; fileRef = 4EAC04F02B6B981000CCAD89 /* _thTests.swift */; };
		4EAC04FB2B6B981000CCAD89 /* _thUITests.swift in Sources */ = {isa = PBXBuildFile; fileRef = 4EAC04FA2B6B981000CCAD89 /* _thUITests.swift */; };
		4EAC04FD2B6B981000CCAD89 /* _thUITestsLaunchTests.swift in Sources */ = {isa = PBXBuildFile; fileRef = 4EAC04FC2B6B981000CCAD89 /* _thUITestsLaunchTests.swift */; };
/* End PBXBuildFile section */

/* Begin PBXContainerItemProxy section */
		4EAC04ED2B6B981000CCAD89 /* PBXContainerItemProxy */ = {
			isa = PBXContainerItemProxy;
			containerPortal = 4EAC04D42B6B980F00CCAD89 /* Project object */;
			proxyType = 1;
			remoteGlobalIDString = 4EAC04DB2B6B980F00CCAD89;
			remoteInfo = 6th;
		};
		4EAC04F72B6B981000CCAD89 /* PBXContainerItemProxy */ = {
			isa = PBXContainerItemProxy;
			containerPortal = 4EAC04D42B6B980F00CCAD89 /* Project object */;
			proxyType = 1;
			remoteGlobalIDString = 4EAC04DB2B6B980F00CCAD89;
			remoteInfo = 6th;
		};
/* End PBXContainerItemProxy section */

/* Begin PBXFileReference section */
		4EAC04DC2B6B980F00CCAD89 /* 6th.app */ = {isa = PBXFileReference; explicitFileType = wrapper.application; includeInIndex = 0; path = 6th.app; sourceTree = BUILT_PRODUCTS_DIR; };
		4EAC04DF2B6B980F00CCAD89 /* _thApp.swift */ = {isa = PBXFileReference; lastKnownFileType = sourcecode.swift; path = _thApp.swift; sourceTree = "<group>"; };
		4EAC04E12B6B980F00CCAD89 /* ContentView.swift */ = {isa = PBXFileReference; lastKnownFileType = sourcecode.swift; path = ContentView.swift; sourceTree = "<group>"; };
		4EAC04E32B6B981000CCAD89 /* Assets.xcassets */ = {isa = PBXFileReference; lastKnownFileType = folder.assetcatalog; path = Assets.xcassets; sourceTree = "<group>"; };
		4EAC04E62B6B981000CCAD89 /* Preview Assets.xcassets */ = {isa = PBXFileReference; lastKnownFileType = folder.assetcatalog; path = "Preview Assets.xcassets"; sourceTree = "<group>"; };
		4EAC04EC2B6B981000CCAD89 /* 6thTests.xctest */ = {isa = PBXFileReference; explicitFileType = wrapper.cfbundle; includeInIndex = 0; path = 6thTests.xctest; sourceTree = BUILT_PRODUCTS_DIR; };
		4EAC04F02B6B981000CCAD89 /* _thTests.swift */ = {isa = PBXFileReference; lastKnownFileType = sourcecode.swift; path = _thTests.swift; sourceTree = "<group>"; };
		4EAC04F62B6B981000CCAD89 /* 6thUITests.xctest */ = {isa = PBXFileReference; explicitFileType = wrapper.cfbundle; includeInIndex = 0; path = 6thUITests.xctest; sourceTree = BUILT_PRODUCTS_DIR; };
		4EAC04FA2B6B981000CCAD89 /* _thUITests.swift */ = {isa = PBXFileReference; lastKnownFileType = sourcecode.swift; path = _thUITests.swift; sourceTree = "<group>"; };
		4EAC04FC2B6B981000CCAD89 /* _thUITestsLaunchTests.swift */ = {isa = PBXFileReference; lastKnownFileType = sourcecode.swift; path = _thUITestsLaunchTests.swift; sourceTree = "<group>"; };
/* End PBXFileReference section */

/* Begin PBXFrameworksBuildPhase section */
		4EAC04D92B6B980F00CCAD89 /* Frameworks */ = {
			isa = PBXFrameworksBuildPhase;
			buildActionMask = 2147483647;
			files = (
			);
			runOnlyForDeploymentPostprocessing = 0;
		};
		4EAC04E92B6B981000CCAD89 /* Frameworks */ = {
			isa = PBXFrameworksBuildPhase;
			buildActionMask = 2147483647;
			files = (
			);
			runOnlyForDeploymentPostprocessing = 0;
		};
		4EAC04F32B6B981000CCAD89 /* Frameworks */ = {
			isa = PBXFrameworksBuildPhase;
			buildActionMask = 2147483647;
			files = (
			);
			runOnlyForDeploymentPostprocessing = 0;
		};
/* End PBXFrameworksBuildPhase section */

/* Begin PBXGroup section */
		4EAC04D32B6B980F00CCAD89 = {
			isa = PBXGroup;
			children = (
				4EAC04DE2B6B980F00CCAD89 /* 6th */,
				4EAC04EF2B6B981000CCAD89 /* 6thTests */,
				4EAC04F92B6B981000CCAD89 /* 6thUITests */,
				4EAC04DD2B6B980F00CCAD89 /* Products */,
			);
			sourceTree = "<group>";
		};
		4EAC04DD2B6B980F00CCAD89 /* Products */ = {
			isa = PBXGroup;
			children = (
				4EAC04DC2B6B980F00CCAD89 /* 6th.app */,
				4EAC04EC2B6B981000CCAD89 /* 6thTests.xctest */,
				4EAC04F62B6B981000CCAD89 /* 6thUITests.xctest */,
			);
			name = Products;
			sourceTree = "<group>";
		};
		4EAC04DE2B6B980F00CCAD89 /* 6th */ = {
			isa = PBXGroup;
			children = (
				4EAC04DF2B6B980F00CCAD89 /* _thApp.swift */,
				4EAC04E12B6B980F00CCAD89 /* ContentView.swift */,
				4EAC04E32B6B981000CCAD89 /* Assets.xcassets */,
				4EAC04E52B6B981000CCAD89 /* Preview Content */,
			);
			path = 6th;
			sourceTree = "<group>";
		};
		4EAC04E52B6B981000CCAD89 /* Preview Content */ = {
			isa = PBXGroup;
			children = (
				4EAC04E62B6B981000CCAD89 /* Preview Assets.xcassets */,
			);
			path = "Preview Content";
			sourceTree = "<group>";
		};
		4EAC04EF2B6B981000CCAD89 /* 6thTests */ = {
			isa = PBXGroup;
			children = (
				4EAC04F02B6B981000CCAD89 /* _thTests.swift */,
			);
			path = 6thTests;
			sourceTree = "<group>";
		};
		4EAC04F92B6B981000CCAD89 /* 6thUITests */ = {
			isa = PBXGroup;
			children = (
				4EAC04FA2B6B981000CCAD89 /* _thUITests.swift */,
				4EAC04FC2B6B981000CCAD89 /* _thUITestsLaunchTests.swift */,
			);
			path = 6thUITests;
			sourceTree = "<group>";
		};
/* End PBXGroup section */

/* Begin PBXNativeTarget section */
		4EAC04DB2B6B980F00CCAD89 /* 6th */ = {
			isa = PBXNativeTarget;
			buildConfigurationList = 4EAC05002B6B981000CCAD89 /* Build configuration list for PBXNativeTarget "6th" */;
			buildPhases = (
				4EAC04D82B6B980F00CCAD89 /* Sources */,
				4EAC04D92B6B980F00CCAD89 /* Frameworks */,
				4EAC04DA2B6B980F00CCAD89 /* Resources */,
			);
			buildRules = (
			);
			dependencies = (
			);
			name = 6th;
			productName = 6th;
			productReference = 4EAC04DC2B6B980F00CCAD89 /* 6th.app */;
			productType = "com.apple.product-type.application";
		};
		4EAC04EB2B6B981000CCAD89 /* 6thTests */ = {
			isa = PBXNativeTarget;
			buildConfigurationList = 4EAC05032B6B981000CCAD89 /* Build configuration list for PBXNativeTarget "6thTests" */;
			buildPhases = (
				4EAC04E82B6B981000CCAD89 /* Sources */,
				4EAC04E92B6B981000CCAD89 /* Frameworks */,
				4EAC04EA2B6B981000CCAD89 /* Resources */,
			);
			buildRules = (
			);
			dependencies = (
				4EAC04EE2B6B981000CCAD89 /* PBXTargetDependency */,
			);
			name = 6thTests;
			productName = 6thTests;
			productReference = 4EAC04EC2B6B981000CCAD89 /* 6thTests.xctest */;
			productType = "com.apple.product-type.bundle.unit-test";
		};
		4EAC04F52B6B981000CCAD89 /* 6thUITests */ = {
			isa = PBXNativeTarget;
			buildConfigurationList = 4EAC05062B6B981000CCAD89 /* Build configuration list for PBXNativeTarget "6thUITests" */;
			buildPhases = (
				4EAC04F22B6B981000CCAD89 /* Sources */,
				4EAC04F32B6B981000CCAD89 /* Frameworks */,
				4EAC04F42B6B981000CCAD89 /* Resources */,
			);
			buildRules = (
			);
			dependencies = (
				4EAC04F82B6B981000CCAD89 /* PBXTargetDependency */,
			);
			name = 6thUITests;
			productName = 6thUITests;
			productReference = 4EAC04F62B6B981000CCAD89 /* 6thUITests.xctest */;
			productType = "com.apple.product-type.bundle.ui-testing";
		};
/* End PBXNativeTarget section */

/* Begin PBXProject section */
		4EAC04D42B6B980F00CCAD89 /* Project object */ = {
			isa = PBXProject;
			attributes = {
				BuildIndependentTargetsInParallel = 1;
				LastSwiftUpdateCheck = 1510;
				LastUpgradeCheck = 1510;
				TargetAttributes = {
					4EAC04DB2B6B980F00CCAD89 = {
						CreatedOnToolsVersion = 15.1;
					};
					4EAC04EB2B6B981000CCAD89 = {
						CreatedOnToolsVersion = 15.1;
						TestTargetID = 4EAC04DB2B6B980F00CCAD89;
					};
					4EAC04F52B6B981000CCAD89 = {
						CreatedOnToolsVersion = 15.1;
						TestTargetID = 4EAC04DB2B6B980F00CCAD89;
					};
				};
			};
			buildConfigurationList = 4EAC04D72B6B980F00CCAD89 /* Build configuration list for PBXProject "6th" */;
			compatibilityVersion = "Xcode 14.0";
			developmentRegion = en;
			hasScannedForEncodings = 0;
			knownRegions = (
				en,
				Base,
			);
			mainGroup = 4EAC04D32B6B980F00CCAD89;
			productRefGroup = 4EAC04DD2B6B980F00CCAD89 /* Products */;
			projectDirPath = "";
			projectRoot = "";
			targets = (
				4EAC04DB2B6B980F00CCAD89 /* 6th */,
				4EAC04EB2B6B981000CCAD89 /* 6thTests */,
				4EAC04F52B6B981000CCAD89 /* 6thUITests */,
			);
		};
/* End PBXProject section */

/* Begin PBXResourcesBuildPhase section */
		4EAC04DA2B6B980F00CCAD89 /* Resources */ = {
			isa = PBXResourcesBuildPhase;
			buildActionMask = 2147483647;
			files = (
				4EAC04E72B6B981000CCAD89 /* Preview Assets.xcassets in Resources */,
				4EAC04E42B6B981000CCAD89 /* Assets.xcassets in Resources */,
			);
			runOnlyForDeploymentPostprocessing = 0;
		};
		4EAC04EA2B6B981000CCAD89 /* Resources */ = {
			isa = PBXResourcesBuildPhase;
			buildActionMask = 2147483647;
			files = (
			);
			runOnlyForDeploymentPostprocessing = 0;
		};
		4EAC04F42B6B981000CCAD89 /* Resources */ = {
			isa = PBXResourcesBuildPhase;
			buildActionMask = 2147483647;
			files = (
			);
			runOnlyForDeploymentPostprocessing = 0;
		};
/* End PBXResourcesBuildPhase section */

/* Begin PBXSourcesBuildPhase section */
		4EAC04D82B6B980F00CCAD89 /* Sources */ = {
			isa = PBXSourcesBuildPhase;
			buildActionMask = 2147483647;
			files = (
				4EAC04E22B6B980F00CCAD89 /* ContentView.swift in Sources */,
				4EAC04E02B6B980F00CCAD89 /* _thApp.swift in Sources */,
			);
			runOnlyForDeploymentPostprocessing = 0;
		};
		4EAC04E82B6B981000CCAD89 /* Sources */ = {
			isa = PBXSourcesBuildPhase;
			buildActionMask = 2147483647;
			files = (
				4EAC04F12B6B981000CCAD89 /* _thTests.swift in Sources */,
			);
			runOnlyForDeploymentPostprocessing = 0;
		};
		4EAC04F22B6B981000CCAD89 /* Sources */ = {
			isa = PBXSourcesBuildPhase;
			buildActionMask = 2147483647;
			files = (
				4EAC04FD2B6B981000CCAD89 /* _thUITestsLaunchTests.swift in Sources */,
				4EAC04FB2B6B981000CCAD89 /* _thUITests.swift in Sources */,
			);
			runOnlyForDeploymentPostprocessing = 0;
		};
/* End PBXSourcesBuildPhase section */

/* Begin PBXTargetDependency section */
		4EAC04EE2B6B981000CCAD89 /* PBXTargetDependency */ = {
			isa = PBXTargetDependency;
			target = 4EAC04DB2B6B980F00CCAD89 /* 6th */;
			targetProxy = 4EAC04ED2B6B981000CCAD89 /* PBXContainerItemProxy */;
		};
		4EAC04F82B6B981000CCAD89 /* PBXTargetDependency */ = {
			isa = PBXTargetDependency;
			target = 4EAC04DB2B6B980F00CCAD89 /* 6th */;
			targetProxy = 4EAC04F72B6B981000CCAD89 /* PBXContainerItemProxy */;
		};
/* End PBXTargetDependency section */

/* Begin XCBuildConfiguration section */
		4EAC04FE2B6B981000CCAD89 /* Debug */ = {
			isa = XCBuildConfiguration;
			buildSettings = {
				ALWAYS_SEARCH_USER_PATHS = NO;
				ASSETCATALOG_COMPILER_GENERATE_SWIFT_ASSET_SYMBOL_EXTENSIONS = YES;
				CLANG_ANALYZER_NONNULL = YES;
				CLANG_ANALYZER_NUMBER_OBJECT_CONVERSION = YES_AGGRESSIVE;
				CLANG_CXX_LANGUAGE_STANDARD = "gnu++20";
				CLANG_ENABLE_MODULES = YES;
				CLANG_ENABLE_OBJC_ARC = YES;
				CLANG_ENABLE_OBJC_WEAK = YES;
				CLANG_WARN_BLOCK_CAPTURE_AUTORELEASING = YES;
				CLANG_WARN_BOOL_CONVERSION = YES;
				CLANG_WARN_COMMA = YES;
				CLANG_WARN_CONSTANT_CONVERSION = YES;
				CLANG_WARN_DEPRECATED_OBJC_IMPLEMENTATIONS = YES;
				CLANG_WARN_DIRECT_OBJC_ISA_USAGE = YES_ERROR;
				CLANG_WARN_DOCUMENTATION_COMMENTS = YES;
				CLANG_WARN_EMPTY_BODY = YES;
				CLANG_WARN_ENUM_CONVERSION = YES;
				CLANG_WARN_INFINITE_RECURSION = YES;
				CLANG_WARN_INT_CONVERSION = YES;
				CLANG_WARN_NON_LITERAL_NULL_CONVERSION = YES;
				CLANG_WARN_OBJC_IMPLICIT_RETAIN_SELF = YES;
				CLANG_WARN_OBJC_LITERAL_CONVERSION = YES;
				CLANG_WARN_OBJC_ROOT_CLASS = YES_ERROR;
				CLANG_WARN_QUOTED_INCLUDE_IN_FRAMEWORK_HEADER = YES;
				CLANG_WARN_RANGE_LOOP_ANALYSIS = YES;
				CLANG_WARN_STRICT_PROTOTYPES = YES;
				CLANG_WARN_SUSPICIOUS_MOVE = YES;
				CLANG_WARN_UNGUARDED_AVAILABILITY = YES_AGGRESSIVE;
				CLANG_WARN_UNREACHABLE_CODE = YES;
				CLANG_WARN__DUPLICATE_METHOD_MATCH = YES;
				COPY_PHASE_STRIP = NO;
				DEBUG_INFORMATION_FORMAT = dwarf;
				ENABLE_STRICT_OBJC_MSGSEND = YES;
				ENABLE_TESTABILITY = YES;
				ENABLE_USER_SCRIPT_SANDBOXING = YES;
				GCC_C_LANGUAGE_STANDARD = gnu17;
				GCC_DYNAMIC_NO_PIC = NO;
				GCC_NO_COMMON_BLOCKS = YES;
				GCC_OPTIMIZATION_LEVEL = 0;
				GCC_PREPROCESSOR_DEFINITIONS = (
					"DEBUG=1",
					"$(inherited)",
				);
				GCC_WARN_64_TO_32_BIT_CONVERSION = YES;
				GCC_WARN_ABOUT_RETURN_TYPE = YES_ERROR;
				GCC_WARN_UNDECLARED_SELECTOR = YES;
				GCC_WARN_UNINITIALIZED_AUTOS = YES_AGGRESSIVE;
				GCC_WARN_UNUSED_FUNCTION = YES;
				GCC_WARN_UNUSED_VARIABLE = YES;
				IPHONEOS_DEPLOYMENT_TARGET = 17.2;
				LOCALIZATION_PREFERS_STRING_CATALOGS = YES;
				MTL_ENABLE_DEBUG_INFO = INCLUDE_SOURCE;
				MTL_FAST_MATH = YES;
				ONLY_ACTIVE_ARCH = YES;
				SDKROOT = iphoneos;
				SWIFT_ACTIVE_COMPILATION_CONDITIONS = "DEBUG $(inherited)";
				SWIFT_OPTIMIZATION_LEVEL = "-Onone";
			};
			name = Debug;
		};
		4EAC04FF2B6B981000CCAD89 /* Release */ = {
			isa = XCBuildConfiguration;
			buildSettings = {
				ALWAYS_SEARCH_USER_PATHS = NO;
				ASSETCATALOG_COMPILER_GENERATE_SWIFT_ASSET_SYMBOL_EXTENSIONS = YES;
				CLANG_ANALYZER_NONNULL = YES;
				CLANG_ANALYZER_NUMBER_OBJECT_CONVERSION = YES_AGGRESSIVE;
				CLANG_CXX_LANGUAGE_STANDARD = "gnu++20";
				CLANG_ENABLE_MODULES = YES;
				CLANG_ENABLE_OBJC_ARC = YES;
				CLANG_ENABLE_OBJC_WEAK = YES;
				CLANG_WARN_BLOCK_CAPTURE_AUTORELEASING = YES;
				CLANG_WARN_BOOL_CONVERSION = YES;
				CLANG_WARN_COMMA = YES;
				CLANG_WARN_CONSTANT_CONVERSION = YES;
				CLANG_WARN_DEPRECATED_OBJC_IMPLEMENTATIONS = YES;
				CLANG_WARN_DIRECT_OBJC_ISA_USAGE = YES_ERROR;
				CLANG_WARN_DOCUMENTATION_COMMENTS = YES;
				CLANG_WARN_EMPTY_BODY = YES;
				CLANG_WARN_ENUM_CONVERSION = YES;
				CLANG_WARN_INFINITE_RECURSION = YES;
				CLANG_WARN_INT_CONVERSION = YES;
				CLANG_WARN_NON_LITERAL_NULL_CONVERSION = YES;
				CLANG_WARN_OBJC_IMPLICIT_RETAIN_SELF = YES;
				CLANG_WARN_OBJC_LITERAL_CONVERSION = YES;
				CLANG_WARN_OBJC_ROOT_CLASS = YES_ERROR;
				CLANG_WARN_QUOTED_INCLUDE_IN_FRAMEWORK_HEADER = YES;
				CLANG_WARN_RANGE_LOOP_ANALYSIS = YES;
				CLANG_WARN_STRICT_PROTOTYPES = YES;
				CLANG_WARN_SUSPICIOUS_MOVE = YES;
				CLANG_WARN_UNGUARDED_AVAILABILITY = YES_AGGRESSIVE;
				CLANG_WARN_UNREACHABLE_CODE = YES;
				CLANG_WARN__DUPLICATE_METHOD_MATCH = YES;
				COPY_PHASE_STRIP = NO;
				DEBUG_INFORMATION_FORMAT = "dwarf-with-dsym";
				ENABLE_NS_ASSERTIONS = NO;
				ENABLE_STRICT_OBJC_MSGSEND = YES;
				ENABLE_USER_SCRIPT_SANDBOXING = YES;
				GCC_C_LANGUAGE_STANDARD = gnu17;
				GCC_NO_COMMON_BLOCKS = YES;
				GCC_WARN_64_TO_32_BIT_CONVERSION = YES;
				GCC_WARN_ABOUT_RETURN_TYPE = YES_ERROR;
				GCC_WARN_UNDECLARED_SELECTOR = YES;
				GCC_WARN_UNINITIALIZED_AUTOS = YES_AGGRESSIVE;
				GCC_WARN_UNUSED_FUNCTION = YES;
				GCC_WARN_UNUSED_VARIABLE = YES;
				IPHONEOS_DEPLOYMENT_TARGET = 17.2;
				LOCALIZATION_PREFERS_STRING_CATALOGS = YES;
				MTL_ENABLE_DEBUG_INFO = NO;
				MTL_FAST_MATH = YES;
				SDKROOT = iphoneos;
				SWIFT_COMPILATION_MODE = wholemodule;
				VALIDATE_PRODUCT = YES;
			};
			name = Release;
		};
		4EAC05012B6B981000CCAD89 /* Debug */ = {
			isa = XCBuildConfiguration;
			buildSettings = {
				ASSETCATALOG_COMPILER_APPICON_NAME = AppIcon;
				ASSETCATALOG_COMPILER_GLOBAL_ACCENT_COLOR_NAME = AccentColor;
				CODE_SIGN_STYLE = Automatic;
				CURRENT_PROJECT_VERSION = 1;
				DEVELOPMENT_ASSET_PATHS = "\"6th/Preview Content\"";
				ENABLE_PREVIEWS = YES;
				GENERATE_INFOPLIST_FILE = YES;
				INFOPLIST_KEY_UIApplicationSceneManifest_Generation = YES;
				INFOPLIST_KEY_UIApplicationSupportsIndirectInputEvents = YES;
				INFOPLIST_KEY_UILaunchScreen_Generation = YES;
				INFOPLIST_KEY_UISupportedInterfaceOrientations_iPad = "UIInterfaceOrientationPortrait UIInterfaceOrientationPortraitUpsideDown UIInterfaceOrientationLandscapeLeft UIInterfaceOrientationLandscapeRight";
				INFOPLIST_KEY_UISupportedInterfaceOrientations_iPhone = "UIInterfaceOrientationPortrait UIInterfaceOrientationLandscapeLeft UIInterfaceOrientationLandscapeRight";
				LD_RUNPATH_SEARCH_PATHS = (
					"$(inherited)",
					"@executable_path/Frameworks",
				);
				MARKETING_VERSION = 1.0;
				PRODUCT_BUNDLE_IDENTIFIER = "com.sh.hee.-th";
				PRODUCT_NAME = "$(TARGET_NAME)";
				SWIFT_EMIT_LOC_STRINGS = YES;
				SWIFT_VERSION = 5.0;
				TARGETED_DEVICE_FAMILY = "1,2";
			};
			name = Debug;
		};
		4EAC05022B6B981000CCAD89 /* Release */ = {
			isa = XCBuildConfiguration;
			buildSettings = {
				ASSETCATALOG_COMPILER_APPICON_NAME = AppIcon;
				ASSETCATALOG_COMPILER_GLOBAL_ACCENT_COLOR_NAME = AccentColor;
				CODE_SIGN_STYLE = Automatic;
				CURRENT_PROJECT_VERSION = 1;
				DEVELOPMENT_ASSET_PATHS = "\"6th/Preview Content\"";
				ENABLE_PREVIEWS = YES;
				GENERATE_INFOPLIST_FILE = YES;
				INFOPLIST_KEY_UIApplicationSceneManifest_Generation = YES;
				INFOPLIST_KEY_UIApplicationSupportsIndirectInputEvents = YES;
				INFOPLIST_KEY_UILaunchScreen_Generation = YES;
				INFOPLIST_KEY_UISupportedInterfaceOrientations_iPad = "UIInterfaceOrientationPortrait UIInterfaceOrientationPortraitUpsideDown UIInterfaceOrientationLandscapeLeft UIInterfaceOrientationLandscapeRight";
				INFOPLIST_KEY_UISupportedInterfaceOrientations_iPhone = "UIInterfaceOrientationPortrait UIInterfaceOrientationLandscapeLeft UIInterfaceOrientationLandscapeRight";
				LD_RUNPATH_SEARCH_PATHS = (
					"$(inherited)",
					"@executable_path/Frameworks",
				);
				MARKETING_VERSION = 1.0;
				PRODUCT_BUNDLE_IDENTIFIER = "com.sh.hee.-th";
				PRODUCT_NAME = "$(TARGET_NAME)";
				SWIFT_EMIT_LOC_STRINGS = YES;
				SWIFT_VERSION = 5.0;
				TARGETED_DEVICE_FAMILY = "1,2";
			};
			name = Release;
		};
		4EAC05042B6B981000CCAD89 /* Debug */ = {
			isa = XCBuildConfiguration;
			buildSettings = {
				ALWAYS_EMBED_SWIFT_STANDARD_LIBRARIES = YES;
				BUNDLE_LOADER = "$(TEST_HOST)";
				CODE_SIGN_STYLE = Automatic;
				CURRENT_PROJECT_VERSION = 1;
				GENERATE_INFOPLIST_FILE = YES;
				IPHONEOS_DEPLOYMENT_TARGET = 17.2;
				MARKETING_VERSION = 1.0;
				PRODUCT_BUNDLE_IDENTIFIER = "com.sh.hee.-thTests";
				PRODUCT_NAME = "$(TARGET_NAME)";
				SWIFT_EMIT_LOC_STRINGS = NO;
				SWIFT_VERSION = 5.0;
				TARGETED_DEVICE_FAMILY = "1,2";
				TEST_HOST = "$(BUILT_PRODUCTS_DIR)/6th.app/$(BUNDLE_EXECUTABLE_FOLDER_PATH)/6th";
			};
			name = Debug;
		};
		4EAC05052B6B981000CCAD89 /* Release */ = {
			isa = XCBuildConfiguration;
			buildSettings = {
				ALWAYS_EMBED_SWIFT_STANDARD_LIBRARIES = YES;
				BUNDLE_LOADER = "$(TEST_HOST)";
				CODE_SIGN_STYLE = Automatic;
				CURRENT_PROJECT_VERSION = 1;
				GENERATE_INFOPLIST_FILE = YES;
				IPHONEOS_DEPLOYMENT_TARGET = 17.2;
				MARKETING_VERSION = 1.0;
				PRODUCT_BUNDLE_IDENTIFIER = "com.sh.hee.-thTests";
				PRODUCT_NAME = "$(TARGET_NAME)";
				SWIFT_EMIT_LOC_STRINGS = NO;
				SWIFT_VERSION = 5.0;
				TARGETED_DEVICE_FAMILY = "1,2";
				TEST_HOST = "$(BUILT_PRODUCTS_DIR)/6th.app/$(BUNDLE_EXECUTABLE_FOLDER_PATH)/6th";
			};
			name = Release;
		};
		4EAC05072B6B981000CCAD89 /* Debug */ = {
			isa = XCBuildConfiguration;
			buildSettings = {
				ALWAYS_EMBED_SWIFT_STANDARD_LIBRARIES = YES;
				CODE_SIGN_STYLE = Automatic;
				CURRENT_PROJECT_VERSION = 1;
				GENERATE_INFOPLIST_FILE = YES;
				MARKETING_VERSION = 1.0;
				PRODUCT_BUNDLE_IDENTIFIER = "com.sh.hee.-thUITests";
				PRODUCT_NAME = "$(TARGET_NAME)";
				SWIFT_EMIT_LOC_STRINGS = NO;
				SWIFT_VERSION = 5.0;
				TARGETED_DEVICE_FAMILY = "1,2";
				TEST_TARGET_NAME = 6th;
			};
			name = Debug;
		};
		4EAC05082B6B981000CCAD89 /* Release */ = {
			isa = XCBuildConfiguration;
			buildSettings = {
				ALWAYS_EMBED_SWIFT_STANDARD_LIBRARIES = YES;
				CODE_SIGN_STYLE = Automatic;
				CURRENT_PROJECT_VERSION = 1;
				GENERATE_INFOPLIST_FILE = YES;
				MARKETING_VERSION = 1.0;
				PRODUCT_BUNDLE_IDENTIFIER = "com.sh.hee.-thUITests";
				PRODUCT_NAME = "$(TARGET_NAME)";
				SWIFT_EMIT_LOC_STRINGS = NO;
				SWIFT_VERSION = 5.0;
				TARGETED_DEVICE_FAMILY = "1,2";
				TEST_TARGET_NAME = 6th;
			};
			name = Release;
		};
/* End XCBuildConfiguration section */

/* Begin XCConfigurationList section */
		4EAC04D72B6B980F00CCAD89 /* Build configuration list for PBXProject "6th" */ = {
			isa = XCConfigurationList;
			buildConfigurations = (
				4EAC04FE2B6B981000CCAD89 /* Debug */,
				4EAC04FF2B6B981000CCAD89 /* Release */,
			);
			defaultConfigurationIsVisible = 0;
			defaultConfigurationName = Release;
		};
		4EAC05002B6B981000CCAD89 /* Build configuration list for PBXNativeTarget "6th" */ = {
			isa = XCConfigurationList;
			buildConfigurations = (
				4EAC05012B6B981000CCAD89 /* Debug */,
				4EAC05022B6B981000CCAD89 /* Release */,
			);
			defaultConfigurationIsVisible = 0;
			defaultConfigurationName = Release;
		};
		4EAC05032B6B981000CCAD89 /* Build configuration list for PBXNativeTarget "6thTests" */ = {
			isa = XCConfigurationList;
			buildConfigurations = (
				4EAC05042B6B981000CCAD89 /* Debug */,
				4EAC05052B6B981000CCAD89 /* Release */,
			);
			defaultConfigurationIsVisible = 0;
			defaultConfigurationName = Release;
		};
		4EAC05062B6B981000CCAD89 /* Build configuration list for PBXNativeTarget "6thUITests" */ = {
			isa = XCConfigurationList;
			buildConfigurations = (
				4EAC05072B6B981000CCAD89 /* Debug */,
				4EAC05082B6B981000CCAD89 /* Release */,
			);
			defaultConfigurationIsVisible = 0;
			defaultConfigurationName = Release;
		};
/* End XCConfigurationList section */
	};
	rootObject = 4EAC04D42B6B980F00CCAD89 /* Project object */;
}
