// !$*UTF8*$!
{
	archiveVersion = 1;
	classes = {
	};
	objectVersion = 56;
	objects = {

/* Begin PBXBuildFile section */
		4E9F22E22B5160E40085923A /* introducitonApp.swift in Sources */ = {isa = PBXBuildFile; fileRef = 4E9F22E12B5160E40085923A /* introducitonApp.swift */; };
		4E9F22E42B5160E40085923A /* ContentView.swift in Sources */ = {isa = PBXBuildFile; fileRef = 4E9F22E32B5160E40085923A /* ContentView.swift */; };
		4E9F22E62B5160E70085923A /* Assets.xcassets in Resources */ = {isa = PBXBuildFile; fileRef = 4E9F22E52B5160E70085923A /* Assets.xcassets */; };
		4E9F22E92B5160E70085923A /* Preview Assets.xcassets in Resources */ = {isa = PBXBuildFile; fileRef = 4E9F22E82B5160E70085923A /* Preview Assets.xcassets */; };
		4E9F22F32B5160E70085923A /* introducitonTests.swift in Sources */ = {isa = PBXBuildFile; fileRef = 4E9F22F22B5160E70085923A /* introducitonTests.swift */; };
		4E9F22FD2B5160E70085923A /* introducitonUITests.swift in Sources */ = {isa = PBXBuildFile; fileRef = 4E9F22FC2B5160E70085923A /* introducitonUITests.swift */; };
		4E9F22FF2B5160E70085923A /* introducitonUITestsLaunchTests.swift in Sources */ = {isa = PBXBuildFile; fileRef = 4E9F22FE2B5160E70085923A /* introducitonUITestsLaunchTests.swift */; };
/* End PBXBuildFile section */

/* Begin PBXContainerItemProxy section */
		4E9F22EF2B5160E70085923A /* PBXContainerItemProxy */ = {
			isa = PBXContainerItemProxy;
			containerPortal = 4E9F22D62B5160E40085923A /* Project object */;
			proxyType = 1;
			remoteGlobalIDString = 4E9F22DD2B5160E40085923A;
			remoteInfo = introduciton;
		};
		4E9F22F92B5160E70085923A /* PBXContainerItemProxy */ = {
			isa = PBXContainerItemProxy;
			containerPortal = 4E9F22D62B5160E40085923A /* Project object */;
			proxyType = 1;
			remoteGlobalIDString = 4E9F22DD2B5160E40085923A;
			remoteInfo = introduciton;
		};
/* End PBXContainerItemProxy section */

/* Begin PBXFileReference section */
		4E9F22DE2B5160E40085923A /* introduciton.app */ = {isa = PBXFileReference; explicitFileType = wrapper.application; includeInIndex = 0; path = introduciton.app; sourceTree = BUILT_PRODUCTS_DIR; };
		4E9F22E12B5160E40085923A /* introducitonApp.swift */ = {isa = PBXFileReference; lastKnownFileType = sourcecode.swift; path = introducitonApp.swift; sourceTree = "<group>"; };
		4E9F22E32B5160E40085923A /* ContentView.swift */ = {isa = PBXFileReference; lastKnownFileType = sourcecode.swift; path = ContentView.swift; sourceTree = "<group>"; };
		4E9F22E52B5160E70085923A /* Assets.xcassets */ = {isa = PBXFileReference; lastKnownFileType = folder.assetcatalog; path = Assets.xcassets; sourceTree = "<group>"; };
		4E9F22E82B5160E70085923A /* Preview Assets.xcassets */ = {isa = PBXFileReference; lastKnownFileType = folder.assetcatalog; path = "Preview Assets.xcassets"; sourceTree = "<group>"; };
		4E9F22EE2B5160E70085923A /* introducitonTests.xctest */ = {isa = PBXFileReference; explicitFileType = wrapper.cfbundle; includeInIndex = 0; path = introducitonTests.xctest; sourceTree = BUILT_PRODUCTS_DIR; };
		4E9F22F22B5160E70085923A /* introducitonTests.swift */ = {isa = PBXFileReference; lastKnownFileType = sourcecode.swift; path = introducitonTests.swift; sourceTree = "<group>"; };
		4E9F22F82B5160E70085923A /* introducitonUITests.xctest */ = {isa = PBXFileReference; explicitFileType = wrapper.cfbundle; includeInIndex = 0; path = introducitonUITests.xctest; sourceTree = BUILT_PRODUCTS_DIR; };
		4E9F22FC2B5160E70085923A /* introducitonUITests.swift */ = {isa = PBXFileReference; lastKnownFileType = sourcecode.swift; path = introducitonUITests.swift; sourceTree = "<group>"; };
		4E9F22FE2B5160E70085923A /* introducitonUITestsLaunchTests.swift */ = {isa = PBXFileReference; lastKnownFileType = sourcecode.swift; path = introducitonUITestsLaunchTests.swift; sourceTree = "<group>"; };
/* End PBXFileReference section */

/* Begin PBXFrameworksBuildPhase section */
		4E9F22DB2B5160E40085923A /* Frameworks */ = {
			isa = PBXFrameworksBuildPhase;
			buildActionMask = 2147483647;
			files = (
			);
			runOnlyForDeploymentPostprocessing = 0;
		};
		4E9F22EB2B5160E70085923A /* Frameworks */ = {
			isa = PBXFrameworksBuildPhase;
			buildActionMask = 2147483647;
			files = (
			);
			runOnlyForDeploymentPostprocessing = 0;
		};
		4E9F22F52B5160E70085923A /* Frameworks */ = {
			isa = PBXFrameworksBuildPhase;
			buildActionMask = 2147483647;
			files = (
			);
			runOnlyForDeploymentPostprocessing = 0;
		};
/* End PBXFrameworksBuildPhase section */

/* Begin PBXGroup section */
		4E9F22D52B5160E40085923A = {
			isa = PBXGroup;
			children = (
				4E9F22E02B5160E40085923A /* introduciton */,
				4E9F22F12B5160E70085923A /* introducitonTests */,
				4E9F22FB2B5160E70085923A /* introducitonUITests */,
				4E9F22DF2B5160E40085923A /* Products */,
			);
			sourceTree = "<group>";
		};
		4E9F22DF2B5160E40085923A /* Products */ = {
			isa = PBXGroup;
			children = (
				4E9F22DE2B5160E40085923A /* introduciton.app */,
				4E9F22EE2B5160E70085923A /* introducitonTests.xctest */,
				4E9F22F82B5160E70085923A /* introducitonUITests.xctest */,
			);
			name = Products;
			sourceTree = "<group>";
		};
		4E9F22E02B5160E40085923A /* introduciton */ = {
			isa = PBXGroup;
			children = (
				4E9F22E12B5160E40085923A /* introducitonApp.swift */,
				4E9F22E32B5160E40085923A /* ContentView.swift */,
				4E9F22E52B5160E70085923A /* Assets.xcassets */,
				4E9F22E72B5160E70085923A /* Preview Content */,
			);
			path = introduciton;
			sourceTree = "<group>";
		};
		4E9F22E72B5160E70085923A /* Preview Content */ = {
			isa = PBXGroup;
			children = (
				4E9F22E82B5160E70085923A /* Preview Assets.xcassets */,
			);
			path = "Preview Content";
			sourceTree = "<group>";
		};
		4E9F22F12B5160E70085923A /* introducitonTests */ = {
			isa = PBXGroup;
			children = (
				4E9F22F22B5160E70085923A /* introducitonTests.swift */,
			);
			path = introducitonTests;
			sourceTree = "<group>";
		};
		4E9F22FB2B5160E70085923A /* introducitonUITests */ = {
			isa = PBXGroup;
			children = (
				4E9F22FC2B5160E70085923A /* introducitonUITests.swift */,
				4E9F22FE2B5160E70085923A /* introducitonUITestsLaunchTests.swift */,
			);
			path = introducitonUITests;
			sourceTree = "<group>";
		};
/* End PBXGroup section */

/* Begin PBXNativeTarget section */
		4E9F22DD2B5160E40085923A /* introduciton */ = {
			isa = PBXNativeTarget;
			buildConfigurationList = 4E9F23022B5160E70085923A /* Build configuration list for PBXNativeTarget "introduciton" */;
			buildPhases = (
				4E9F22DA2B5160E40085923A /* Sources */,
				4E9F22DB2B5160E40085923A /* Frameworks */,
				4E9F22DC2B5160E40085923A /* Resources */,
			);
			buildRules = (
			);
			dependencies = (
			);
			name = introduciton;
			productName = introduciton;
			productReference = 4E9F22DE2B5160E40085923A /* introduciton.app */;
			productType = "com.apple.product-type.application";
		};
		4E9F22ED2B5160E70085923A /* introducitonTests */ = {
			isa = PBXNativeTarget;
			buildConfigurationList = 4E9F23052B5160E70085923A /* Build configuration list for PBXNativeTarget "introducitonTests" */;
			buildPhases = (
				4E9F22EA2B5160E70085923A /* Sources */,
				4E9F22EB2B5160E70085923A /* Frameworks */,
				4E9F22EC2B5160E70085923A /* Resources */,
			);
			buildRules = (
			);
			dependencies = (
				4E9F22F02B5160E70085923A /* PBXTargetDependency */,
			);
			name = introducitonTests;
			productName = introducitonTests;
			productReference = 4E9F22EE2B5160E70085923A /* introducitonTests.xctest */;
			productType = "com.apple.product-type.bundle.unit-test";
		};
		4E9F22F72B5160E70085923A /* introducitonUITests */ = {
			isa = PBXNativeTarget;
			buildConfigurationList = 4E9F23082B5160E70085923A /* Build configuration list for PBXNativeTarget "introducitonUITests" */;
			buildPhases = (
				4E9F22F42B5160E70085923A /* Sources */,
				4E9F22F52B5160E70085923A /* Frameworks */,
				4E9F22F62B5160E70085923A /* Resources */,
			);
			buildRules = (
			);
			dependencies = (
				4E9F22FA2B5160E70085923A /* PBXTargetDependency */,
			);
			name = introducitonUITests;
			productName = introducitonUITests;
			productReference = 4E9F22F82B5160E70085923A /* introducitonUITests.xctest */;
			productType = "com.apple.product-type.bundle.ui-testing";
		};
/* End PBXNativeTarget section */

/* Begin PBXProject section */
		4E9F22D62B5160E40085923A /* Project object */ = {
			isa = PBXProject;
			attributes = {
				BuildIndependentTargetsInParallel = 1;
				LastSwiftUpdateCheck = 1510;
				LastUpgradeCheck = 1510;
				TargetAttributes = {
					4E9F22DD2B5160E40085923A = {
						CreatedOnToolsVersion = 15.1;
					};
					4E9F22ED2B5160E70085923A = {
						CreatedOnToolsVersion = 15.1;
						TestTargetID = 4E9F22DD2B5160E40085923A;
					};
					4E9F22F72B5160E70085923A = {
						CreatedOnToolsVersion = 15.1;
						TestTargetID = 4E9F22DD2B5160E40085923A;
					};
				};
			};
			buildConfigurationList = 4E9F22D92B5160E40085923A /* Build configuration list for PBXProject "introduciton" */;
			compatibilityVersion = "Xcode 14.0";
			developmentRegion = en;
			hasScannedForEncodings = 0;
			knownRegions = (
				en,
				Base,
			);
			mainGroup = 4E9F22D52B5160E40085923A;
			productRefGroup = 4E9F22DF2B5160E40085923A /* Products */;
			projectDirPath = "";
			projectRoot = "";
			targets = (
				4E9F22DD2B5160E40085923A /* introduciton */,
				4E9F22ED2B5160E70085923A /* introducitonTests */,
				4E9F22F72B5160E70085923A /* introducitonUITests */,
			);
		};
/* End PBXProject section */

/* Begin PBXResourcesBuildPhase section */
		4E9F22DC2B5160E40085923A /* Resources */ = {
			isa = PBXResourcesBuildPhase;
			buildActionMask = 2147483647;
			files = (
				4E9F22E92B5160E70085923A /* Preview Assets.xcassets in Resources */,
				4E9F22E62B5160E70085923A /* Assets.xcassets in Resources */,
			);
			runOnlyForDeploymentPostprocessing = 0;
		};
		4E9F22EC2B5160E70085923A /* Resources */ = {
			isa = PBXResourcesBuildPhase;
			buildActionMask = 2147483647;
			files = (
			);
			runOnlyForDeploymentPostprocessing = 0;
		};
		4E9F22F62B5160E70085923A /* Resources */ = {
			isa = PBXResourcesBuildPhase;
			buildActionMask = 2147483647;
			files = (
			);
			runOnlyForDeploymentPostprocessing = 0;
		};
/* End PBXResourcesBuildPhase section */

/* Begin PBXSourcesBuildPhase section */
		4E9F22DA2B5160E40085923A /* Sources */ = {
			isa = PBXSourcesBuildPhase;
			buildActionMask = 2147483647;
			files = (
				4E9F22E42B5160E40085923A /* ContentView.swift in Sources */,
				4E9F22E22B5160E40085923A /* introducitonApp.swift in Sources */,
			);
			runOnlyForDeploymentPostprocessing = 0;
		};
		4E9F22EA2B5160E70085923A /* Sources */ = {
			isa = PBXSourcesBuildPhase;
			buildActionMask = 2147483647;
			files = (
				4E9F22F32B5160E70085923A /* introducitonTests.swift in Sources */,
			);
			runOnlyForDeploymentPostprocessing = 0;
		};
		4E9F22F42B5160E70085923A /* Sources */ = {
			isa = PBXSourcesBuildPhase;
			buildActionMask = 2147483647;
			files = (
				4E9F22FF2B5160E70085923A /* introducitonUITestsLaunchTests.swift in Sources */,
				4E9F22FD2B5160E70085923A /* introducitonUITests.swift in Sources */,
			);
			runOnlyForDeploymentPostprocessing = 0;
		};
/* End PBXSourcesBuildPhase section */

/* Begin PBXTargetDependency section */
		4E9F22F02B5160E70085923A /* PBXTargetDependency */ = {
			isa = PBXTargetDependency;
			target = 4E9F22DD2B5160E40085923A /* introduciton */;
			targetProxy = 4E9F22EF2B5160E70085923A /* PBXContainerItemProxy */;
		};
		4E9F22FA2B5160E70085923A /* PBXTargetDependency */ = {
			isa = PBXTargetDependency;
			target = 4E9F22DD2B5160E40085923A /* introduciton */;
			targetProxy = 4E9F22F92B5160E70085923A /* PBXContainerItemProxy */;
		};
/* End PBXTargetDependency section */

/* Begin XCBuildConfiguration section */
		4E9F23002B5160E70085923A /* Debug */ = {
			isa = XCBuildConfiguration;
			buildSettings = {
				ALWAYS_SEARCH_USER_PATHS = NO;
				ASSETCATALOG_COMPILER_GENERATE_SWIFT_ASSET_SYMBOL_EXTENSIONS = YES;
				CLANG_ANALYZER_NONNULL = YES;
				CLANG_ANALYZER_NUMBER_OBJECT_CONVERSION = YES_AGGRESSIVE;
				CLANG_CXX_LANGUAGE_STANDARD = "gnu++20";
				CLANG_ENABLE_MODULES = YES;
				CLANG_ENABLE_OBJC_ARC = YES;
				CLANG_ENABLE_OBJC_WEAK = YES;
				CLANG_WARN_BLOCK_CAPTURE_AUTORELEASING = YES;
				CLANG_WARN_BOOL_CONVERSION = YES;
				CLANG_WARN_COMMA = YES;
				CLANG_WARN_CONSTANT_CONVERSION = YES;
				CLANG_WARN_DEPRECATED_OBJC_IMPLEMENTATIONS = YES;
				CLANG_WARN_DIRECT_OBJC_ISA_USAGE = YES_ERROR;
				CLANG_WARN_DOCUMENTATION_COMMENTS = YES;
				CLANG_WARN_EMPTY_BODY = YES;
				CLANG_WARN_ENUM_CONVERSION = YES;
				CLANG_WARN_INFINITE_RECURSION = YES;
				CLANG_WARN_INT_CONVERSION = YES;
				CLANG_WARN_NON_LITERAL_NULL_CONVERSION = YES;
				CLANG_WARN_OBJC_IMPLICIT_RETAIN_SELF = YES;
				CLANG_WARN_OBJC_LITERAL_CONVERSION = YES;
				CLANG_WARN_OBJC_ROOT_CLASS = YES_ERROR;
				CLANG_WARN_QUOTED_INCLUDE_IN_FRAMEWORK_HEADER = YES;
				CLANG_WARN_RANGE_LOOP_ANALYSIS = YES;
				CLANG_WARN_STRICT_PROTOTYPES = YES;
				CLANG_WARN_SUSPICIOUS_MOVE = YES;
				CLANG_WARN_UNGUARDED_AVAILABILITY = YES_AGGRESSIVE;
				CLANG_WARN_UNREACHABLE_CODE = YES;
				CLANG_WARN__DUPLICATE_METHOD_MATCH = YES;
				COPY_PHASE_STRIP = NO;
				DEBUG_INFORMATION_FORMAT = dwarf;
				ENABLE_STRICT_OBJC_MSGSEND = YES;
				ENABLE_TESTABILITY = YES;
				ENABLE_USER_SCRIPT_SANDBOXING = YES;
				GCC_C_LANGUAGE_STANDARD = gnu17;
				GCC_DYNAMIC_NO_PIC = NO;
				GCC_NO_COMMON_BLOCKS = YES;
				GCC_OPTIMIZATION_LEVEL = 0;
				GCC_PREPROCESSOR_DEFINITIONS = (
					"DEBUG=1",
					"$(inherited)",
				);
				GCC_WARN_64_TO_32_BIT_CONVERSION = YES;
				GCC_WARN_ABOUT_RETURN_TYPE = YES_ERROR;
				GCC_WARN_UNDECLARED_SELECTOR = YES;
				GCC_WARN_UNINITIALIZED_AUTOS = YES_AGGRESSIVE;
				GCC_WARN_UNUSED_FUNCTION = YES;
				GCC_WARN_UNUSED_VARIABLE = YES;
				IPHONEOS_DEPLOYMENT_TARGET = 17.2;
				LOCALIZATION_PREFERS_STRING_CATALOGS = YES;
				MTL_ENABLE_DEBUG_INFO = INCLUDE_SOURCE;
				MTL_FAST_MATH = YES;
				ONLY_ACTIVE_ARCH = YES;
				SDKROOT = iphoneos;
				SWIFT_ACTIVE_COMPILATION_CONDITIONS = "DEBUG $(inherited)";
				SWIFT_OPTIMIZATION_LEVEL = "-Onone";
			};
			name = Debug;
		};
		4E9F23012B5160E70085923A /* Release */ = {
			isa = XCBuildConfiguration;
			buildSettings = {
				ALWAYS_SEARCH_USER_PATHS = NO;
				ASSETCATALOG_COMPILER_GENERATE_SWIFT_ASSET_SYMBOL_EXTENSIONS = YES;
				CLANG_ANALYZER_NONNULL = YES;
				CLANG_ANALYZER_NUMBER_OBJECT_CONVERSION = YES_AGGRESSIVE;
				CLANG_CXX_LANGUAGE_STANDARD = "gnu++20";
				CLANG_ENABLE_MODULES = YES;
				CLANG_ENABLE_OBJC_ARC = YES;
				CLANG_ENABLE_OBJC_WEAK = YES;
				CLANG_WARN_BLOCK_CAPTURE_AUTORELEASING = YES;
				CLANG_WARN_BOOL_CONVERSION = YES;
				CLANG_WARN_COMMA = YES;
				CLANG_WARN_CONSTANT_CONVERSION = YES;
				CLANG_WARN_DEPRECATED_OBJC_IMPLEMENTATIONS = YES;
				CLANG_WARN_DIRECT_OBJC_ISA_USAGE = YES_ERROR;
				CLANG_WARN_DOCUMENTATION_COMMENTS = YES;
				CLANG_WARN_EMPTY_BODY = YES;
				CLANG_WARN_ENUM_CONVERSION = YES;
				CLANG_WARN_INFINITE_RECURSION = YES;
				CLANG_WARN_INT_CONVERSION = YES;
				CLANG_WARN_NON_LITERAL_NULL_CONVERSION = YES;
				CLANG_WARN_OBJC_IMPLICIT_RETAIN_SELF = YES;
				CLANG_WARN_OBJC_LITERAL_CONVERSION = YES;
				CLANG_WARN_OBJC_ROOT_CLASS = YES_ERROR;
				CLANG_WARN_QUOTED_INCLUDE_IN_FRAMEWORK_HEADER = YES;
				CLANG_WARN_RANGE_LOOP_ANALYSIS = YES;
				CLANG_WARN_STRICT_PROTOTYPES = YES;
				CLANG_WARN_SUSPICIOUS_MOVE = YES;
				CLANG_WARN_UNGUARDED_AVAILABILITY = YES_AGGRESSIVE;
				CLANG_WARN_UNREACHABLE_CODE = YES;
				CLANG_WARN__DUPLICATE_METHOD_MATCH = YES;
				COPY_PHASE_STRIP = NO;
				DEBUG_INFORMATION_FORMAT = "dwarf-with-dsym";
				ENABLE_NS_ASSERTIONS = NO;
				ENABLE_STRICT_OBJC_MSGSEND = YES;
				ENABLE_USER_SCRIPT_SANDBOXING = YES;
				GCC_C_LANGUAGE_STANDARD = gnu17;
				GCC_NO_COMMON_BLOCKS = YES;
				GCC_WARN_64_TO_32_BIT_CONVERSION = YES;
				GCC_WARN_ABOUT_RETURN_TYPE = YES_ERROR;
				GCC_WARN_UNDECLARED_SELECTOR = YES;
				GCC_WARN_UNINITIALIZED_AUTOS = YES_AGGRESSIVE;
				GCC_WARN_UNUSED_FUNCTION = YES;
				GCC_WARN_UNUSED_VARIABLE = YES;
				IPHONEOS_DEPLOYMENT_TARGET = 17.2;
				LOCALIZATION_PREFERS_STRING_CATALOGS = YES;
				MTL_ENABLE_DEBUG_INFO = NO;
				MTL_FAST_MATH = YES;
				SDKROOT = iphoneos;
				SWIFT_COMPILATION_MODE = wholemodule;
				VALIDATE_PRODUCT = YES;
			};
			name = Release;
		};
		4E9F23032B5160E70085923A /* Debug */ = {
			isa = XCBuildConfiguration;
			buildSettings = {
				ASSETCATALOG_COMPILER_APPICON_NAME = AppIcon;
				ASSETCATALOG_COMPILER_GLOBAL_ACCENT_COLOR_NAME = AccentColor;
				CODE_SIGN_STYLE = Automatic;
				CURRENT_PROJECT_VERSION = 1;
				DEVELOPMENT_ASSET_PATHS = "\"introduciton/Preview Content\"";
				ENABLE_PREVIEWS = YES;
				GENERATE_INFOPLIST_FILE = YES;
				INFOPLIST_KEY_UIApplicationSceneManifest_Generation = YES;
				INFOPLIST_KEY_UIApplicationSupportsIndirectInputEvents = YES;
				INFOPLIST_KEY_UILaunchScreen_Generation = YES;
				INFOPLIST_KEY_UISupportedInterfaceOrientations_iPad = "UIInterfaceOrientationPortrait UIInterfaceOrientationPortraitUpsideDown UIInterfaceOrientationLandscapeLeft UIInterfaceOrientationLandscapeRight";
				INFOPLIST_KEY_UISupportedInterfaceOrientations_iPhone = "UIInterfaceOrientationPortrait UIInterfaceOrientationLandscapeLeft UIInterfaceOrientationLandscapeRight";
				LD_RUNPATH_SEARCH_PATHS = (
					"$(inherited)",
					"@executable_path/Frameworks",
				);
				MARKETING_VERSION = 1.0;
				PRODUCT_BUNDLE_IDENTIFIER = com.sh.hee.introduciton;
				PRODUCT_NAME = "$(TARGET_NAME)";
				SWIFT_EMIT_LOC_STRINGS = YES;
				SWIFT_VERSION = 5.0;
				TARGETED_DEVICE_FAMILY = "1,2";
			};
			name = Debug;
		};
		4E9F23042B5160E70085923A /* Release */ = {
			isa = XCBuildConfiguration;
			buildSettings = {
				ASSETCATALOG_COMPILER_APPICON_NAME = AppIcon;
				ASSETCATALOG_COMPILER_GLOBAL_ACCENT_COLOR_NAME = AccentColor;
				CODE_SIGN_STYLE = Automatic;
				CURRENT_PROJECT_VERSION = 1;
				DEVELOPMENT_ASSET_PATHS = "\"introduciton/Preview Content\"";
				ENABLE_PREVIEWS = YES;
				GENERATE_INFOPLIST_FILE = YES;
				INFOPLIST_KEY_UIApplicationSceneManifest_Generation = YES;
				INFOPLIST_KEY_UIApplicationSupportsIndirectInputEvents = YES;
				INFOPLIST_KEY_UILaunchScreen_Generation = YES;
				INFOPLIST_KEY_UISupportedInterfaceOrientations_iPad = "UIInterfaceOrientationPortrait UIInterfaceOrientationPortraitUpsideDown UIInterfaceOrientationLandscapeLeft UIInterfaceOrientationLandscapeRight";
				INFOPLIST_KEY_UISupportedInterfaceOrientations_iPhone = "UIInterfaceOrientationPortrait UIInterfaceOrientationLandscapeLeft UIInterfaceOrientationLandscapeRight";
				LD_RUNPATH_SEARCH_PATHS = (
					"$(inherited)",
					"@executable_path/Frameworks",
				);
				MARKETING_VERSION = 1.0;
				PRODUCT_BUNDLE_IDENTIFIER = com.sh.hee.introduciton;
				PRODUCT_NAME = "$(TARGET_NAME)";
				SWIFT_EMIT_LOC_STRINGS = YES;
				SWIFT_VERSION = 5.0;
				TARGETED_DEVICE_FAMILY = "1,2";
			};
			name = Release;
		};
		4E9F23062B5160E70085923A /* Debug */ = {
			isa = XCBuildConfiguration;
			buildSettings = {
				ALWAYS_EMBED_SWIFT_STANDARD_LIBRARIES = YES;
				BUNDLE_LOADER = "$(TEST_HOST)";
				CODE_SIGN_STYLE = Automatic;
				CURRENT_PROJECT_VERSION = 1;
				GENERATE_INFOPLIST_FILE = YES;
				IPHONEOS_DEPLOYMENT_TARGET = 17.2;
				MARKETING_VERSION = 1.0;
				PRODUCT_BUNDLE_IDENTIFIER = com.sh.hee.introducitonTests;
				PRODUCT_NAME = "$(TARGET_NAME)";
				SWIFT_EMIT_LOC_STRINGS = NO;
				SWIFT_VERSION = 5.0;
				TARGETED_DEVICE_FAMILY = "1,2";
				TEST_HOST = "$(BUILT_PRODUCTS_DIR)/introduciton.app/$(BUNDLE_EXECUTABLE_FOLDER_PATH)/introduciton";
			};
			name = Debug;
		};
		4E9F23072B5160E70085923A /* Release */ = {
			isa = XCBuildConfiguration;
			buildSettings = {
				ALWAYS_EMBED_SWIFT_STANDARD_LIBRARIES = YES;
				BUNDLE_LOADER = "$(TEST_HOST)";
				CODE_SIGN_STYLE = Automatic;
				CURRENT_PROJECT_VERSION = 1;
				GENERATE_INFOPLIST_FILE = YES;
				IPHONEOS_DEPLOYMENT_TARGET = 17.2;
				MARKETING_VERSION = 1.0;
				PRODUCT_BUNDLE_IDENTIFIER = com.sh.hee.introducitonTests;
				PRODUCT_NAME = "$(TARGET_NAME)";
				SWIFT_EMIT_LOC_STRINGS = NO;
				SWIFT_VERSION = 5.0;
				TARGETED_DEVICE_FAMILY = "1,2";
				TEST_HOST = "$(BUILT_PRODUCTS_DIR)/introduciton.app/$(BUNDLE_EXECUTABLE_FOLDER_PATH)/introduciton";
			};
			name = Release;
		};
		4E9F23092B5160E70085923A /* Debug */ = {
			isa = XCBuildConfiguration;
			buildSettings = {
				ALWAYS_EMBED_SWIFT_STANDARD_LIBRARIES = YES;
				CODE_SIGN_STYLE = Automatic;
				CURRENT_PROJECT_VERSION = 1;
				GENERATE_INFOPLIST_FILE = YES;
				MARKETING_VERSION = 1.0;
				PRODUCT_BUNDLE_IDENTIFIER = com.sh.hee.introducitonUITests;
				PRODUCT_NAME = "$(TARGET_NAME)";
				SWIFT_EMIT_LOC_STRINGS = NO;
				SWIFT_VERSION = 5.0;
				TARGETED_DEVICE_FAMILY = "1,2";
				TEST_TARGET_NAME = introduciton;
			};
			name = Debug;
		};
		4E9F230A2B5160E70085923A /* Release */ = {
			isa = XCBuildConfiguration;
			buildSettings = {
				ALWAYS_EMBED_SWIFT_STANDARD_LIBRARIES = YES;
				CODE_SIGN_STYLE = Automatic;
				CURRENT_PROJECT_VERSION = 1;
				GENERATE_INFOPLIST_FILE = YES;
				MARKETING_VERSION = 1.0;
				PRODUCT_BUNDLE_IDENTIFIER = com.sh.hee.introducitonUITests;
				PRODUCT_NAME = "$(TARGET_NAME)";
				SWIFT_EMIT_LOC_STRINGS = NO;
				SWIFT_VERSION = 5.0;
				TARGETED_DEVICE_FAMILY = "1,2";
				TEST_TARGET_NAME = introduciton;
			};
			name = Release;
		};
/* End XCBuildConfiguration section */

/* Begin XCConfigurationList section */
		4E9F22D92B5160E40085923A /* Build configuration list for PBXProject "introduciton" */ = {
			isa = XCConfigurationList;
			buildConfigurations = (
				4E9F23002B5160E70085923A /* Debug */,
				4E9F23012B5160E70085923A /* Release */,
			);
			defaultConfigurationIsVisible = 0;
			defaultConfigurationName = Release;
		};
		4E9F23022B5160E70085923A /* Build configuration list for PBXNativeTarget "introduciton" */ = {
			isa = XCConfigurationList;
			buildConfigurations = (
				4E9F23032B5160E70085923A /* Debug */,
				4E9F23042B5160E70085923A /* Release */,
			);
			defaultConfigurationIsVisible = 0;
			defaultConfigurationName = Release;
		};
		4E9F23052B5160E70085923A /* Build configuration list for PBXNativeTarget "introducitonTests" */ = {
			isa = XCConfigurationList;
			buildConfigurations = (
				4E9F23062B5160E70085923A /* Debug */,
				4E9F23072B5160E70085923A /* Release */,
			);
			defaultConfigurationIsVisible = 0;
			defaultConfigurationName = Release;
		};
		4E9F23082B5160E70085923A /* Build configuration list for PBXNativeTarget "introducitonUITests" */ = {
			isa = XCConfigurationList;
			buildConfigurations = (
				4E9F23092B5160E70085923A /* Debug */,
				4E9F230A2B5160E70085923A /* Release */,
			);
			defaultConfigurationIsVisible = 0;
			defaultConfigurationName = Release;
		};
/* End XCConfigurationList section */
	};
	rootObject = 4E9F22D62B5160E40085923A /* Project object */;
}
