// !$*UTF8*$!
{
	archiveVersion = 1;
	classes = {
	};
	objectVersion = 56;
	objects = {

/* Begin PBXBuildFile section */
		4EAC05822B6D0F7600CCAD89 /* _0thApp.swift in Sources */ = {isa = PBXBuildFile; fileRef = 4EAC05812B6D0F7600CCAD89 /* _0thApp.swift */; };
		4EAC05842B6D0F7600CCAD89 /* ContentView.swift in Sources */ = {isa = PBXBuildFile; fileRef = 4EAC05832B6D0F7600CCAD89 /* ContentView.swift */; };
		4EAC05862B6D0F7A00CCAD89 /* Assets.xcassets in Resources */ = {isa = PBXBuildFile; fileRef = 4EAC05852B6D0F7A00CCAD89 /* Assets.xcassets */; };
		4EAC05892B6D0F7A00CCAD89 /* Preview Assets.xcassets in Resources */ = {isa = PBXBuildFile; fileRef = 4EAC05882B6D0F7A00CCAD89 /* Preview Assets.xcassets */; };
		4EAC05932B6D0F7A00CCAD89 /* _0thTests.swift in Sources */ = {isa = PBXBuildFile; fileRef = 4EAC05922B6D0F7A00CCAD89 /* _0thTests.swift */; };
		4EAC059D2B6D0F7A00CCAD89 /* _0thUITests.swift in Sources */ = {isa = PBXBuildFile; fileRef = 4EAC059C2B6D0F7A00CCAD89 /* _0thUITests.swift */; };
		4EAC059F2B6D0F7A00CCAD89 /* _0thUITestsLaunchTests.swift in Sources */ = {isa = PBXBuildFile; fileRef = 4EAC059E2B6D0F7A00CCAD89 /* _0thUITestsLaunchTests.swift */; };
/* End PBXBuildFile section */

/* Begin PBXContainerItemProxy section */
		4EAC058F2B6D0F7A00CCAD89 /* PBXContainerItemProxy */ = {
			isa = PBXContainerItemProxy;
			containerPortal = 4EAC05762B6D0F7600CCAD89 /* Project object */;
			proxyType = 1;
			remoteGlobalIDString = 4EAC057D2B6D0F7600CCAD89;
			remoteInfo = 10th;
		};
		4EAC05992B6D0F7A00CCAD89 /* PBXContainerItemProxy */ = {
			isa = PBXContainerItemProxy;
			containerPortal = 4EAC05762B6D0F7600CCAD89 /* Project object */;
			proxyType = 1;
			remoteGlobalIDString = 4EAC057D2B6D0F7600CCAD89;
			remoteInfo = 10th;
		};
/* End PBXContainerItemProxy section */

/* Begin PBXFileReference section */
		4EAC057E2B6D0F7600CCAD89 /* 10th.app */ = {isa = PBXFileReference; explicitFileType = wrapper.application; includeInIndex = 0; path = 10th.app; sourceTree = BUILT_PRODUCTS_DIR; };
		4EAC05812B6D0F7600CCAD89 /* _0thApp.swift */ = {isa = PBXFileReference; lastKnownFileType = sourcecode.swift; path = _0thApp.swift; sourceTree = "<group>"; };
		4EAC05832B6D0F7600CCAD89 /* ContentView.swift */ = {isa = PBXFileReference; lastKnownFileType = sourcecode.swift; path = ContentView.swift; sourceTree = "<group>"; };
		4EAC05852B6D0F7A00CCAD89 /* Assets.xcassets */ = {isa = PBXFileReference; lastKnownFileType = folder.assetcatalog; path = Assets.xcassets; sourceTree = "<group>"; };
		4EAC05882B6D0F7A00CCAD89 /* Preview Assets.xcassets */ = {isa = PBXFileReference; lastKnownFileType = folder.assetcatalog; path = "Preview Assets.xcassets"; sourceTree = "<group>"; };
		4EAC058E2B6D0F7A00CCAD89 /* 10thTests.xctest */ = {isa = PBXFileReference; explicitFileType = wrapper.cfbundle; includeInIndex = 0; path = 10thTests.xctest; sourceTree = BUILT_PRODUCTS_DIR; };
		4EAC05922B6D0F7A00CCAD89 /* _0thTests.swift */ = {isa = PBXFileReference; lastKnownFileType = sourcecode.swift; path = _0thTests.swift; sourceTree = "<group>"; };
		4EAC05982B6D0F7A00CCAD89 /* 10thUITests.xctest */ = {isa = PBXFileReference; explicitFileType = wrapper.cfbundle; includeInIndex = 0; path = 10thUITests.xctest; sourceTree = BUILT_PRODUCTS_DIR; };
		4EAC059C2B6D0F7A00CCAD89 /* _0thUITests.swift */ = {isa = PBXFileReference; lastKnownFileType = sourcecode.swift; path = _0thUITests.swift; sourceTree = "<group>"; };
		4EAC059E2B6D0F7A00CCAD89 /* _0thUITestsLaunchTests.swift */ = {isa = PBXFileReference; lastKnownFileType = sourcecode.swift; path = _0thUITestsLaunchTests.swift; sourceTree = "<group>"; };
/* End PBXFileReference section */

/* Begin PBXFrameworksBuildPhase section */
		4EAC057B2B6D0F7600CCAD89 /* Frameworks */ = {
			isa = PBXFrameworksBuildPhase;
			buildActionMask = 2147483647;
			files = (
			);
			runOnlyForDeploymentPostprocessing = 0;
		};
		4EAC058B2B6D0F7A00CCAD89 /* Frameworks */ = {
			isa = PBXFrameworksBuildPhase;
			buildActionMask = 2147483647;
			files = (
			);
			runOnlyForDeploymentPostprocessing = 0;
		};
		4EAC05952B6D0F7A00CCAD89 /* Frameworks */ = {
			isa = PBXFrameworksBuildPhase;
			buildActionMask = 2147483647;
			files = (
			);
			runOnlyForDeploymentPostprocessing = 0;
		};
/* End PBXFrameworksBuildPhase section */

/* Begin PBXGroup section */
		4EAC05752B6D0F7600CCAD89 = {
			isa = PBXGroup;
			children = (
				4EAC05802B6D0F7600CCAD89 /* 10th */,
				4EAC05912B6D0F7A00CCAD89 /* 10thTests */,
				4EAC059B2B6D0F7A00CCAD89 /* 10thUITests */,
				4EAC057F2B6D0F7600CCAD89 /* Products */,
			);
			sourceTree = "<group>";
		};
		4EAC057F2B6D0F7600CCAD89 /* Products */ = {
			isa = PBXGroup;
			children = (
				4EAC057E2B6D0F7600CCAD89 /* 10th.app */,
				4EAC058E2B6D0F7A00CCAD89 /* 10thTests.xctest */,
				4EAC05982B6D0F7A00CCAD89 /* 10thUITests.xctest */,
			);
			name = Products;
			sourceTree = "<group>";
		};
		4EAC05802B6D0F7600CCAD89 /* 10th */ = {
			isa = PBXGroup;
			children = (
				4EAC05812B6D0F7600CCAD89 /* _0thApp.swift */,
				4EAC05832B6D0F7600CCAD89 /* ContentView.swift */,
				4EAC05852B6D0F7A00CCAD89 /* Assets.xcassets */,
				4EAC05872B6D0F7A00CCAD89 /* Preview Content */,
			);
			path = 10th;
			sourceTree = "<group>";
		};
		4EAC05872B6D0F7A00CCAD89 /* Preview Content */ = {
			isa = PBXGroup;
			children = (
				4EAC05882B6D0F7A00CCAD89 /* Preview Assets.xcassets */,
			);
			path = "Preview Content";
			sourceTree = "<group>";
		};
		4EAC05912B6D0F7A00CCAD89 /* 10thTests */ = {
			isa = PBXGroup;
			children = (
				4EAC05922B6D0F7A00CCAD89 /* _0thTests.swift */,
			);
			path = 10thTests;
			sourceTree = "<group>";
		};
		4EAC059B2B6D0F7A00CCAD89 /* 10thUITests */ = {
			isa = PBXGroup;
			children = (
				4EAC059C2B6D0F7A00CCAD89 /* _0thUITests.swift */,
				4EAC059E2B6D0F7A00CCAD89 /* _0thUITestsLaunchTests.swift */,
			);
			path = 10thUITests;
			sourceTree = "<group>";
		};
/* End PBXGroup section */

/* Begin PBXNativeTarget section */
		4EAC057D2B6D0F7600CCAD89 /* 10th */ = {
			isa = PBXNativeTarget;
			buildConfigurationList = 4EAC05A22B6D0F7A00CCAD89 /* Build configuration list for PBXNativeTarget "10th" */;
			buildPhases = (
				4EAC057A2B6D0F7600CCAD89 /* Sources */,
				4EAC057B2B6D0F7600CCAD89 /* Frameworks */,
				4EAC057C2B6D0F7600CCAD89 /* Resources */,
			);
			buildRules = (
			);
			dependencies = (
			);
			name = 10th;
			productName = 10th;
			productReference = 4EAC057E2B6D0F7600CCAD89 /* 10th.app */;
			productType = "com.apple.product-type.application";
		};
		4EAC058D2B6D0F7A00CCAD89 /* 10thTests */ = {
			isa = PBXNativeTarget;
			buildConfigurationList = 4EAC05A52B6D0F7A00CCAD89 /* Build configuration list for PBXNativeTarget "10thTests" */;
			buildPhases = (
				4EAC058A2B6D0F7A00CCAD89 /* Sources */,
				4EAC058B2B6D0F7A00CCAD89 /* Frameworks */,
				4EAC058C2B6D0F7A00CCAD89 /* Resources */,
			);
			buildRules = (
			);
			dependencies = (
				4EAC05902B6D0F7A00CCAD89 /* PBXTargetDependency */,
			);
			name = 10thTests;
			productName = 10thTests;
			productReference = 4EAC058E2B6D0F7A00CCAD89 /* 10thTests.xctest */;
			productType = "com.apple.product-type.bundle.unit-test";
		};
		4EAC05972B6D0F7A00CCAD89 /* 10thUITests */ = {
			isa = PBXNativeTarget;
			buildConfigurationList = 4EAC05A82B6D0F7A00CCAD89 /* Build configuration list for PBXNativeTarget "10thUITests" */;
			buildPhases = (
				4EAC05942B6D0F7A00CCAD89 /* Sources */,
				4EAC05952B6D0F7A00CCAD89 /* Frameworks */,
				4EAC05962B6D0F7A00CCAD89 /* Resources */,
			);
			buildRules = (
			);
			dependencies = (
				4EAC059A2B6D0F7A00CCAD89 /* PBXTargetDependency */,
			);
			name = 10thUITests;
			productName = 10thUITests;
			productReference = 4EAC05982B6D0F7A00CCAD89 /* 10thUITests.xctest */;
			productType = "com.apple.product-type.bundle.ui-testing";
		};
/* End PBXNativeTarget section */

/* Begin PBXProject section */
		4EAC05762B6D0F7600CCAD89 /* Project object */ = {
			isa = PBXProject;
			attributes = {
				BuildIndependentTargetsInParallel = 1;
				LastSwiftUpdateCheck = 1510;
				LastUpgradeCheck = 1510;
				TargetAttributes = {
					4EAC057D2B6D0F7600CCAD89 = {
						CreatedOnToolsVersion = 15.1;
					};
					4EAC058D2B6D0F7A00CCAD89 = {
						CreatedOnToolsVersion = 15.1;
						TestTargetID = 4EAC057D2B6D0F7600CCAD89;
					};
					4EAC05972B6D0F7A00CCAD89 = {
						CreatedOnToolsVersion = 15.1;
						TestTargetID = 4EAC057D2B6D0F7600CCAD89;
					};
				};
			};
			buildConfigurationList = 4EAC05792B6D0F7600CCAD89 /* Build configuration list for PBXProject "10th" */;
			compatibilityVersion = "Xcode 14.0";
			developmentRegion = en;
			hasScannedForEncodings = 0;
			knownRegions = (
				en,
				Base,
			);
			mainGroup = 4EAC05752B6D0F7600CCAD89;
			productRefGroup = 4EAC057F2B6D0F7600CCAD89 /* Products */;
			projectDirPath = "";
			projectRoot = "";
			targets = (
				4EAC057D2B6D0F7600CCAD89 /* 10th */,
				4EAC058D2B6D0F7A00CCAD89 /* 10thTests */,
				4EAC05972B6D0F7A00CCAD89 /* 10thUITests */,
			);
		};
/* End PBXProject section */

/* Begin PBXResourcesBuildPhase section */
		4EAC057C2B6D0F7600CCAD89 /* Resources */ = {
			isa = PBXResourcesBuildPhase;
			buildActionMask = 2147483647;
			files = (
				4EAC05892B6D0F7A00CCAD89 /* Preview Assets.xcassets in Resources */,
				4EAC05862B6D0F7A00CCAD89 /* Assets.xcassets in Resources */,
			);
			runOnlyForDeploymentPostprocessing = 0;
		};
		4EAC058C2B6D0F7A00CCAD89 /* Resources */ = {
			isa = PBXResourcesBuildPhase;
			buildActionMask = 2147483647;
			files = (
			);
			runOnlyForDeploymentPostprocessing = 0;
		};
		4EAC05962B6D0F7A00CCAD89 /* Resources */ = {
			isa = PBXResourcesBuildPhase;
			buildActionMask = 2147483647;
			files = (
			);
			runOnlyForDeploymentPostprocessing = 0;
		};
/* End PBXResourcesBuildPhase section */

/* Begin PBXSourcesBuildPhase section */
		4EAC057A2B6D0F7600CCAD89 /* Sources */ = {
			isa = PBXSourcesBuildPhase;
			buildActionMask = 2147483647;
			files = (
				4EAC05842B6D0F7600CCAD89 /* ContentView.swift in Sources */,
				4EAC05822B6D0F7600CCAD89 /* _0thApp.swift in Sources */,
			);
			runOnlyForDeploymentPostprocessing = 0;
		};
		4EAC058A2B6D0F7A00CCAD89 /* Sources */ = {
			isa = PBXSourcesBuildPhase;
			buildActionMask = 2147483647;
			files = (
				4EAC05932B6D0F7A00CCAD89 /* _0thTests.swift in Sources */,
			);
			runOnlyForDeploymentPostprocessing = 0;
		};
		4EAC05942B6D0F7A00CCAD89 /* Sources */ = {
			isa = PBXSourcesBuildPhase;
			buildActionMask = 2147483647;
			files = (
				4EAC059D2B6D0F7A00CCAD89 /* _0thUITests.swift in Sources */,
				4EAC059F2B6D0F7A00CCAD89 /* _0thUITestsLaunchTests.swift in Sources */,
			);
			runOnlyForDeploymentPostprocessing = 0;
		};
/* End PBXSourcesBuildPhase section */

/* Begin PBXTargetDependency section */
		4EAC05902B6D0F7A00CCAD89 /* PBXTargetDependency */ = {
			isa = PBXTargetDependency;
			target = 4EAC057D2B6D0F7600CCAD89 /* 10th */;
			targetProxy = 4EAC058F2B6D0F7A00CCAD89 /* PBXContainerItemProxy */;
		};
		4EAC059A2B6D0F7A00CCAD89 /* PBXTargetDependency */ = {
			isa = PBXTargetDependency;
			target = 4EAC057D2B6D0F7600CCAD89 /* 10th */;
			targetProxy = 4EAC05992B6D0F7A00CCAD89 /* PBXContainerItemProxy */;
		};
/* End PBXTargetDependency section */

/* Begin XCBuildConfiguration section */
		4EAC05A02B6D0F7A00CCAD89 /* Debug */ = {
			isa = XCBuildConfiguration;
			buildSettings = {
				ALWAYS_SEARCH_USER_PATHS = NO;
				ASSETCATALOG_COMPILER_GENERATE_SWIFT_ASSET_SYMBOL_EXTENSIONS = YES;
				CLANG_ANALYZER_NONNULL = YES;
				CLANG_ANALYZER_NUMBER_OBJECT_CONVERSION = YES_AGGRESSIVE;
				CLANG_CXX_LANGUAGE_STANDARD = "gnu++20";
				CLANG_ENABLE_MODULES = YES;
				CLANG_ENABLE_OBJC_ARC = YES;
				CLANG_ENABLE_OBJC_WEAK = YES;
				CLANG_WARN_BLOCK_CAPTURE_AUTORELEASING = YES;
				CLANG_WARN_BOOL_CONVERSION = YES;
				CLANG_WARN_COMMA = YES;
				CLANG_WARN_CONSTANT_CONVERSION = YES;
				CLANG_WARN_DEPRECATED_OBJC_IMPLEMENTATIONS = YES;
				CLANG_WARN_DIRECT_OBJC_ISA_USAGE = YES_ERROR;
				CLANG_WARN_DOCUMENTATION_COMMENTS = YES;
				CLANG_WARN_EMPTY_BODY = YES;
				CLANG_WARN_ENUM_CONVERSION = YES;
				CLANG_WARN_INFINITE_RECURSION = YES;
				CLANG_WARN_INT_CONVERSION = YES;
				CLANG_WARN_NON_LITERAL_NULL_CONVERSION = YES;
				CLANG_WARN_OBJC_IMPLICIT_RETAIN_SELF = YES;
				CLANG_WARN_OBJC_LITERAL_CONVERSION = YES;
				CLANG_WARN_OBJC_ROOT_CLASS = YES_ERROR;
				CLANG_WARN_QUOTED_INCLUDE_IN_FRAMEWORK_HEADER = YES;
				CLANG_WARN_RANGE_LOOP_ANALYSIS = YES;
				CLANG_WARN_STRICT_PROTOTYPES = YES;
				CLANG_WARN_SUSPICIOUS_MOVE = YES;
				CLANG_WARN_UNGUARDED_AVAILABILITY = YES_AGGRESSIVE;
				CLANG_WARN_UNREACHABLE_CODE = YES;
				CLANG_WARN__DUPLICATE_METHOD_MATCH = YES;
				COPY_PHASE_STRIP = NO;
				DEBUG_INFORMATION_FORMAT = dwarf;
				ENABLE_STRICT_OBJC_MSGSEND = YES;
				ENABLE_TESTABILITY = YES;
				ENABLE_USER_SCRIPT_SANDBOXING = YES;
				GCC_C_LANGUAGE_STANDARD = gnu17;
				GCC_DYNAMIC_NO_PIC = NO;
				GCC_NO_COMMON_BLOCKS = YES;
				GCC_OPTIMIZATION_LEVEL = 0;
				GCC_PREPROCESSOR_DEFINITIONS = (
					"DEBUG=1",
					"$(inherited)",
				);
				GCC_WARN_64_TO_32_BIT_CONVERSION = YES;
				GCC_WARN_ABOUT_RETURN_TYPE = YES_ERROR;
				GCC_WARN_UNDECLARED_SELECTOR = YES;
				GCC_WARN_UNINITIALIZED_AUTOS = YES_AGGRESSIVE;
				GCC_WARN_UNUSED_FUNCTION = YES;
				GCC_WARN_UNUSED_VARIABLE = YES;
				IPHONEOS_DEPLOYMENT_TARGET = 17.2;
				LOCALIZATION_PREFERS_STRING_CATALOGS = YES;
				MTL_ENABLE_DEBUG_INFO = INCLUDE_SOURCE;
				MTL_FAST_MATH = YES;
				ONLY_ACTIVE_ARCH = YES;
				SDKROOT = iphoneos;
				SWIFT_ACTIVE_COMPILATION_CONDITIONS = "DEBUG $(inherited)";
				SWIFT_OPTIMIZATION_LEVEL = "-Onone";
			};
			name = Debug;
		};
		4EAC05A12B6D0F7A00CCAD89 /* Release */ = {
			isa = XCBuildConfiguration;
			buildSettings = {
				ALWAYS_SEARCH_USER_PATHS = NO;
				ASSETCATALOG_COMPILER_GENERATE_SWIFT_ASSET_SYMBOL_EXTENSIONS = YES;
				CLANG_ANALYZER_NONNULL = YES;
				CLANG_ANALYZER_NUMBER_OBJECT_CONVERSION = YES_AGGRESSIVE;
				CLANG_CXX_LANGUAGE_STANDARD = "gnu++20";
				CLANG_ENABLE_MODULES = YES;
				CLANG_ENABLE_OBJC_ARC = YES;
				CLANG_ENABLE_OBJC_WEAK = YES;
				CLANG_WARN_BLOCK_CAPTURE_AUTORELEASING = YES;
				CLANG_WARN_BOOL_CONVERSION = YES;
				CLANG_WARN_COMMA = YES;
				CLANG_WARN_CONSTANT_CONVERSION = YES;
				CLANG_WARN_DEPRECATED_OBJC_IMPLEMENTATIONS = YES;
				CLANG_WARN_DIRECT_OBJC_ISA_USAGE = YES_ERROR;
				CLANG_WARN_DOCUMENTATION_COMMENTS = YES;
				CLANG_WARN_EMPTY_BODY = YES;
				CLANG_WARN_ENUM_CONVERSION = YES;
				CLANG_WARN_INFINITE_RECURSION = YES;
				CLANG_WARN_INT_CONVERSION = YES;
				CLANG_WARN_NON_LITERAL_NULL_CONVERSION = YES;
				CLANG_WARN_OBJC_IMPLICIT_RETAIN_SELF = YES;
				CLANG_WARN_OBJC_LITERAL_CONVERSION = YES;
				CLANG_WARN_OBJC_ROOT_CLASS = YES_ERROR;
				CLANG_WARN_QUOTED_INCLUDE_IN_FRAMEWORK_HEADER = YES;
				CLANG_WARN_RANGE_LOOP_ANALYSIS = YES;
				CLANG_WARN_STRICT_PROTOTYPES = YES;
				CLANG_WARN_SUSPICIOUS_MOVE = YES;
				CLANG_WARN_UNGUARDED_AVAILABILITY = YES_AGGRESSIVE;
				CLANG_WARN_UNREACHABLE_CODE = YES;
				CLANG_WARN__DUPLICATE_METHOD_MATCH = YES;
				COPY_PHASE_STRIP = NO;
				DEBUG_INFORMATION_FORMAT = "dwarf-with-dsym";
				ENABLE_NS_ASSERTIONS = NO;
				ENABLE_STRICT_OBJC_MSGSEND = YES;
				ENABLE_USER_SCRIPT_SANDBOXING = YES;
				GCC_C_LANGUAGE_STANDARD = gnu17;
				GCC_NO_COMMON_BLOCKS = YES;
				GCC_WARN_64_TO_32_BIT_CONVERSION = YES;
				GCC_WARN_ABOUT_RETURN_TYPE = YES_ERROR;
				GCC_WARN_UNDECLARED_SELECTOR = YES;
				GCC_WARN_UNINITIALIZED_AUTOS = YES_AGGRESSIVE;
				GCC_WARN_UNUSED_FUNCTION = YES;
				GCC_WARN_UNUSED_VARIABLE = YES;
				IPHONEOS_DEPLOYMENT_TARGET = 17.2;
				LOCALIZATION_PREFERS_STRING_CATALOGS = YES;
				MTL_ENABLE_DEBUG_INFO = NO;
				MTL_FAST_MATH = YES;
				SDKROOT = iphoneos;
				SWIFT_COMPILATION_MODE = wholemodule;
				VALIDATE_PRODUCT = YES;
			};
			name = Release;
		};
		4EAC05A32B6D0F7A00CCAD89 /* Debug */ = {
			isa = XCBuildConfiguration;
			buildSettings = {
				ASSETCATALOG_COMPILER_APPICON_NAME = AppIcon;
				ASSETCATALOG_COMPILER_GLOBAL_ACCENT_COLOR_NAME = AccentColor;
				CODE_SIGN_STYLE = Automatic;
				CURRENT_PROJECT_VERSION = 1;
				DEVELOPMENT_ASSET_PATHS = "\"10th/Preview Content\"";
				ENABLE_PREVIEWS = YES;
				GENERATE_INFOPLIST_FILE = YES;
				INFOPLIST_KEY_UIApplicationSceneManifest_Generation = YES;
				INFOPLIST_KEY_UIApplicationSupportsIndirectInputEvents = YES;
				INFOPLIST_KEY_UILaunchScreen_Generation = YES;
				INFOPLIST_KEY_UISupportedInterfaceOrientations_iPad = "UIInterfaceOrientationPortrait UIInterfaceOrientationPortraitUpsideDown UIInterfaceOrientationLandscapeLeft UIInterfaceOrientationLandscapeRight";
				INFOPLIST_KEY_UISupportedInterfaceOrientations_iPhone = "UIInterfaceOrientationPortrait UIInterfaceOrientationLandscapeLeft UIInterfaceOrientationLandscapeRight";
				LD_RUNPATH_SEARCH_PATHS = (
					"$(inherited)",
					"@executable_path/Frameworks",
				);
				MARKETING_VERSION = 1.0;
				PRODUCT_BUNDLE_IDENTIFIER = "com.sh.hee.-0th";
				PRODUCT_NAME = "$(TARGET_NAME)";
				SWIFT_EMIT_LOC_STRINGS = YES;
				SWIFT_VERSION = 5.0;
				TARGETED_DEVICE_FAMILY = "1,2";
			};
			name = Debug;
		};
		4EAC05A42B6D0F7A00CCAD89 /* Release */ = {
			isa = XCBuildConfiguration;
			buildSettings = {
				ASSETCATALOG_COMPILER_APPICON_NAME = AppIcon;
				ASSETCATALOG_COMPILER_GLOBAL_ACCENT_COLOR_NAME = AccentColor;
				CODE_SIGN_STYLE = Automatic;
				CURRENT_PROJECT_VERSION = 1;
				DEVELOPMENT_ASSET_PATHS = "\"10th/Preview Content\"";
				ENABLE_PREVIEWS = YES;
				GENERATE_INFOPLIST_FILE = YES;
				INFOPLIST_KEY_UIApplicationSceneManifest_Generation = YES;
				INFOPLIST_KEY_UIApplicationSupportsIndirectInputEvents = YES;
				INFOPLIST_KEY_UILaunchScreen_Generation = YES;
				INFOPLIST_KEY_UISupportedInterfaceOrientations_iPad = "UIInterfaceOrientationPortrait UIInterfaceOrientationPortraitUpsideDown UIInterfaceOrientationLandscapeLeft UIInterfaceOrientationLandscapeRight";
				INFOPLIST_KEY_UISupportedInterfaceOrientations_iPhone = "UIInterfaceOrientationPortrait UIInterfaceOrientationLandscapeLeft UIInterfaceOrientationLandscapeRight";
				LD_RUNPATH_SEARCH_PATHS = (
					"$(inherited)",
					"@executable_path/Frameworks",
				);
				MARKETING_VERSION = 1.0;
				PRODUCT_BUNDLE_IDENTIFIER = "com.sh.hee.-0th";
				PRODUCT_NAME = "$(TARGET_NAME)";
				SWIFT_EMIT_LOC_STRINGS = YES;
				SWIFT_VERSION = 5.0;
				TARGETED_DEVICE_FAMILY = "1,2";
			};
			name = Release;
		};
		4EAC05A62B6D0F7A00CCAD89 /* Debug */ = {
			isa = XCBuildConfiguration;
			buildSettings = {
				ALWAYS_EMBED_SWIFT_STANDARD_LIBRARIES = YES;
				BUNDLE_LOADER = "$(TEST_HOST)";
				CODE_SIGN_STYLE = Automatic;
				CURRENT_PROJECT_VERSION = 1;
				GENERATE_INFOPLIST_FILE = YES;
				IPHONEOS_DEPLOYMENT_TARGET = 17.2;
				MARKETING_VERSION = 1.0;
				PRODUCT_BUNDLE_IDENTIFIER = "com.sh.hee.-0thTests";
				PRODUCT_NAME = "$(TARGET_NAME)";
				SWIFT_EMIT_LOC_STRINGS = NO;
				SWIFT_VERSION = 5.0;
				TARGETED_DEVICE_FAMILY = "1,2";
				TEST_HOST = "$(BUILT_PRODUCTS_DIR)/10th.app/$(BUNDLE_EXECUTABLE_FOLDER_PATH)/10th";
			};
			name = Debug;
		};
		4EAC05A72B6D0F7A00CCAD89 /* Release */ = {
			isa = XCBuildConfiguration;
			buildSettings = {
				ALWAYS_EMBED_SWIFT_STANDARD_LIBRARIES = YES;
				BUNDLE_LOADER = "$(TEST_HOST)";
				CODE_SIGN_STYLE = Automatic;
				CURRENT_PROJECT_VERSION = 1;
				GENERATE_INFOPLIST_FILE = YES;
				IPHONEOS_DEPLOYMENT_TARGET = 17.2;
				MARKETING_VERSION = 1.0;
				PRODUCT_BUNDLE_IDENTIFIER = "com.sh.hee.-0thTests";
				PRODUCT_NAME = "$(TARGET_NAME)";
				SWIFT_EMIT_LOC_STRINGS = NO;
				SWIFT_VERSION = 5.0;
				TARGETED_DEVICE_FAMILY = "1,2";
				TEST_HOST = "$(BUILT_PRODUCTS_DIR)/10th.app/$(BUNDLE_EXECUTABLE_FOLDER_PATH)/10th";
			};
			name = Release;
		};
		4EAC05A92B6D0F7A00CCAD89 /* Debug */ = {
			isa = XCBuildConfiguration;
			buildSettings = {
				ALWAYS_EMBED_SWIFT_STANDARD_LIBRARIES = YES;
				CODE_SIGN_STYLE = Automatic;
				CURRENT_PROJECT_VERSION = 1;
				GENERATE_INFOPLIST_FILE = YES;
				MARKETING_VERSION = 1.0;
				PRODUCT_BUNDLE_IDENTIFIER = "com.sh.hee.-0thUITests";
				PRODUCT_NAME = "$(TARGET_NAME)";
				SWIFT_EMIT_LOC_STRINGS = NO;
				SWIFT_VERSION = 5.0;
				TARGETED_DEVICE_FAMILY = "1,2";
				TEST_TARGET_NAME = 10th;
			};
			name = Debug;
		};
		4EAC05AA2B6D0F7A00CCAD89 /* Release */ = {
			isa = XCBuildConfiguration;
			buildSettings = {
				ALWAYS_EMBED_SWIFT_STANDARD_LIBRARIES = YES;
				CODE_SIGN_STYLE = Automatic;
				CURRENT_PROJECT_VERSION = 1;
				GENERATE_INFOPLIST_FILE = YES;
				MARKETING_VERSION = 1.0;
				PRODUCT_BUNDLE_IDENTIFIER = "com.sh.hee.-0thUITests";
				PRODUCT_NAME = "$(TARGET_NAME)";
				SWIFT_EMIT_LOC_STRINGS = NO;
				SWIFT_VERSION = 5.0;
				TARGETED_DEVICE_FAMILY = "1,2";
				TEST_TARGET_NAME = 10th;
			};
			name = Release;
		};
/* End XCBuildConfiguration section */

/* Begin XCConfigurationList section */
		4EAC05792B6D0F7600CCAD89 /* Build configuration list for PBXProject "10th" */ = {
			isa = XCConfigurationList;
			buildConfigurations = (
				4EAC05A02B6D0F7A00CCAD89 /* Debug */,
				4EAC05A12B6D0F7A00CCAD89 /* Release */,
			);
			defaultConfigurationIsVisible = 0;
			defaultConfigurationName = Release;
		};
		4EAC05A22B6D0F7A00CCAD89 /* Build configuration list for PBXNativeTarget "10th" */ = {
			isa = XCConfigurationList;
			buildConfigurations = (
				4EAC05A32B6D0F7A00CCAD89 /* Debug */,
				4EAC05A42B6D0F7A00CCAD89 /* Release */,
			);
			defaultConfigurationIsVisible = 0;
			defaultConfigurationName = Release;
		};
		4EAC05A52B6D0F7A00CCAD89 /* Build configuration list for PBXNativeTarget "10thTests" */ = {
			isa = XCConfigurationList;
			buildConfigurations = (
				4EAC05A62B6D0F7A00CCAD89 /* Debug */,
				4EAC05A72B6D0F7A00CCAD89 /* Release */,
			);
			defaultConfigurationIsVisible = 0;
			defaultConfigurationName = Release;
		};
		4EAC05A82B6D0F7A00CCAD89 /* Build configuration list for PBXNativeTarget "10thUITests" */ = {
			isa = XCConfigurationList;
			buildConfigurations = (
				4EAC05A92B6D0F7A00CCAD89 /* Debug */,
				4EAC05AA2B6D0F7A00CCAD89 /* Release */,
			);
			defaultConfigurationIsVisible = 0;
			defaultConfigurationName = Release;
		};
/* End XCConfigurationList section */
	};
	rootObject = 4EAC05762B6D0F7600CCAD89 /* Project object */;
}
