// !$*UTF8*$!
{
	archiveVersion = 1;
	classes = {
	};
	objectVersion = 56;
	objects = {

/* Begin PBXBuildFile section */
		4EAC07342B78A49700CCAD89 /* _th_trainingApp.swift in Sources */ = {isa = PBXBuildFile; fileRef = 4EAC07332B78A49700CCAD89 /* _th_trainingApp.swift */; };
		4EAC07362B78A49700CCAD89 /* ContentView.swift in Sources */ = {isa = PBXBuildFile; fileRef = 4EAC07352B78A49700CCAD89 /* ContentView.swift */; };
		4EAC07382B78A4A300CCAD89 /* Assets.xcassets in Resources */ = {isa = PBXBuildFile; fileRef = 4EAC07372B78A4A300CCAD89 /* Assets.xcassets */; };
		4EAC073B2B78A4A300CCAD89 /* Preview Assets.xcassets in Resources */ = {isa = PBXBuildFile; fileRef = 4EAC073A2B78A4A300CCAD89 /* Preview Assets.xcassets */; };
		4EAC07452B78A4A300CCAD89 /* _th_trainingTests.swift in Sources */ = {isa = PBXBuildFile; fileRef = 4EAC07442B78A4A300CCAD89 /* _th_trainingTests.swift */; };
		4EAC074F2B78A4A300CCAD89 /* _th_trainingUITests.swift in Sources */ = {isa = PBXBuildFile; fileRef = 4EAC074E2B78A4A300CCAD89 /* _th_trainingUITests.swift */; };
		4EAC07512B78A4A300CCAD89 /* _th_trainingUITestsLaunchTests.swift in Sources */ = {isa = PBXBuildFile; fileRef = 4EAC07502B78A4A300CCAD89 /* _th_trainingUITestsLaunchTests.swift */; };
		4EAC07602B78A5EB00CCAD89 /* second_view.swift in Sources */ = {isa = PBXBuildFile; fileRef = 4EAC075F2B78A5EB00CCAD89 /* second_view.swift */; };
		4EAC07622B78AAC200CCAD89 /* third_view.swift in Sources */ = {isa = PBXBuildFile; fileRef = 4EAC07612B78AAC200CCAD89 /* third_view.swift */; };
/* End PBXBuildFile section */

/* Begin PBXContainerItemProxy section */
		4EAC07412B78A4A300CCAD89 /* PBXContainerItemProxy */ = {
			isa = PBXContainerItemProxy;
			containerPortal = 4EAC07282B78A49700CCAD89 /* Project object */;
			proxyType = 1;
			remoteGlobalIDString = 4EAC072F2B78A49700CCAD89;
			remoteInfo = 8th_training;
		};
		4EAC074B2B78A4A300CCAD89 /* PBXContainerItemProxy */ = {
			isa = PBXContainerItemProxy;
			containerPortal = 4EAC07282B78A49700CCAD89 /* Project object */;
			proxyType = 1;
			remoteGlobalIDString = 4EAC072F2B78A49700CCAD89;
			remoteInfo = 8th_training;
		};
/* End PBXContainerItemProxy section */

/* Begin PBXFileReference section */
		4EAC07302B78A49700CCAD89 /* 8th_training.app */ = {isa = PBXFileReference; explicitFileType = wrapper.application; includeInIndex = 0; path = 8th_training.app; sourceTree = BUILT_PRODUCTS_DIR; };
		4EAC07332B78A49700CCAD89 /* _th_trainingApp.swift */ = {isa = PBXFileReference; lastKnownFileType = sourcecode.swift; path = _th_trainingApp.swift; sourceTree = "<group>"; };
		4EAC07352B78A49700CCAD89 /* ContentView.swift */ = {isa = PBXFileReference; lastKnownFileType = sourcecode.swift; path = ContentView.swift; sourceTree = "<group>"; };
		4EAC07372B78A4A300CCAD89 /* Assets.xcassets */ = {isa = PBXFileReference; lastKnownFileType = folder.assetcatalog; path = Assets.xcassets; sourceTree = "<group>"; };
		4EAC073A2B78A4A300CCAD89 /* Preview Assets.xcassets */ = {isa = PBXFileReference; lastKnownFileType = folder.assetcatalog; path = "Preview Assets.xcassets"; sourceTree = "<group>"; };
		4EAC07402B78A4A300CCAD89 /* 8th_trainingTests.xctest */ = {isa = PBXFileReference; explicitFileType = wrapper.cfbundle; includeInIndex = 0; path = 8th_trainingTests.xctest; sourceTree = BUILT_PRODUCTS_DIR; };
		4EAC07442B78A4A300CCAD89 /* _th_trainingTests.swift */ = {isa = PBXFileReference; lastKnownFileType = sourcecode.swift; path = _th_trainingTests.swift; sourceTree = "<group>"; };
		4EAC074A2B78A4A300CCAD89 /* 8th_trainingUITests.xctest */ = {isa = PBXFileReference; explicitFileType = wrapper.cfbundle; includeInIndex = 0; path = 8th_trainingUITests.xctest; sourceTree = BUILT_PRODUCTS_DIR; };
		4EAC074E2B78A4A300CCAD89 /* _th_trainingUITests.swift */ = {isa = PBXFileReference; lastKnownFileType = sourcecode.swift; path = _th_trainingUITests.swift; sourceTree = "<group>"; };
		4EAC07502B78A4A300CCAD89 /* _th_trainingUITestsLaunchTests.swift */ = {isa = PBXFileReference; lastKnownFileType = sourcecode.swift; path = _th_trainingUITestsLaunchTests.swift; sourceTree = "<group>"; };
		4EAC075F2B78A5EB00CCAD89 /* second_view.swift */ = {isa = PBXFileReference; lastKnownFileType = sourcecode.swift; path = second_view.swift; sourceTree = "<group>"; };
		4EAC07612B78AAC200CCAD89 /* third_view.swift */ = {isa = PBXFileReference; lastKnownFileType = sourcecode.swift; path = third_view.swift; sourceTree = "<group>"; };
/* End PBXFileReference section */

/* Begin PBXFrameworksBuildPhase section */
		4EAC072D2B78A49700CCAD89 /* Frameworks */ = {
			isa = PBXFrameworksBuildPhase;
			buildActionMask = 2147483647;
			files = (
			);
			runOnlyForDeploymentPostprocessing = 0;
		};
		4EAC073D2B78A4A300CCAD89 /* Frameworks */ = {
			isa = PBXFrameworksBuildPhase;
			buildActionMask = 2147483647;
			files = (
			);
			runOnlyForDeploymentPostprocessing = 0;
		};
		4EAC07472B78A4A300CCAD89 /* Frameworks */ = {
			isa = PBXFrameworksBuildPhase;
			buildActionMask = 2147483647;
			files = (
			);
			runOnlyForDeploymentPostprocessing = 0;
		};
/* End PBXFrameworksBuildPhase section */

/* Begin PBXGroup section */
		4EAC07272B78A49700CCAD89 = {
			isa = PBXGroup;
			children = (
				4EAC07322B78A49700CCAD89 /* 8th_training */,
				4EAC07432B78A4A300CCAD89 /* 8th_trainingTests */,
				4EAC074D2B78A4A300CCAD89 /* 8th_trainingUITests */,
				4EAC07312B78A49700CCAD89 /* Products */,
			);
			sourceTree = "<group>";
		};
		4EAC07312B78A49700CCAD89 /* Products */ = {
			isa = PBXGroup;
			children = (
				4EAC07302B78A49700CCAD89 /* 8th_training.app */,
				4EAC07402B78A4A300CCAD89 /* 8th_trainingTests.xctest */,
				4EAC074A2B78A4A300CCAD89 /* 8th_trainingUITests.xctest */,
			);
			name = Products;
			sourceTree = "<group>";
		};
		4EAC07322B78A49700CCAD89 /* 8th_training */ = {
			isa = PBXGroup;
			children = (
				4EAC07332B78A49700CCAD89 /* _th_trainingApp.swift */,
				4EAC07352B78A49700CCAD89 /* ContentView.swift */,
				4EAC075F2B78A5EB00CCAD89 /* second_view.swift */,
				4EAC07612B78AAC200CCAD89 /* third_view.swift */,
				4EAC07372B78A4A300CCAD89 /* Assets.xcassets */,
				4EAC07392B78A4A300CCAD89 /* Preview Content */,
			);
			path = 8th_training;
			sourceTree = "<group>";
		};
		4EAC07392B78A4A300CCAD89 /* Preview Content */ = {
			isa = PBXGroup;
			children = (
				4EAC073A2B78A4A300CCAD89 /* Preview Assets.xcassets */,
			);
			path = "Preview Content";
			sourceTree = "<group>";
		};
		4EAC07432B78A4A300CCAD89 /* 8th_trainingTests */ = {
			isa = PBXGroup;
			children = (
				4EAC07442B78A4A300CCAD89 /* _th_trainingTests.swift */,
			);
			path = 8th_trainingTests;
			sourceTree = "<group>";
		};
		4EAC074D2B78A4A300CCAD89 /* 8th_trainingUITests */ = {
			isa = PBXGroup;
			children = (
				4EAC074E2B78A4A300CCAD89 /* _th_trainingUITests.swift */,
				4EAC07502B78A4A300CCAD89 /* _th_trainingUITestsLaunchTests.swift */,
			);
			path = 8th_trainingUITests;
			sourceTree = "<group>";
		};
/* End PBXGroup section */

/* Begin PBXNativeTarget section */
		4EAC072F2B78A49700CCAD89 /* 8th_training */ = {
			isa = PBXNativeTarget;
			buildConfigurationList = 4EAC07542B78A4A300CCAD89 /* Build configuration list for PBXNativeTarget "8th_training" */;
			buildPhases = (
				4EAC072C2B78A49700CCAD89 /* Sources */,
				4EAC072D2B78A49700CCAD89 /* Frameworks */,
				4EAC072E2B78A49700CCAD89 /* Resources */,
			);
			buildRules = (
			);
			dependencies = (
			);
			name = 8th_training;
			productName = 8th_training;
			productReference = 4EAC07302B78A49700CCAD89 /* 8th_training.app */;
			productType = "com.apple.product-type.application";
		};
		4EAC073F2B78A4A300CCAD89 /* 8th_trainingTests */ = {
			isa = PBXNativeTarget;
			buildConfigurationList = 4EAC07572B78A4A300CCAD89 /* Build configuration list for PBXNativeTarget "8th_trainingTests" */;
			buildPhases = (
				4EAC073C2B78A4A300CCAD89 /* Sources */,
				4EAC073D2B78A4A300CCAD89 /* Frameworks */,
				4EAC073E2B78A4A300CCAD89 /* Resources */,
			);
			buildRules = (
			);
			dependencies = (
				4EAC07422B78A4A300CCAD89 /* PBXTargetDependency */,
			);
			name = 8th_trainingTests;
			productName = 8th_trainingTests;
			productReference = 4EAC07402B78A4A300CCAD89 /* 8th_trainingTests.xctest */;
			productType = "com.apple.product-type.bundle.unit-test";
		};
		4EAC07492B78A4A300CCAD89 /* 8th_trainingUITests */ = {
			isa = PBXNativeTarget;
			buildConfigurationList = 4EAC075A2B78A4A300CCAD89 /* Build configuration list for PBXNativeTarget "8th_trainingUITests" */;
			buildPhases = (
				4EAC07462B78A4A300CCAD89 /* Sources */,
				4EAC07472B78A4A300CCAD89 /* Frameworks */,
				4EAC07482B78A4A300CCAD89 /* Resources */,
			);
			buildRules = (
			);
			dependencies = (
				4EAC074C2B78A4A300CCAD89 /* PBXTargetDependency */,
			);
			name = 8th_trainingUITests;
			productName = 8th_trainingUITests;
			productReference = 4EAC074A2B78A4A300CCAD89 /* 8th_trainingUITests.xctest */;
			productType = "com.apple.product-type.bundle.ui-testing";
		};
/* End PBXNativeTarget section */

/* Begin PBXProject section */
		4EAC07282B78A49700CCAD89 /* Project object */ = {
			isa = PBXProject;
			attributes = {
				BuildIndependentTargetsInParallel = 1;
				LastSwiftUpdateCheck = 1510;
				LastUpgradeCheck = 1510;
				TargetAttributes = {
					4EAC072F2B78A49700CCAD89 = {
						CreatedOnToolsVersion = 15.1;
					};
					4EAC073F2B78A4A300CCAD89 = {
						CreatedOnToolsVersion = 15.1;
						TestTargetID = 4EAC072F2B78A49700CCAD89;
					};
					4EAC07492B78A4A300CCAD89 = {
						CreatedOnToolsVersion = 15.1;
						TestTargetID = 4EAC072F2B78A49700CCAD89;
					};
				};
			};
			buildConfigurationList = 4EAC072B2B78A49700CCAD89 /* Build configuration list for PBXProject "8th_training" */;
			compatibilityVersion = "Xcode 14.0";
			developmentRegion = en;
			hasScannedForEncodings = 0;
			knownRegions = (
				en,
				Base,
			);
			mainGroup = 4EAC07272B78A49700CCAD89;
			productRefGroup = 4EAC07312B78A49700CCAD89 /* Products */;
			projectDirPath = "";
			projectRoot = "";
			targets = (
				4EAC072F2B78A49700CCAD89 /* 8th_training */,
				4EAC073F2B78A4A300CCAD89 /* 8th_trainingTests */,
				4EAC07492B78A4A300CCAD89 /* 8th_trainingUITests */,
			);
		};
/* End PBXProject section */

/* Begin PBXResourcesBuildPhase section */
		4EAC072E2B78A49700CCAD89 /* Resources */ = {
			isa = PBXResourcesBuildPhase;
			buildActionMask = 2147483647;
			files = (
				4EAC073B2B78A4A300CCAD89 /* Preview Assets.xcassets in Resources */,
				4EAC07382B78A4A300CCAD89 /* Assets.xcassets in Resources */,
			);
			runOnlyForDeploymentPostprocessing = 0;
		};
		4EAC073E2B78A4A300CCAD89 /* Resources */ = {
			isa = PBXResourcesBuildPhase;
			buildActionMask = 2147483647;
			files = (
			);
			runOnlyForDeploymentPostprocessing = 0;
		};
		4EAC07482B78A4A300CCAD89 /* Resources */ = {
			isa = PBXResourcesBuildPhase;
			buildActionMask = 2147483647;
			files = (
			);
			runOnlyForDeploymentPostprocessing = 0;
		};
/* End PBXResourcesBuildPhase section */

/* Begin PBXSourcesBuildPhase section */
		4EAC072C2B78A49700CCAD89 /* Sources */ = {
			isa = PBXSourcesBuildPhase;
			buildActionMask = 2147483647;
			files = (
				4EAC07622B78AAC200CCAD89 /* third_view.swift in Sources */,
				4EAC07362B78A49700CCAD89 /* ContentView.swift in Sources */,
				4EAC07602B78A5EB00CCAD89 /* second_view.swift in Sources */,
				4EAC07342B78A49700CCAD89 /* _th_trainingApp.swift in Sources */,
			);
			runOnlyForDeploymentPostprocessing = 0;
		};
		4EAC073C2B78A4A300CCAD89 /* Sources */ = {
			isa = PBXSourcesBuildPhase;
			buildActionMask = 2147483647;
			files = (
				4EAC07452B78A4A300CCAD89 /* _th_trainingTests.swift in Sources */,
			);
			runOnlyForDeploymentPostprocessing = 0;
		};
		4EAC07462B78A4A300CCAD89 /* Sources */ = {
			isa = PBXSourcesBuildPhase;
			buildActionMask = 2147483647;
			files = (
				4EAC07512B78A4A300CCAD89 /* _th_trainingUITestsLaunchTests.swift in Sources */,
				4EAC074F2B78A4A300CCAD89 /* _th_trainingUITests.swift in Sources */,
			);
			runOnlyForDeploymentPostprocessing = 0;
		};
/* End PBXSourcesBuildPhase section */

/* Begin PBXTargetDependency section */
		4EAC07422B78A4A300CCAD89 /* PBXTargetDependency */ = {
			isa = PBXTargetDependency;
			target = 4EAC072F2B78A49700CCAD89 /* 8th_training */;
			targetProxy = 4EAC07412B78A4A300CCAD89 /* PBXContainerItemProxy */;
		};
		4EAC074C2B78A4A300CCAD89 /* PBXTargetDependency */ = {
			isa = PBXTargetDependency;
			target = 4EAC072F2B78A49700CCAD89 /* 8th_training */;
			targetProxy = 4EAC074B2B78A4A300CCAD89 /* PBXContainerItemProxy */;
		};
/* End PBXTargetDependency section */

/* Begin XCBuildConfiguration section */
		4EAC07522B78A4A300CCAD89 /* Debug */ = {
			isa = XCBuildConfiguration;
			buildSettings = {
				ALWAYS_SEARCH_USER_PATHS = NO;
				ASSETCATALOG_COMPILER_GENERATE_SWIFT_ASSET_SYMBOL_EXTENSIONS = YES;
				CLANG_ANALYZER_NONNULL = YES;
				CLANG_ANALYZER_NUMBER_OBJECT_CONVERSION = YES_AGGRESSIVE;
				CLANG_CXX_LANGUAGE_STANDARD = "gnu++20";
				CLANG_ENABLE_MODULES = YES;
				CLANG_ENABLE_OBJC_ARC = YES;
				CLANG_ENABLE_OBJC_WEAK = YES;
				CLANG_WARN_BLOCK_CAPTURE_AUTORELEASING = YES;
				CLANG_WARN_BOOL_CONVERSION = YES;
				CLANG_WARN_COMMA = YES;
				CLANG_WARN_CONSTANT_CONVERSION = YES;
				CLANG_WARN_DEPRECATED_OBJC_IMPLEMENTATIONS = YES;
				CLANG_WARN_DIRECT_OBJC_ISA_USAGE = YES_ERROR;
				CLANG_WARN_DOCUMENTATION_COMMENTS = YES;
				CLANG_WARN_EMPTY_BODY = YES;
				CLANG_WARN_ENUM_CONVERSION = YES;
				CLANG_WARN_INFINITE_RECURSION = YES;
				CLANG_WARN_INT_CONVERSION = YES;
				CLANG_WARN_NON_LITERAL_NULL_CONVERSION = YES;
				CLANG_WARN_OBJC_IMPLICIT_RETAIN_SELF = YES;
				CLANG_WARN_OBJC_LITERAL_CONVERSION = YES;
				CLANG_WARN_OBJC_ROOT_CLASS = YES_ERROR;
				CLANG_WARN_QUOTED_INCLUDE_IN_FRAMEWORK_HEADER = YES;
				CLANG_WARN_RANGE_LOOP_ANALYSIS = YES;
				CLANG_WARN_STRICT_PROTOTYPES = YES;
				CLANG_WARN_SUSPICIOUS_MOVE = YES;
				CLANG_WARN_UNGUARDED_AVAILABILITY = YES_AGGRESSIVE;
				CLANG_WARN_UNREACHABLE_CODE = YES;
				CLANG_WARN__DUPLICATE_METHOD_MATCH = YES;
				COPY_PHASE_STRIP = NO;
				DEBUG_INFORMATION_FORMAT = dwarf;
				ENABLE_STRICT_OBJC_MSGSEND = YES;
				ENABLE_TESTABILITY = YES;
				ENABLE_USER_SCRIPT_SANDBOXING = YES;
				GCC_C_LANGUAGE_STANDARD = gnu17;
				GCC_DYNAMIC_NO_PIC = NO;
				GCC_NO_COMMON_BLOCKS = YES;
				GCC_OPTIMIZATION_LEVEL = 0;
				GCC_PREPROCESSOR_DEFINITIONS = (
					"DEBUG=1",
					"$(inherited)",
				);
				GCC_WARN_64_TO_32_BIT_CONVERSION = YES;
				GCC_WARN_ABOUT_RETURN_TYPE = YES_ERROR;
				GCC_WARN_UNDECLARED_SELECTOR = YES;
				GCC_WARN_UNINITIALIZED_AUTOS = YES_AGGRESSIVE;
				GCC_WARN_UNUSED_FUNCTION = YES;
				GCC_WARN_UNUSED_VARIABLE = YES;
				IPHONEOS_DEPLOYMENT_TARGET = 17.2;
				LOCALIZATION_PREFERS_STRING_CATALOGS = YES;
				MTL_ENABLE_DEBUG_INFO = INCLUDE_SOURCE;
				MTL_FAST_MATH = YES;
				ONLY_ACTIVE_ARCH = YES;
				SDKROOT = iphoneos;
				SWIFT_ACTIVE_COMPILATION_CONDITIONS = "DEBUG $(inherited)";
				SWIFT_OPTIMIZATION_LEVEL = "-Onone";
			};
			name = Debug;
		};
		4EAC07532B78A4A300CCAD89 /* Release */ = {
			isa = XCBuildConfiguration;
			buildSettings = {
				ALWAYS_SEARCH_USER_PATHS = NO;
				ASSETCATALOG_COMPILER_GENERATE_SWIFT_ASSET_SYMBOL_EXTENSIONS = YES;
				CLANG_ANALYZER_NONNULL = YES;
				CLANG_ANALYZER_NUMBER_OBJECT_CONVERSION = YES_AGGRESSIVE;
				CLANG_CXX_LANGUAGE_STANDARD = "gnu++20";
				CLANG_ENABLE_MODULES = YES;
				CLANG_ENABLE_OBJC_ARC = YES;
				CLANG_ENABLE_OBJC_WEAK = YES;
				CLANG_WARN_BLOCK_CAPTURE_AUTORELEASING = YES;
				CLANG_WARN_BOOL_CONVERSION = YES;
				CLANG_WARN_COMMA = YES;
				CLANG_WARN_CONSTANT_CONVERSION = YES;
				CLANG_WARN_DEPRECATED_OBJC_IMPLEMENTATIONS = YES;
				CLANG_WARN_DIRECT_OBJC_ISA_USAGE = YES_ERROR;
				CLANG_WARN_DOCUMENTATION_COMMENTS = YES;
				CLANG_WARN_EMPTY_BODY = YES;
				CLANG_WARN_ENUM_CONVERSION = YES;
				CLANG_WARN_INFINITE_RECURSION = YES;
				CLANG_WARN_INT_CONVERSION = YES;
				CLANG_WARN_NON_LITERAL_NULL_CONVERSION = YES;
				CLANG_WARN_OBJC_IMPLICIT_RETAIN_SELF = YES;
				CLANG_WARN_OBJC_LITERAL_CONVERSION = YES;
				CLANG_WARN_OBJC_ROOT_CLASS = YES_ERROR;
				CLANG_WARN_QUOTED_INCLUDE_IN_FRAMEWORK_HEADER = YES;
				CLANG_WARN_RANGE_LOOP_ANALYSIS = YES;
				CLANG_WARN_STRICT_PROTOTYPES = YES;
				CLANG_WARN_SUSPICIOUS_MOVE = YES;
				CLANG_WARN_UNGUARDED_AVAILABILITY = YES_AGGRESSIVE;
				CLANG_WARN_UNREACHABLE_CODE = YES;
				CLANG_WARN__DUPLICATE_METHOD_MATCH = YES;
				COPY_PHASE_STRIP = NO;
				DEBUG_INFORMATION_FORMAT = "dwarf-with-dsym";
				ENABLE_NS_ASSERTIONS = NO;
				ENABLE_STRICT_OBJC_MSGSEND = YES;
				ENABLE_USER_SCRIPT_SANDBOXING = YES;
				GCC_C_LANGUAGE_STANDARD = gnu17;
				GCC_NO_COMMON_BLOCKS = YES;
				GCC_WARN_64_TO_32_BIT_CONVERSION = YES;
				GCC_WARN_ABOUT_RETURN_TYPE = YES_ERROR;
				GCC_WARN_UNDECLARED_SELECTOR = YES;
				GCC_WARN_UNINITIALIZED_AUTOS = YES_AGGRESSIVE;
				GCC_WARN_UNUSED_FUNCTION = YES;
				GCC_WARN_UNUSED_VARIABLE = YES;
				IPHONEOS_DEPLOYMENT_TARGET = 17.2;
				LOCALIZATION_PREFERS_STRING_CATALOGS = YES;
				MTL_ENABLE_DEBUG_INFO = NO;
				MTL_FAST_MATH = YES;
				SDKROOT = iphoneos;
				SWIFT_COMPILATION_MODE = wholemodule;
				VALIDATE_PRODUCT = YES;
			};
			name = Release;
		};
		4EAC07552B78A4A300CCAD89 /* Debug */ = {
			isa = XCBuildConfiguration;
			buildSettings = {
				ASSETCATALOG_COMPILER_APPICON_NAME = AppIcon;
				ASSETCATALOG_COMPILER_GLOBAL_ACCENT_COLOR_NAME = AccentColor;
				CODE_SIGN_STYLE = Automatic;
				CURRENT_PROJECT_VERSION = 1;
				DEVELOPMENT_ASSET_PATHS = "\"8th_training/Preview Content\"";
				ENABLE_PREVIEWS = YES;
				GENERATE_INFOPLIST_FILE = YES;
				INFOPLIST_KEY_UIApplicationSceneManifest_Generation = YES;
				INFOPLIST_KEY_UIApplicationSupportsIndirectInputEvents = YES;
				INFOPLIST_KEY_UILaunchScreen_Generation = YES;
				INFOPLIST_KEY_UISupportedInterfaceOrientations_iPad = "UIInterfaceOrientationPortrait UIInterfaceOrientationPortraitUpsideDown UIInterfaceOrientationLandscapeLeft UIInterfaceOrientationLandscapeRight";
				INFOPLIST_KEY_UISupportedInterfaceOrientations_iPhone = "UIInterfaceOrientationPortrait UIInterfaceOrientationLandscapeLeft UIInterfaceOrientationLandscapeRight";
				LD_RUNPATH_SEARCH_PATHS = (
					"$(inherited)",
					"@executable_path/Frameworks",
				);
				MARKETING_VERSION = 1.0;
				PRODUCT_BUNDLE_IDENTIFIER = "com.sh.hee.-th-training";
				PRODUCT_NAME = "$(TARGET_NAME)";
				SWIFT_EMIT_LOC_STRINGS = YES;
				SWIFT_VERSION = 5.0;
				TARGETED_DEVICE_FAMILY = "1,2";
			};
			name = Debug;
		};
		4EAC07562B78A4A300CCAD89 /* Release */ = {
			isa = XCBuildConfiguration;
			buildSettings = {
				ASSETCATALOG_COMPILER_APPICON_NAME = AppIcon;
				ASSETCATALOG_COMPILER_GLOBAL_ACCENT_COLOR_NAME = AccentColor;
				CODE_SIGN_STYLE = Automatic;
				CURRENT_PROJECT_VERSION = 1;
				DEVELOPMENT_ASSET_PATHS = "\"8th_training/Preview Content\"";
				ENABLE_PREVIEWS = YES;
				GENERATE_INFOPLIST_FILE = YES;
				INFOPLIST_KEY_UIApplicationSceneManifest_Generation = YES;
				INFOPLIST_KEY_UIApplicationSupportsIndirectInputEvents = YES;
				INFOPLIST_KEY_UILaunchScreen_Generation = YES;
				INFOPLIST_KEY_UISupportedInterfaceOrientations_iPad = "UIInterfaceOrientationPortrait UIInterfaceOrientationPortraitUpsideDown UIInterfaceOrientationLandscapeLeft UIInterfaceOrientationLandscapeRight";
				INFOPLIST_KEY_UISupportedInterfaceOrientations_iPhone = "UIInterfaceOrientationPortrait UIInterfaceOrientationLandscapeLeft UIInterfaceOrientationLandscapeRight";
				LD_RUNPATH_SEARCH_PATHS = (
					"$(inherited)",
					"@executable_path/Frameworks",
				);
				MARKETING_VERSION = 1.0;
				PRODUCT_BUNDLE_IDENTIFIER = "com.sh.hee.-th-training";
				PRODUCT_NAME = "$(TARGET_NAME)";
				SWIFT_EMIT_LOC_STRINGS = YES;
				SWIFT_VERSION = 5.0;
				TARGETED_DEVICE_FAMILY = "1,2";
			};
			name = Release;
		};
		4EAC07582B78A4A300CCAD89 /* Debug */ = {
			isa = XCBuildConfiguration;
			buildSettings = {
				ALWAYS_EMBED_SWIFT_STANDARD_LIBRARIES = YES;
				BUNDLE_LOADER = "$(TEST_HOST)";
				CODE_SIGN_STYLE = Automatic;
				CURRENT_PROJECT_VERSION = 1;
				GENERATE_INFOPLIST_FILE = YES;
				IPHONEOS_DEPLOYMENT_TARGET = 17.2;
				MARKETING_VERSION = 1.0;
				PRODUCT_BUNDLE_IDENTIFIER = "com.sh.hee.-th-trainingTests";
				PRODUCT_NAME = "$(TARGET_NAME)";
				SWIFT_EMIT_LOC_STRINGS = NO;
				SWIFT_VERSION = 5.0;
				TARGETED_DEVICE_FAMILY = "1,2";
				TEST_HOST = "$(BUILT_PRODUCTS_DIR)/8th_training.app/$(BUNDLE_EXECUTABLE_FOLDER_PATH)/8th_training";
			};
			name = Debug;
		};
		4EAC07592B78A4A300CCAD89 /* Release */ = {
			isa = XCBuildConfiguration;
			buildSettings = {
				ALWAYS_EMBED_SWIFT_STANDARD_LIBRARIES = YES;
				BUNDLE_LOADER = "$(TEST_HOST)";
				CODE_SIGN_STYLE = Automatic;
				CURRENT_PROJECT_VERSION = 1;
				GENERATE_INFOPLIST_FILE = YES;
				IPHONEOS_DEPLOYMENT_TARGET = 17.2;
				MARKETING_VERSION = 1.0;
				PRODUCT_BUNDLE_IDENTIFIER = "com.sh.hee.-th-trainingTests";
				PRODUCT_NAME = "$(TARGET_NAME)";
				SWIFT_EMIT_LOC_STRINGS = NO;
				SWIFT_VERSION = 5.0;
				TARGETED_DEVICE_FAMILY = "1,2";
				TEST_HOST = "$(BUILT_PRODUCTS_DIR)/8th_training.app/$(BUNDLE_EXECUTABLE_FOLDER_PATH)/8th_training";
			};
			name = Release;
		};
		4EAC075B2B78A4A300CCAD89 /* Debug */ = {
			isa = XCBuildConfiguration;
			buildSettings = {
				ALWAYS_EMBED_SWIFT_STANDARD_LIBRARIES = YES;
				CODE_SIGN_STYLE = Automatic;
				CURRENT_PROJECT_VERSION = 1;
				GENERATE_INFOPLIST_FILE = YES;
				MARKETING_VERSION = 1.0;
				PRODUCT_BUNDLE_IDENTIFIER = "com.sh.hee.-th-trainingUITests";
				PRODUCT_NAME = "$(TARGET_NAME)";
				SWIFT_EMIT_LOC_STRINGS = NO;
				SWIFT_VERSION = 5.0;
				TARGETED_DEVICE_FAMILY = "1,2";
				TEST_TARGET_NAME = 8th_training;
			};
			name = Debug;
		};
		4EAC075C2B78A4A300CCAD89 /* Release */ = {
			isa = XCBuildConfiguration;
			buildSettings = {
				ALWAYS_EMBED_SWIFT_STANDARD_LIBRARIES = YES;
				CODE_SIGN_STYLE = Automatic;
				CURRENT_PROJECT_VERSION = 1;
				GENERATE_INFOPLIST_FILE = YES;
				MARKETING_VERSION = 1.0;
				PRODUCT_BUNDLE_IDENTIFIER = "com.sh.hee.-th-trainingUITests";
				PRODUCT_NAME = "$(TARGET_NAME)";
				SWIFT_EMIT_LOC_STRINGS = NO;
				SWIFT_VERSION = 5.0;
				TARGETED_DEVICE_FAMILY = "1,2";
				TEST_TARGET_NAME = 8th_training;
			};
			name = Release;
		};
/* End XCBuildConfiguration section */

/* Begin XCConfigurationList section */
		4EAC072B2B78A49700CCAD89 /* Build configuration list for PBXProject "8th_training" */ = {
			isa = XCConfigurationList;
			buildConfigurations = (
				4EAC07522B78A4A300CCAD89 /* Debug */,
				4EAC07532B78A4A300CCAD89 /* Release */,
			);
			defaultConfigurationIsVisible = 0;
			defaultConfigurationName = Release;
		};
		4EAC07542B78A4A300CCAD89 /* Build configuration list for PBXNativeTarget "8th_training" */ = {
			isa = XCConfigurationList;
			buildConfigurations = (
				4EAC07552B78A4A300CCAD89 /* Debug */,
				4EAC07562B78A4A300CCAD89 /* Release */,
			);
			defaultConfigurationIsVisible = 0;
			defaultConfigurationName = Release;
		};
		4EAC07572B78A4A300CCAD89 /* Build configuration list for PBXNativeTarget "8th_trainingTests" */ = {
			isa = XCConfigurationList;
			buildConfigurations = (
				4EAC07582B78A4A300CCAD89 /* Debug */,
				4EAC07592B78A4A300CCAD89 /* Release */,
			);
			defaultConfigurationIsVisible = 0;
			defaultConfigurationName = Release;
		};
		4EAC075A2B78A4A300CCAD89 /* Build configuration list for PBXNativeTarget "8th_trainingUITests" */ = {
			isa = XCConfigurationList;
			buildConfigurations = (
				4EAC075B2B78A4A300CCAD89 /* Debug */,
				4EAC075C2B78A4A300CCAD89 /* Release */,
			);
			defaultConfigurationIsVisible = 0;
			defaultConfigurationName = Release;
		};
/* End XCConfigurationList section */
	};
	rootObject = 4EAC07282B78A49700CCAD89 /* Project object */;
}
