// !$*UTF8*$!
{
	archiveVersion = 1;
	classes = {
	};
	objectVersion = 56;
	objects = {

/* Begin PBXBuildFile section */
		4EAC065A2B6E7F5700CCAD89 /* list_5thApp.swift in Sources */ = {isa = PBXBuildFile; fileRef = 4EAC06592B6E7F5700CCAD89 /* list_5thApp.swift */; };
		4EAC065C2B6E7F5700CCAD89 /* ContentView.swift in Sources */ = {isa = PBXBuildFile; fileRef = 4EAC065B2B6E7F5700CCAD89 /* ContentView.swift */; };
		4EAC065E2B6E7F5A00CCAD89 /* Assets.xcassets in Resources */ = {isa = PBXBuildFile; fileRef = 4EAC065D2B6E7F5A00CCAD89 /* Assets.xcassets */; };
		4EAC06612B6E7F5A00CCAD89 /* Preview Assets.xcassets in Resources */ = {isa = PBXBuildFile; fileRef = 4EAC06602B6E7F5A00CCAD89 /* Preview Assets.xcassets */; };
		4EAC066B2B6E7F5A00CCAD89 /* list_5thTests.swift in Sources */ = {isa = PBXBuildFile; fileRef = 4EAC066A2B6E7F5A00CCAD89 /* list_5thTests.swift */; };
		4EAC06752B6E7F5A00CCAD89 /* list_5thUITests.swift in Sources */ = {isa = PBXBuildFile; fileRef = 4EAC06742B6E7F5A00CCAD89 /* list_5thUITests.swift */; };
		4EAC06772B6E7F5A00CCAD89 /* list_5thUITestsLaunchTests.swift in Sources */ = {isa = PBXBuildFile; fileRef = 4EAC06762B6E7F5A00CCAD89 /* list_5thUITestsLaunchTests.swift */; };
/* End PBXBuildFile section */

/* Begin PBXContainerItemProxy section */
		4EAC06672B6E7F5A00CCAD89 /* PBXContainerItemProxy */ = {
			isa = PBXContainerItemProxy;
			containerPortal = 4EAC064E2B6E7F5700CCAD89 /* Project object */;
			proxyType = 1;
			remoteGlobalIDString = 4EAC06552B6E7F5700CCAD89;
			remoteInfo = list_5th;
		};
		4EAC06712B6E7F5A00CCAD89 /* PBXContainerItemProxy */ = {
			isa = PBXContainerItemProxy;
			containerPortal = 4EAC064E2B6E7F5700CCAD89 /* Project object */;
			proxyType = 1;
			remoteGlobalIDString = 4EAC06552B6E7F5700CCAD89;
			remoteInfo = list_5th;
		};
/* End PBXContainerItemProxy section */

/* Begin PBXFileReference section */
		4EAC06562B6E7F5700CCAD89 /* list_5th.app */ = {isa = PBXFileReference; explicitFileType = wrapper.application; includeInIndex = 0; path = list_5th.app; sourceTree = BUILT_PRODUCTS_DIR; };
		4EAC06592B6E7F5700CCAD89 /* list_5thApp.swift */ = {isa = PBXFileReference; lastKnownFileType = sourcecode.swift; path = list_5thApp.swift; sourceTree = "<group>"; };
		4EAC065B2B6E7F5700CCAD89 /* ContentView.swift */ = {isa = PBXFileReference; lastKnownFileType = sourcecode.swift; path = ContentView.swift; sourceTree = "<group>"; };
		4EAC065D2B6E7F5A00CCAD89 /* Assets.xcassets */ = {isa = PBXFileReference; lastKnownFileType = folder.assetcatalog; path = Assets.xcassets; sourceTree = "<group>"; };
		4EAC06602B6E7F5A00CCAD89 /* Preview Assets.xcassets */ = {isa = PBXFileReference; lastKnownFileType = folder.assetcatalog; path = "Preview Assets.xcassets"; sourceTree = "<group>"; };
		4EAC06662B6E7F5A00CCAD89 /* list_5thTests.xctest */ = {isa = PBXFileReference; explicitFileType = wrapper.cfbundle; includeInIndex = 0; path = list_5thTests.xctest; sourceTree = BUILT_PRODUCTS_DIR; };
		4EAC066A2B6E7F5A00CCAD89 /* list_5thTests.swift */ = {isa = PBXFileReference; lastKnownFileType = sourcecode.swift; path = list_5thTests.swift; sourceTree = "<group>"; };
		4EAC06702B6E7F5A00CCAD89 /* list_5thUITests.xctest */ = {isa = PBXFileReference; explicitFileType = wrapper.cfbundle; includeInIndex = 0; path = list_5thUITests.xctest; sourceTree = BUILT_PRODUCTS_DIR; };
		4EAC06742B6E7F5A00CCAD89 /* list_5thUITests.swift */ = {isa = PBXFileReference; lastKnownFileType = sourcecode.swift; path = list_5thUITests.swift; sourceTree = "<group>"; };
		4EAC06762B6E7F5A00CCAD89 /* list_5thUITestsLaunchTests.swift */ = {isa = PBXFileReference; lastKnownFileType = sourcecode.swift; path = list_5thUITestsLaunchTests.swift; sourceTree = "<group>"; };
/* End PBXFileReference section */

/* Begin PBXFrameworksBuildPhase section */
		4EAC06532B6E7F5700CCAD89 /* Frameworks */ = {
			isa = PBXFrameworksBuildPhase;
			buildActionMask = 2147483647;
			files = (
			);
			runOnlyForDeploymentPostprocessing = 0;
		};
		4EAC06632B6E7F5A00CCAD89 /* Frameworks */ = {
			isa = PBXFrameworksBuildPhase;
			buildActionMask = 2147483647;
			files = (
			);
			runOnlyForDeploymentPostprocessing = 0;
		};
		4EAC066D2B6E7F5A00CCAD89 /* Frameworks */ = {
			isa = PBXFrameworksBuildPhase;
			buildActionMask = 2147483647;
			files = (
			);
			runOnlyForDeploymentPostprocessing = 0;
		};
/* End PBXFrameworksBuildPhase section */

/* Begin PBXGroup section */
		4EAC064D2B6E7F5700CCAD89 = {
			isa = PBXGroup;
			children = (
				4EAC06582B6E7F5700CCAD89 /* list_5th */,
				4EAC06692B6E7F5A00CCAD89 /* list_5thTests */,
				4EAC06732B6E7F5A00CCAD89 /* list_5thUITests */,
				4EAC06572B6E7F5700CCAD89 /* Products */,
			);
			sourceTree = "<group>";
		};
		4EAC06572B6E7F5700CCAD89 /* Products */ = {
			isa = PBXGroup;
			children = (
				4EAC06562B6E7F5700CCAD89 /* list_5th.app */,
				4EAC06662B6E7F5A00CCAD89 /* list_5thTests.xctest */,
				4EAC06702B6E7F5A00CCAD89 /* list_5thUITests.xctest */,
			);
			name = Products;
			sourceTree = "<group>";
		};
		4EAC06582B6E7F5700CCAD89 /* list_5th */ = {
			isa = PBXGroup;
			children = (
				4EAC06592B6E7F5700CCAD89 /* list_5thApp.swift */,
				4EAC065B2B6E7F5700CCAD89 /* ContentView.swift */,
				4EAC065D2B6E7F5A00CCAD89 /* Assets.xcassets */,
				4EAC065F2B6E7F5A00CCAD89 /* Preview Content */,
			);
			path = list_5th;
			sourceTree = "<group>";
		};
		4EAC065F2B6E7F5A00CCAD89 /* Preview Content */ = {
			isa = PBXGroup;
			children = (
				4EAC06602B6E7F5A00CCAD89 /* Preview Assets.xcassets */,
			);
			path = "Preview Content";
			sourceTree = "<group>";
		};
		4EAC06692B6E7F5A00CCAD89 /* list_5thTests */ = {
			isa = PBXGroup;
			children = (
				4EAC066A2B6E7F5A00CCAD89 /* list_5thTests.swift */,
			);
			path = list_5thTests;
			sourceTree = "<group>";
		};
		4EAC06732B6E7F5A00CCAD89 /* list_5thUITests */ = {
			isa = PBXGroup;
			children = (
				4EAC06742B6E7F5A00CCAD89 /* list_5thUITests.swift */,
				4EAC06762B6E7F5A00CCAD89 /* list_5thUITestsLaunchTests.swift */,
			);
			path = list_5thUITests;
			sourceTree = "<group>";
		};
/* End PBXGroup section */

/* Begin PBXNativeTarget section */
		4EAC06552B6E7F5700CCAD89 /* list_5th */ = {
			isa = PBXNativeTarget;
			buildConfigurationList = 4EAC067A2B6E7F5A00CCAD89 /* Build configuration list for PBXNativeTarget "list_5th" */;
			buildPhases = (
				4EAC06522B6E7F5700CCAD89 /* Sources */,
				4EAC06532B6E7F5700CCAD89 /* Frameworks */,
				4EAC06542B6E7F5700CCAD89 /* Resources */,
			);
			buildRules = (
			);
			dependencies = (
			);
			name = list_5th;
			productName = list_5th;
			productReference = 4EAC06562B6E7F5700CCAD89 /* list_5th.app */;
			productType = "com.apple.product-type.application";
		};
		4EAC06652B6E7F5A00CCAD89 /* list_5thTests */ = {
			isa = PBXNativeTarget;
			buildConfigurationList = 4EAC067D2B6E7F5A00CCAD89 /* Build configuration list for PBXNativeTarget "list_5thTests" */;
			buildPhases = (
				4EAC06622B6E7F5A00CCAD89 /* Sources */,
				4EAC06632B6E7F5A00CCAD89 /* Frameworks */,
				4EAC06642B6E7F5A00CCAD89 /* Resources */,
			);
			buildRules = (
			);
			dependencies = (
				4EAC06682B6E7F5A00CCAD89 /* PBXTargetDependency */,
			);
			name = list_5thTests;
			productName = list_5thTests;
			productReference = 4EAC06662B6E7F5A00CCAD89 /* list_5thTests.xctest */;
			productType = "com.apple.product-type.bundle.unit-test";
		};
		4EAC066F2B6E7F5A00CCAD89 /* list_5thUITests */ = {
			isa = PBXNativeTarget;
			buildConfigurationList = 4EAC06802B6E7F5A00CCAD89 /* Build configuration list for PBXNativeTarget "list_5thUITests" */;
			buildPhases = (
				4EAC066C2B6E7F5A00CCAD89 /* Sources */,
				4EAC066D2B6E7F5A00CCAD89 /* Frameworks */,
				4EAC066E2B6E7F5A00CCAD89 /* Resources */,
			);
			buildRules = (
			);
			dependencies = (
				4EAC06722B6E7F5A00CCAD89 /* PBXTargetDependency */,
			);
			name = list_5thUITests;
			productName = list_5thUITests;
			productReference = 4EAC06702B6E7F5A00CCAD89 /* list_5thUITests.xctest */;
			productType = "com.apple.product-type.bundle.ui-testing";
		};
/* End PBXNativeTarget section */

/* Begin PBXProject section */
		4EAC064E2B6E7F5700CCAD89 /* Project object */ = {
			isa = PBXProject;
			attributes = {
				BuildIndependentTargetsInParallel = 1;
				LastSwiftUpdateCheck = 1510;
				LastUpgradeCheck = 1510;
				TargetAttributes = {
					4EAC06552B6E7F5700CCAD89 = {
						CreatedOnToolsVersion = 15.1;
					};
					4EAC06652B6E7F5A00CCAD89 = {
						CreatedOnToolsVersion = 15.1;
						TestTargetID = 4EAC06552B6E7F5700CCAD89;
					};
					4EAC066F2B6E7F5A00CCAD89 = {
						CreatedOnToolsVersion = 15.1;
						TestTargetID = 4EAC06552B6E7F5700CCAD89;
					};
				};
			};
			buildConfigurationList = 4EAC06512B6E7F5700CCAD89 /* Build configuration list for PBXProject "list_5th" */;
			compatibilityVersion = "Xcode 14.0";
			developmentRegion = en;
			hasScannedForEncodings = 0;
			knownRegions = (
				en,
				Base,
			);
			mainGroup = 4EAC064D2B6E7F5700CCAD89;
			productRefGroup = 4EAC06572B6E7F5700CCAD89 /* Products */;
			projectDirPath = "";
			projectRoot = "";
			targets = (
				4EAC06552B6E7F5700CCAD89 /* list_5th */,
				4EAC06652B6E7F5A00CCAD89 /* list_5thTests */,
				4EAC066F2B6E7F5A00CCAD89 /* list_5thUITests */,
			);
		};
/* End PBXProject section */

/* Begin PBXResourcesBuildPhase section */
		4EAC06542B6E7F5700CCAD89 /* Resources */ = {
			isa = PBXResourcesBuildPhase;
			buildActionMask = 2147483647;
			files = (
				4EAC06612B6E7F5A00CCAD89 /* Preview Assets.xcassets in Resources */,
				4EAC065E2B6E7F5A00CCAD89 /* Assets.xcassets in Resources */,
			);
			runOnlyForDeploymentPostprocessing = 0;
		};
		4EAC06642B6E7F5A00CCAD89 /* Resources */ = {
			isa = PBXResourcesBuildPhase;
			buildActionMask = 2147483647;
			files = (
			);
			runOnlyForDeploymentPostprocessing = 0;
		};
		4EAC066E2B6E7F5A00CCAD89 /* Resources */ = {
			isa = PBXResourcesBuildPhase;
			buildActionMask = 2147483647;
			files = (
			);
			runOnlyForDeploymentPostprocessing = 0;
		};
/* End PBXResourcesBuildPhase section */

/* Begin PBXSourcesBuildPhase section */
		4EAC06522B6E7F5700CCAD89 /* Sources */ = {
			isa = PBXSourcesBuildPhase;
			buildActionMask = 2147483647;
			files = (
				4EAC065C2B6E7F5700CCAD89 /* ContentView.swift in Sources */,
				4EAC065A2B6E7F5700CCAD89 /* list_5thApp.swift in Sources */,
			);
			runOnlyForDeploymentPostprocessing = 0;
		};
		4EAC06622B6E7F5A00CCAD89 /* Sources */ = {
			isa = PBXSourcesBuildPhase;
			buildActionMask = 2147483647;
			files = (
				4EAC066B2B6E7F5A00CCAD89 /* list_5thTests.swift in Sources */,
			);
			runOnlyForDeploymentPostprocessing = 0;
		};
		4EAC066C2B6E7F5A00CCAD89 /* Sources */ = {
			isa = PBXSourcesBuildPhase;
			buildActionMask = 2147483647;
			files = (
				4EAC06772B6E7F5A00CCAD89 /* list_5thUITestsLaunchTests.swift in Sources */,
				4EAC06752B6E7F5A00CCAD89 /* list_5thUITests.swift in Sources */,
			);
			runOnlyForDeploymentPostprocessing = 0;
		};
/* End PBXSourcesBuildPhase section */

/* Begin PBXTargetDependency section */
		4EAC06682B6E7F5A00CCAD89 /* PBXTargetDependency */ = {
			isa = PBXTargetDependency;
			target = 4EAC06552B6E7F5700CCAD89 /* list_5th */;
			targetProxy = 4EAC06672B6E7F5A00CCAD89 /* PBXContainerItemProxy */;
		};
		4EAC06722B6E7F5A00CCAD89 /* PBXTargetDependency */ = {
			isa = PBXTargetDependency;
			target = 4EAC06552B6E7F5700CCAD89 /* list_5th */;
			targetProxy = 4EAC06712B6E7F5A00CCAD89 /* PBXContainerItemProxy */;
		};
/* End PBXTargetDependency section */

/* Begin XCBuildConfiguration section */
		4EAC06782B6E7F5A00CCAD89 /* Debug */ = {
			isa = XCBuildConfiguration;
			buildSettings = {
				ALWAYS_SEARCH_USER_PATHS = NO;
				ASSETCATALOG_COMPILER_GENERATE_SWIFT_ASSET_SYMBOL_EXTENSIONS = YES;
				CLANG_ANALYZER_NONNULL = YES;
				CLANG_ANALYZER_NUMBER_OBJECT_CONVERSION = YES_AGGRESSIVE;
				CLANG_CXX_LANGUAGE_STANDARD = "gnu++20";
				CLANG_ENABLE_MODULES = YES;
				CLANG_ENABLE_OBJC_ARC = YES;
				CLANG_ENABLE_OBJC_WEAK = YES;
				CLANG_WARN_BLOCK_CAPTURE_AUTORELEASING = YES;
				CLANG_WARN_BOOL_CONVERSION = YES;
				CLANG_WARN_COMMA = YES;
				CLANG_WARN_CONSTANT_CONVERSION = YES;
				CLANG_WARN_DEPRECATED_OBJC_IMPLEMENTATIONS = YES;
				CLANG_WARN_DIRECT_OBJC_ISA_USAGE = YES_ERROR;
				CLANG_WARN_DOCUMENTATION_COMMENTS = YES;
				CLANG_WARN_EMPTY_BODY = YES;
				CLANG_WARN_ENUM_CONVERSION = YES;
				CLANG_WARN_INFINITE_RECURSION = YES;
				CLANG_WARN_INT_CONVERSION = YES;
				CLANG_WARN_NON_LITERAL_NULL_CONVERSION = YES;
				CLANG_WARN_OBJC_IMPLICIT_RETAIN_SELF = YES;
				CLANG_WARN_OBJC_LITERAL_CONVERSION = YES;
				CLANG_WARN_OBJC_ROOT_CLASS = YES_ERROR;
				CLANG_WARN_QUOTED_INCLUDE_IN_FRAMEWORK_HEADER = YES;
				CLANG_WARN_RANGE_LOOP_ANALYSIS = YES;
				CLANG_WARN_STRICT_PROTOTYPES = YES;
				CLANG_WARN_SUSPICIOUS_MOVE = YES;
				CLANG_WARN_UNGUARDED_AVAILABILITY = YES_AGGRESSIVE;
				CLANG_WARN_UNREACHABLE_CODE = YES;
				CLANG_WARN__DUPLICATE_METHOD_MATCH = YES;
				COPY_PHASE_STRIP = NO;
				DEBUG_INFORMATION_FORMAT = dwarf;
				ENABLE_STRICT_OBJC_MSGSEND = YES;
				ENABLE_TESTABILITY = YES;
				ENABLE_USER_SCRIPT_SANDBOXING = YES;
				GCC_C_LANGUAGE_STANDARD = gnu17;
				GCC_DYNAMIC_NO_PIC = NO;
				GCC_NO_COMMON_BLOCKS = YES;
				GCC_OPTIMIZATION_LEVEL = 0;
				GCC_PREPROCESSOR_DEFINITIONS = (
					"DEBUG=1",
					"$(inherited)",
				);
				GCC_WARN_64_TO_32_BIT_CONVERSION = YES;
				GCC_WARN_ABOUT_RETURN_TYPE = YES_ERROR;
				GCC_WARN_UNDECLARED_SELECTOR = YES;
				GCC_WARN_UNINITIALIZED_AUTOS = YES_AGGRESSIVE;
				GCC_WARN_UNUSED_FUNCTION = YES;
				GCC_WARN_UNUSED_VARIABLE = YES;
				IPHONEOS_DEPLOYMENT_TARGET = 17.2;
				LOCALIZATION_PREFERS_STRING_CATALOGS = YES;
				MTL_ENABLE_DEBUG_INFO = INCLUDE_SOURCE;
				MTL_FAST_MATH = YES;
				ONLY_ACTIVE_ARCH = YES;
				SDKROOT = iphoneos;
				SWIFT_ACTIVE_COMPILATION_CONDITIONS = "DEBUG $(inherited)";
				SWIFT_OPTIMIZATION_LEVEL = "-Onone";
			};
			name = Debug;
		};
		4EAC06792B6E7F5A00CCAD89 /* Release */ = {
			isa = XCBuildConfiguration;
			buildSettings = {
				ALWAYS_SEARCH_USER_PATHS = NO;
				ASSETCATALOG_COMPILER_GENERATE_SWIFT_ASSET_SYMBOL_EXTENSIONS = YES;
				CLANG_ANALYZER_NONNULL = YES;
				CLANG_ANALYZER_NUMBER_OBJECT_CONVERSION = YES_AGGRESSIVE;
				CLANG_CXX_LANGUAGE_STANDARD = "gnu++20";
				CLANG_ENABLE_MODULES = YES;
				CLANG_ENABLE_OBJC_ARC = YES;
				CLANG_ENABLE_OBJC_WEAK = YES;
				CLANG_WARN_BLOCK_CAPTURE_AUTORELEASING = YES;
				CLANG_WARN_BOOL_CONVERSION = YES;
				CLANG_WARN_COMMA = YES;
				CLANG_WARN_CONSTANT_CONVERSION = YES;
				CLANG_WARN_DEPRECATED_OBJC_IMPLEMENTATIONS = YES;
				CLANG_WARN_DIRECT_OBJC_ISA_USAGE = YES_ERROR;
				CLANG_WARN_DOCUMENTATION_COMMENTS = YES;
				CLANG_WARN_EMPTY_BODY = YES;
				CLANG_WARN_ENUM_CONVERSION = YES;
				CLANG_WARN_INFINITE_RECURSION = YES;
				CLANG_WARN_INT_CONVERSION = YES;
				CLANG_WARN_NON_LITERAL_NULL_CONVERSION = YES;
				CLANG_WARN_OBJC_IMPLICIT_RETAIN_SELF = YES;
				CLANG_WARN_OBJC_LITERAL_CONVERSION = YES;
				CLANG_WARN_OBJC_ROOT_CLASS = YES_ERROR;
				CLANG_WARN_QUOTED_INCLUDE_IN_FRAMEWORK_HEADER = YES;
				CLANG_WARN_RANGE_LOOP_ANALYSIS = YES;
				CLANG_WARN_STRICT_PROTOTYPES = YES;
				CLANG_WARN_SUSPICIOUS_MOVE = YES;
				CLANG_WARN_UNGUARDED_AVAILABILITY = YES_AGGRESSIVE;
				CLANG_WARN_UNREACHABLE_CODE = YES;
				CLANG_WARN__DUPLICATE_METHOD_MATCH = YES;
				COPY_PHASE_STRIP = NO;
				DEBUG_INFORMATION_FORMAT = "dwarf-with-dsym";
				ENABLE_NS_ASSERTIONS = NO;
				ENABLE_STRICT_OBJC_MSGSEND = YES;
				ENABLE_USER_SCRIPT_SANDBOXING = YES;
				GCC_C_LANGUAGE_STANDARD = gnu17;
				GCC_NO_COMMON_BLOCKS = YES;
				GCC_WARN_64_TO_32_BIT_CONVERSION = YES;
				GCC_WARN_ABOUT_RETURN_TYPE = YES_ERROR;
				GCC_WARN_UNDECLARED_SELECTOR = YES;
				GCC_WARN_UNINITIALIZED_AUTOS = YES_AGGRESSIVE;
				GCC_WARN_UNUSED_FUNCTION = YES;
				GCC_WARN_UNUSED_VARIABLE = YES;
				IPHONEOS_DEPLOYMENT_TARGET = 17.2;
				LOCALIZATION_PREFERS_STRING_CATALOGS = YES;
				MTL_ENABLE_DEBUG_INFO = NO;
				MTL_FAST_MATH = YES;
				SDKROOT = iphoneos;
				SWIFT_COMPILATION_MODE = wholemodule;
				VALIDATE_PRODUCT = YES;
			};
			name = Release;
		};
		4EAC067B2B6E7F5A00CCAD89 /* Debug */ = {
			isa = XCBuildConfiguration;
			buildSettings = {
				ASSETCATALOG_COMPILER_APPICON_NAME = AppIcon;
				ASSETCATALOG_COMPILER_GLOBAL_ACCENT_COLOR_NAME = AccentColor;
				CODE_SIGN_STYLE = Automatic;
				CURRENT_PROJECT_VERSION = 1;
				DEVELOPMENT_ASSET_PATHS = "\"list_5th/Preview Content\"";
				ENABLE_PREVIEWS = YES;
				GENERATE_INFOPLIST_FILE = YES;
				INFOPLIST_KEY_UIApplicationSceneManifest_Generation = YES;
				INFOPLIST_KEY_UIApplicationSupportsIndirectInputEvents = YES;
				INFOPLIST_KEY_UILaunchScreen_Generation = YES;
				INFOPLIST_KEY_UISupportedInterfaceOrientations_iPad = "UIInterfaceOrientationPortrait UIInterfaceOrientationPortraitUpsideDown UIInterfaceOrientationLandscapeLeft UIInterfaceOrientationLandscapeRight";
				INFOPLIST_KEY_UISupportedInterfaceOrientations_iPhone = "UIInterfaceOrientationPortrait UIInterfaceOrientationLandscapeLeft UIInterfaceOrientationLandscapeRight";
				LD_RUNPATH_SEARCH_PATHS = (
					"$(inherited)",
					"@executable_path/Frameworks",
				);
				MARKETING_VERSION = 1.0;
				PRODUCT_BUNDLE_IDENTIFIER = "com.sh.hee.list-5th";
				PRODUCT_NAME = "$(TARGET_NAME)";
				SWIFT_EMIT_LOC_STRINGS = YES;
				SWIFT_VERSION = 5.0;
				TARGETED_DEVICE_FAMILY = "1,2";
			};
			name = Debug;
		};
		4EAC067C2B6E7F5A00CCAD89 /* Release */ = {
			isa = XCBuildConfiguration;
			buildSettings = {
				ASSETCATALOG_COMPILER_APPICON_NAME = AppIcon;
				ASSETCATALOG_COMPILER_GLOBAL_ACCENT_COLOR_NAME = AccentColor;
				CODE_SIGN_STYLE = Automatic;
				CURRENT_PROJECT_VERSION = 1;
				DEVELOPMENT_ASSET_PATHS = "\"list_5th/Preview Content\"";
				ENABLE_PREVIEWS = YES;
				GENERATE_INFOPLIST_FILE = YES;
				INFOPLIST_KEY_UIApplicationSceneManifest_Generation = YES;
				INFOPLIST_KEY_UIApplicationSupportsIndirectInputEvents = YES;
				INFOPLIST_KEY_UILaunchScreen_Generation = YES;
				INFOPLIST_KEY_UISupportedInterfaceOrientations_iPad = "UIInterfaceOrientationPortrait UIInterfaceOrientationPortraitUpsideDown UIInterfaceOrientationLandscapeLeft UIInterfaceOrientationLandscapeRight";
				INFOPLIST_KEY_UISupportedInterfaceOrientations_iPhone = "UIInterfaceOrientationPortrait UIInterfaceOrientationLandscapeLeft UIInterfaceOrientationLandscapeRight";
				LD_RUNPATH_SEARCH_PATHS = (
					"$(inherited)",
					"@executable_path/Frameworks",
				);
				MARKETING_VERSION = 1.0;
				PRODUCT_BUNDLE_IDENTIFIER = "com.sh.hee.list-5th";
				PRODUCT_NAME = "$(TARGET_NAME)";
				SWIFT_EMIT_LOC_STRINGS = YES;
				SWIFT_VERSION = 5.0;
				TARGETED_DEVICE_FAMILY = "1,2";
			};
			name = Release;
		};
		4EAC067E2B6E7F5A00CCAD89 /* Debug */ = {
			isa = XCBuildConfiguration;
			buildSettings = {
				ALWAYS_EMBED_SWIFT_STANDARD_LIBRARIES = YES;
				BUNDLE_LOADER = "$(TEST_HOST)";
				CODE_SIGN_STYLE = Automatic;
				CURRENT_PROJECT_VERSION = 1;
				GENERATE_INFOPLIST_FILE = YES;
				IPHONEOS_DEPLOYMENT_TARGET = 17.2;
				MARKETING_VERSION = 1.0;
				PRODUCT_BUNDLE_IDENTIFIER = "com.sh.hee.list-5thTests";
				PRODUCT_NAME = "$(TARGET_NAME)";
				SWIFT_EMIT_LOC_STRINGS = NO;
				SWIFT_VERSION = 5.0;
				TARGETED_DEVICE_FAMILY = "1,2";
				TEST_HOST = "$(BUILT_PRODUCTS_DIR)/list_5th.app/$(BUNDLE_EXECUTABLE_FOLDER_PATH)/list_5th";
			};
			name = Debug;
		};
		4EAC067F2B6E7F5A00CCAD89 /* Release */ = {
			isa = XCBuildConfiguration;
			buildSettings = {
				ALWAYS_EMBED_SWIFT_STANDARD_LIBRARIES = YES;
				BUNDLE_LOADER = "$(TEST_HOST)";
				CODE_SIGN_STYLE = Automatic;
				CURRENT_PROJECT_VERSION = 1;
				GENERATE_INFOPLIST_FILE = YES;
				IPHONEOS_DEPLOYMENT_TARGET = 17.2;
				MARKETING_VERSION = 1.0;
				PRODUCT_BUNDLE_IDENTIFIER = "com.sh.hee.list-5thTests";
				PRODUCT_NAME = "$(TARGET_NAME)";
				SWIFT_EMIT_LOC_STRINGS = NO;
				SWIFT_VERSION = 5.0;
				TARGETED_DEVICE_FAMILY = "1,2";
				TEST_HOST = "$(BUILT_PRODUCTS_DIR)/list_5th.app/$(BUNDLE_EXECUTABLE_FOLDER_PATH)/list_5th";
			};
			name = Release;
		};
		4EAC06812B6E7F5A00CCAD89 /* Debug */ = {
			isa = XCBuildConfiguration;
			buildSettings = {
				ALWAYS_EMBED_SWIFT_STANDARD_LIBRARIES = YES;
				CODE_SIGN_STYLE = Automatic;
				CURRENT_PROJECT_VERSION = 1;
				GENERATE_INFOPLIST_FILE = YES;
				MARKETING_VERSION = 1.0;
				PRODUCT_BUNDLE_IDENTIFIER = "com.sh.hee.list-5thUITests";
				PRODUCT_NAME = "$(TARGET_NAME)";
				SWIFT_EMIT_LOC_STRINGS = NO;
				SWIFT_VERSION = 5.0;
				TARGETED_DEVICE_FAMILY = "1,2";
				TEST_TARGET_NAME = list_5th;
			};
			name = Debug;
		};
		4EAC06822B6E7F5A00CCAD89 /* Release */ = {
			isa = XCBuildConfiguration;
			buildSettings = {
				ALWAYS_EMBED_SWIFT_STANDARD_LIBRARIES = YES;
				CODE_SIGN_STYLE = Automatic;
				CURRENT_PROJECT_VERSION = 1;
				GENERATE_INFOPLIST_FILE = YES;
				MARKETING_VERSION = 1.0;
				PRODUCT_BUNDLE_IDENTIFIER = "com.sh.hee.list-5thUITests";
				PRODUCT_NAME = "$(TARGET_NAME)";
				SWIFT_EMIT_LOC_STRINGS = NO;
				SWIFT_VERSION = 5.0;
				TARGETED_DEVICE_FAMILY = "1,2";
				TEST_TARGET_NAME = list_5th;
			};
			name = Release;
		};
/* End XCBuildConfiguration section */

/* Begin XCConfigurationList section */
		4EAC06512B6E7F5700CCAD89 /* Build configuration list for PBXProject "list_5th" */ = {
			isa = XCConfigurationList;
			buildConfigurations = (
				4EAC06782B6E7F5A00CCAD89 /* Debug */,
				4EAC06792B6E7F5A00CCAD89 /* Release */,
			);
			defaultConfigurationIsVisible = 0;
			defaultConfigurationName = Release;
		};
		4EAC067A2B6E7F5A00CCAD89 /* Build configuration list for PBXNativeTarget "list_5th" */ = {
			isa = XCConfigurationList;
			buildConfigurations = (
				4EAC067B2B6E7F5A00CCAD89 /* Debug */,
				4EAC067C2B6E7F5A00CCAD89 /* Release */,
			);
			defaultConfigurationIsVisible = 0;
			defaultConfigurationName = Release;
		};
		4EAC067D2B6E7F5A00CCAD89 /* Build configuration list for PBXNativeTarget "list_5thTests" */ = {
			isa = XCConfigurationList;
			buildConfigurations = (
				4EAC067E2B6E7F5A00CCAD89 /* Debug */,
				4EAC067F2B6E7F5A00CCAD89 /* Release */,
			);
			defaultConfigurationIsVisible = 0;
			defaultConfigurationName = Release;
		};
		4EAC06802B6E7F5A00CCAD89 /* Build configuration list for PBXNativeTarget "list_5thUITests" */ = {
			isa = XCConfigurationList;
			buildConfigurations = (
				4EAC06812B6E7F5A00CCAD89 /* Debug */,
				4EAC06822B6E7F5A00CCAD89 /* Release */,
			);
			defaultConfigurationIsVisible = 0;
			defaultConfigurationName = Release;
		};
/* End XCConfigurationList section */
	};
	rootObject = 4EAC064E2B6E7F5700CCAD89 /* Project object */;
}
