// !$*UTF8*$!
{
	archiveVersion = 1;
	classes = {
	};
	objectVersion = 56;
	objects = {

/* Begin PBXBuildFile section */
		4EAC08C52B84AB4300CCAD89 /* _3th_EnvironmentObjectApp.swift in Sources */ = {isa = PBXBuildFile; fileRef = 4EAC08C42B84AB4300CCAD89 /* _3th_EnvironmentObjectApp.swift */; };
		4EAC08C72B84AB4300CCAD89 /* ContentView.swift in Sources */ = {isa = PBXBuildFile; fileRef = 4EAC08C62B84AB4300CCAD89 /* ContentView.swift */; };
		4EAC08C92B84AB4600CCAD89 /* Assets.xcassets in Resources */ = {isa = PBXBuildFile; fileRef = 4EAC08C82B84AB4600CCAD89 /* Assets.xcassets */; };
		4EAC08CC2B84AB4600CCAD89 /* Preview Assets.xcassets in Resources */ = {isa = PBXBuildFile; fileRef = 4EAC08CB2B84AB4600CCAD89 /* Preview Assets.xcassets */; };
		4EAC08D62B84AB4600CCAD89 /* _3th_EnvironmentObjectTests.swift in Sources */ = {isa = PBXBuildFile; fileRef = 4EAC08D52B84AB4600CCAD89 /* _3th_EnvironmentObjectTests.swift */; };
		4EAC08E02B84AB4600CCAD89 /* _3th_EnvironmentObjectUITests.swift in Sources */ = {isa = PBXBuildFile; fileRef = 4EAC08DF2B84AB4600CCAD89 /* _3th_EnvironmentObjectUITests.swift */; };
		4EAC08E22B84AB4600CCAD89 /* _3th_EnvironmentObjectUITestsLaunchTests.swift in Sources */ = {isa = PBXBuildFile; fileRef = 4EAC08E12B84AB4600CCAD89 /* _3th_EnvironmentObjectUITestsLaunchTests.swift */; };
/* End PBXBuildFile section */

/* Begin PBXContainerItemProxy section */
		4EAC08D22B84AB4600CCAD89 /* PBXContainerItemProxy */ = {
			isa = PBXContainerItemProxy;
			containerPortal = 4EAC08B92B84AB4300CCAD89 /* Project object */;
			proxyType = 1;
			remoteGlobalIDString = 4EAC08C02B84AB4300CCAD89;
			remoteInfo = 13th_EnvironmentObject;
		};
		4EAC08DC2B84AB4600CCAD89 /* PBXContainerItemProxy */ = {
			isa = PBXContainerItemProxy;
			containerPortal = 4EAC08B92B84AB4300CCAD89 /* Project object */;
			proxyType = 1;
			remoteGlobalIDString = 4EAC08C02B84AB4300CCAD89;
			remoteInfo = 13th_EnvironmentObject;
		};
/* End PBXContainerItemProxy section */

/* Begin PBXFileReference section */
		4EAC08C12B84AB4300CCAD89 /* 13th_EnvironmentObject.app */ = {isa = PBXFileReference; explicitFileType = wrapper.application; includeInIndex = 0; path = 13th_EnvironmentObject.app; sourceTree = BUILT_PRODUCTS_DIR; };
		4EAC08C42B84AB4300CCAD89 /* _3th_EnvironmentObjectApp.swift */ = {isa = PBXFileReference; lastKnownFileType = sourcecode.swift; path = _3th_EnvironmentObjectApp.swift; sourceTree = "<group>"; };
		4EAC08C62B84AB4300CCAD89 /* ContentView.swift */ = {isa = PBXFileReference; lastKnownFileType = sourcecode.swift; path = ContentView.swift; sourceTree = "<group>"; };
		4EAC08C82B84AB4600CCAD89 /* Assets.xcassets */ = {isa = PBXFileReference; lastKnownFileType = folder.assetcatalog; path = Assets.xcassets; sourceTree = "<group>"; };
		4EAC08CB2B84AB4600CCAD89 /* Preview Assets.xcassets */ = {isa = PBXFileReference; lastKnownFileType = folder.assetcatalog; path = "Preview Assets.xcassets"; sourceTree = "<group>"; };
		4EAC08D12B84AB4600CCAD89 /* 13th_EnvironmentObjectTests.xctest */ = {isa = PBXFileReference; explicitFileType = wrapper.cfbundle; includeInIndex = 0; path = 13th_EnvironmentObjectTests.xctest; sourceTree = BUILT_PRODUCTS_DIR; };
		4EAC08D52B84AB4600CCAD89 /* _3th_EnvironmentObjectTests.swift */ = {isa = PBXFileReference; lastKnownFileType = sourcecode.swift; path = _3th_EnvironmentObjectTests.swift; sourceTree = "<group>"; };
		4EAC08DB2B84AB4600CCAD89 /* 13th_EnvironmentObjectUITests.xctest */ = {isa = PBXFileReference; explicitFileType = wrapper.cfbundle; includeInIndex = 0; path = 13th_EnvironmentObjectUITests.xctest; sourceTree = BUILT_PRODUCTS_DIR; };
		4EAC08DF2B84AB4600CCAD89 /* _3th_EnvironmentObjectUITests.swift */ = {isa = PBXFileReference; lastKnownFileType = sourcecode.swift; path = _3th_EnvironmentObjectUITests.swift; sourceTree = "<group>"; };
		4EAC08E12B84AB4600CCAD89 /* _3th_EnvironmentObjectUITestsLaunchTests.swift */ = {isa = PBXFileReference; lastKnownFileType = sourcecode.swift; path = _3th_EnvironmentObjectUITestsLaunchTests.swift; sourceTree = "<group>"; };
/* End PBXFileReference section */

/* Begin PBXFrameworksBuildPhase section */
		4EAC08BE2B84AB4300CCAD89 /* Frameworks */ = {
			isa = PBXFrameworksBuildPhase;
			buildActionMask = 2147483647;
			files = (
			);
			runOnlyForDeploymentPostprocessing = 0;
		};
		4EAC08CE2B84AB4600CCAD89 /* Frameworks */ = {
			isa = PBXFrameworksBuildPhase;
			buildActionMask = 2147483647;
			files = (
			);
			runOnlyForDeploymentPostprocessing = 0;
		};
		4EAC08D82B84AB4600CCAD89 /* Frameworks */ = {
			isa = PBXFrameworksBuildPhase;
			buildActionMask = 2147483647;
			files = (
			);
			runOnlyForDeploymentPostprocessing = 0;
		};
/* End PBXFrameworksBuildPhase section */

/* Begin PBXGroup section */
		4EAC08B82B84AB4300CCAD89 = {
			isa = PBXGroup;
			children = (
				4EAC08C32B84AB4300CCAD89 /* 13th_EnvironmentObject */,
				4EAC08D42B84AB4600CCAD89 /* 13th_EnvironmentObjectTests */,
				4EAC08DE2B84AB4600CCAD89 /* 13th_EnvironmentObjectUITests */,
				4EAC08C22B84AB4300CCAD89 /* Products */,
			);
			sourceTree = "<group>";
		};
		4EAC08C22B84AB4300CCAD89 /* Products */ = {
			isa = PBXGroup;
			children = (
				4EAC08C12B84AB4300CCAD89 /* 13th_EnvironmentObject.app */,
				4EAC08D12B84AB4600CCAD89 /* 13th_EnvironmentObjectTests.xctest */,
				4EAC08DB2B84AB4600CCAD89 /* 13th_EnvironmentObjectUITests.xctest */,
			);
			name = Products;
			sourceTree = "<group>";
		};
		4EAC08C32B84AB4300CCAD89 /* 13th_EnvironmentObject */ = {
			isa = PBXGroup;
			children = (
				4EAC08C42B84AB4300CCAD89 /* _3th_EnvironmentObjectApp.swift */,
				4EAC08C62B84AB4300CCAD89 /* ContentView.swift */,
				4EAC08C82B84AB4600CCAD89 /* Assets.xcassets */,
				4EAC08CA2B84AB4600CCAD89 /* Preview Content */,
			);
			path = 13th_EnvironmentObject;
			sourceTree = "<group>";
		};
		4EAC08CA2B84AB4600CCAD89 /* Preview Content */ = {
			isa = PBXGroup;
			children = (
				4EAC08CB2B84AB4600CCAD89 /* Preview Assets.xcassets */,
			);
			path = "Preview Content";
			sourceTree = "<group>";
		};
		4EAC08D42B84AB4600CCAD89 /* 13th_EnvironmentObjectTests */ = {
			isa = PBXGroup;
			children = (
				4EAC08D52B84AB4600CCAD89 /* _3th_EnvironmentObjectTests.swift */,
			);
			path = 13th_EnvironmentObjectTests;
			sourceTree = "<group>";
		};
		4EAC08DE2B84AB4600CCAD89 /* 13th_EnvironmentObjectUITests */ = {
			isa = PBXGroup;
			children = (
				4EAC08DF2B84AB4600CCAD89 /* _3th_EnvironmentObjectUITests.swift */,
				4EAC08E12B84AB4600CCAD89 /* _3th_EnvironmentObjectUITestsLaunchTests.swift */,
			);
			path = 13th_EnvironmentObjectUITests;
			sourceTree = "<group>";
		};
/* End PBXGroup section */

/* Begin PBXNativeTarget section */
		4EAC08C02B84AB4300CCAD89 /* 13th_EnvironmentObject */ = {
			isa = PBXNativeTarget;
			buildConfigurationList = 4EAC08E52B84AB4600CCAD89 /* Build configuration list for PBXNativeTarget "13th_EnvironmentObject" */;
			buildPhases = (
				4EAC08BD2B84AB4300CCAD89 /* Sources */,
				4EAC08BE2B84AB4300CCAD89 /* Frameworks */,
				4EAC08BF2B84AB4300CCAD89 /* Resources */,
			);
			buildRules = (
			);
			dependencies = (
			);
			name = 13th_EnvironmentObject;
			productName = 13th_EnvironmentObject;
			productReference = 4EAC08C12B84AB4300CCAD89 /* 13th_EnvironmentObject.app */;
			productType = "com.apple.product-type.application";
		};
		4EAC08D02B84AB4600CCAD89 /* 13th_EnvironmentObjectTests */ = {
			isa = PBXNativeTarget;
			buildConfigurationList = 4EAC08E82B84AB4600CCAD89 /* Build configuration list for PBXNativeTarget "13th_EnvironmentObjectTests" */;
			buildPhases = (
				4EAC08CD2B84AB4600CCAD89 /* Sources */,
				4EAC08CE2B84AB4600CCAD89 /* Frameworks */,
				4EAC08CF2B84AB4600CCAD89 /* Resources */,
			);
			buildRules = (
			);
			dependencies = (
				4EAC08D32B84AB4600CCAD89 /* PBXTargetDependency */,
			);
			name = 13th_EnvironmentObjectTests;
			productName = 13th_EnvironmentObjectTests;
			productReference = 4EAC08D12B84AB4600CCAD89 /* 13th_EnvironmentObjectTests.xctest */;
			productType = "com.apple.product-type.bundle.unit-test";
		};
		4EAC08DA2B84AB4600CCAD89 /* 13th_EnvironmentObjectUITests */ = {
			isa = PBXNativeTarget;
			buildConfigurationList = 4EAC08EB2B84AB4600CCAD89 /* Build configuration list for PBXNativeTarget "13th_EnvironmentObjectUITests" */;
			buildPhases = (
				4EAC08D72B84AB4600CCAD89 /* Sources */,
				4EAC08D82B84AB4600CCAD89 /* Frameworks */,
				4EAC08D92B84AB4600CCAD89 /* Resources */,
			);
			buildRules = (
			);
			dependencies = (
				4EAC08DD2B84AB4600CCAD89 /* PBXTargetDependency */,
			);
			name = 13th_EnvironmentObjectUITests;
			productName = 13th_EnvironmentObjectUITests;
			productReference = 4EAC08DB2B84AB4600CCAD89 /* 13th_EnvironmentObjectUITests.xctest */;
			productType = "com.apple.product-type.bundle.ui-testing";
		};
/* End PBXNativeTarget section */

/* Begin PBXProject section */
		4EAC08B92B84AB4300CCAD89 /* Project object */ = {
			isa = PBXProject;
			attributes = {
				BuildIndependentTargetsInParallel = 1;
				LastSwiftUpdateCheck = 1510;
				LastUpgradeCheck = 1510;
				TargetAttributes = {
					4EAC08C02B84AB4300CCAD89 = {
						CreatedOnToolsVersion = 15.1;
					};
					4EAC08D02B84AB4600CCAD89 = {
						CreatedOnToolsVersion = 15.1;
						TestTargetID = 4EAC08C02B84AB4300CCAD89;
					};
					4EAC08DA2B84AB4600CCAD89 = {
						CreatedOnToolsVersion = 15.1;
						TestTargetID = 4EAC08C02B84AB4300CCAD89;
					};
				};
			};
			buildConfigurationList = 4EAC08BC2B84AB4300CCAD89 /* Build configuration list for PBXProject "13th_EnvironmentObject" */;
			compatibilityVersion = "Xcode 14.0";
			developmentRegion = en;
			hasScannedForEncodings = 0;
			knownRegions = (
				en,
				Base,
			);
			mainGroup = 4EAC08B82B84AB4300CCAD89;
			productRefGroup = 4EAC08C22B84AB4300CCAD89 /* Products */;
			projectDirPath = "";
			projectRoot = "";
			targets = (
				4EAC08C02B84AB4300CCAD89 /* 13th_EnvironmentObject */,
				4EAC08D02B84AB4600CCAD89 /* 13th_EnvironmentObjectTests */,
				4EAC08DA2B84AB4600CCAD89 /* 13th_EnvironmentObjectUITests */,
			);
		};
/* End PBXProject section */

/* Begin PBXResourcesBuildPhase section */
		4EAC08BF2B84AB4300CCAD89 /* Resources */ = {
			isa = PBXResourcesBuildPhase;
			buildActionMask = 2147483647;
			files = (
				4EAC08CC2B84AB4600CCAD89 /* Preview Assets.xcassets in Resources */,
				4EAC08C92B84AB4600CCAD89 /* Assets.xcassets in Resources */,
			);
			runOnlyForDeploymentPostprocessing = 0;
		};
		4EAC08CF2B84AB4600CCAD89 /* Resources */ = {
			isa = PBXResourcesBuildPhase;
			buildActionMask = 2147483647;
			files = (
			);
			runOnlyForDeploymentPostprocessing = 0;
		};
		4EAC08D92B84AB4600CCAD89 /* Resources */ = {
			isa = PBXResourcesBuildPhase;
			buildActionMask = 2147483647;
			files = (
			);
			runOnlyForDeploymentPostprocessing = 0;
		};
/* End PBXResourcesBuildPhase section */

/* Begin PBXSourcesBuildPhase section */
		4EAC08BD2B84AB4300CCAD89 /* Sources */ = {
			isa = PBXSourcesBuildPhase;
			buildActionMask = 2147483647;
			files = (
				4EAC08C72B84AB4300CCAD89 /* ContentView.swift in Sources */,
				4EAC08C52B84AB4300CCAD89 /* _3th_EnvironmentObjectApp.swift in Sources */,
			);
			runOnlyForDeploymentPostprocessing = 0;
		};
		4EAC08CD2B84AB4600CCAD89 /* Sources */ = {
			isa = PBXSourcesBuildPhase;
			buildActionMask = 2147483647;
			files = (
				4EAC08D62B84AB4600CCAD89 /* _3th_EnvironmentObjectTests.swift in Sources */,
			);
			runOnlyForDeploymentPostprocessing = 0;
		};
		4EAC08D72B84AB4600CCAD89 /* Sources */ = {
			isa = PBXSourcesBuildPhase;
			buildActionMask = 2147483647;
			files = (
				4EAC08E02B84AB4600CCAD89 /* _3th_EnvironmentObjectUITests.swift in Sources */,
				4EAC08E22B84AB4600CCAD89 /* _3th_EnvironmentObjectUITestsLaunchTests.swift in Sources */,
			);
			runOnlyForDeploymentPostprocessing = 0;
		};
/* End PBXSourcesBuildPhase section */

/* Begin PBXTargetDependency section */
		4EAC08D32B84AB4600CCAD89 /* PBXTargetDependency */ = {
			isa = PBXTargetDependency;
			target = 4EAC08C02B84AB4300CCAD89 /* 13th_EnvironmentObject */;
			targetProxy = 4EAC08D22B84AB4600CCAD89 /* PBXContainerItemProxy */;
		};
		4EAC08DD2B84AB4600CCAD89 /* PBXTargetDependency */ = {
			isa = PBXTargetDependency;
			target = 4EAC08C02B84AB4300CCAD89 /* 13th_EnvironmentObject */;
			targetProxy = 4EAC08DC2B84AB4600CCAD89 /* PBXContainerItemProxy */;
		};
/* End PBXTargetDependency section */

/* Begin XCBuildConfiguration section */
		4EAC08E32B84AB4600CCAD89 /* Debug */ = {
			isa = XCBuildConfiguration;
			buildSettings = {
				ALWAYS_SEARCH_USER_PATHS = NO;
				ASSETCATALOG_COMPILER_GENERATE_SWIFT_ASSET_SYMBOL_EXTENSIONS = YES;
				CLANG_ANALYZER_NONNULL = YES;
				CLANG_ANALYZER_NUMBER_OBJECT_CONVERSION = YES_AGGRESSIVE;
				CLANG_CXX_LANGUAGE_STANDARD = "gnu++20";
				CLANG_ENABLE_MODULES = YES;
				CLANG_ENABLE_OBJC_ARC = YES;
				CLANG_ENABLE_OBJC_WEAK = YES;
				CLANG_WARN_BLOCK_CAPTURE_AUTORELEASING = YES;
				CLANG_WARN_BOOL_CONVERSION = YES;
				CLANG_WARN_COMMA = YES;
				CLANG_WARN_CONSTANT_CONVERSION = YES;
				CLANG_WARN_DEPRECATED_OBJC_IMPLEMENTATIONS = YES;
				CLANG_WARN_DIRECT_OBJC_ISA_USAGE = YES_ERROR;
				CLANG_WARN_DOCUMENTATION_COMMENTS = YES;
				CLANG_WARN_EMPTY_BODY = YES;
				CLANG_WARN_ENUM_CONVERSION = YES;
				CLANG_WARN_INFINITE_RECURSION = YES;
				CLANG_WARN_INT_CONVERSION = YES;
				CLANG_WARN_NON_LITERAL_NULL_CONVERSION = YES;
				CLANG_WARN_OBJC_IMPLICIT_RETAIN_SELF = YES;
				CLANG_WARN_OBJC_LITERAL_CONVERSION = YES;
				CLANG_WARN_OBJC_ROOT_CLASS = YES_ERROR;
				CLANG_WARN_QUOTED_INCLUDE_IN_FRAMEWORK_HEADER = YES;
				CLANG_WARN_RANGE_LOOP_ANALYSIS = YES;
				CLANG_WARN_STRICT_PROTOTYPES = YES;
				CLANG_WARN_SUSPICIOUS_MOVE = YES;
				CLANG_WARN_UNGUARDED_AVAILABILITY = YES_AGGRESSIVE;
				CLANG_WARN_UNREACHABLE_CODE = YES;
				CLANG_WARN__DUPLICATE_METHOD_MATCH = YES;
				COPY_PHASE_STRIP = NO;
				DEBUG_INFORMATION_FORMAT = dwarf;
				ENABLE_STRICT_OBJC_MSGSEND = YES;
				ENABLE_TESTABILITY = YES;
				ENABLE_USER_SCRIPT_SANDBOXING = YES;
				GCC_C_LANGUAGE_STANDARD = gnu17;
				GCC_DYNAMIC_NO_PIC = NO;
				GCC_NO_COMMON_BLOCKS = YES;
				GCC_OPTIMIZATION_LEVEL = 0;
				GCC_PREPROCESSOR_DEFINITIONS = (
					"DEBUG=1",
					"$(inherited)",
				);
				GCC_WARN_64_TO_32_BIT_CONVERSION = YES;
				GCC_WARN_ABOUT_RETURN_TYPE = YES_ERROR;
				GCC_WARN_UNDECLARED_SELECTOR = YES;
				GCC_WARN_UNINITIALIZED_AUTOS = YES_AGGRESSIVE;
				GCC_WARN_UNUSED_FUNCTION = YES;
				GCC_WARN_UNUSED_VARIABLE = YES;
				IPHONEOS_DEPLOYMENT_TARGET = 17.2;
				LOCALIZATION_PREFERS_STRING_CATALOGS = YES;
				MTL_ENABLE_DEBUG_INFO = INCLUDE_SOURCE;
				MTL_FAST_MATH = YES;
				ONLY_ACTIVE_ARCH = YES;
				SDKROOT = iphoneos;
				SWIFT_ACTIVE_COMPILATION_CONDITIONS = "DEBUG $(inherited)";
				SWIFT_OPTIMIZATION_LEVEL = "-Onone";
			};
			name = Debug;
		};
		4EAC08E42B84AB4600CCAD89 /* Release */ = {
			isa = XCBuildConfiguration;
			buildSettings = {
				ALWAYS_SEARCH_USER_PATHS = NO;
				ASSETCATALOG_COMPILER_GENERATE_SWIFT_ASSET_SYMBOL_EXTENSIONS = YES;
				CLANG_ANALYZER_NONNULL = YES;
				CLANG_ANALYZER_NUMBER_OBJECT_CONVERSION = YES_AGGRESSIVE;
				CLANG_CXX_LANGUAGE_STANDARD = "gnu++20";
				CLANG_ENABLE_MODULES = YES;
				CLANG_ENABLE_OBJC_ARC = YES;
				CLANG_ENABLE_OBJC_WEAK = YES;
				CLANG_WARN_BLOCK_CAPTURE_AUTORELEASING = YES;
				CLANG_WARN_BOOL_CONVERSION = YES;
				CLANG_WARN_COMMA = YES;
				CLANG_WARN_CONSTANT_CONVERSION = YES;
				CLANG_WARN_DEPRECATED_OBJC_IMPLEMENTATIONS = YES;
				CLANG_WARN_DIRECT_OBJC_ISA_USAGE = YES_ERROR;
				CLANG_WARN_DOCUMENTATION_COMMENTS = YES;
				CLANG_WARN_EMPTY_BODY = YES;
				CLANG_WARN_ENUM_CONVERSION = YES;
				CLANG_WARN_INFINITE_RECURSION = YES;
				CLANG_WARN_INT_CONVERSION = YES;
				CLANG_WARN_NON_LITERAL_NULL_CONVERSION = YES;
				CLANG_WARN_OBJC_IMPLICIT_RETAIN_SELF = YES;
				CLANG_WARN_OBJC_LITERAL_CONVERSION = YES;
				CLANG_WARN_OBJC_ROOT_CLASS = YES_ERROR;
				CLANG_WARN_QUOTED_INCLUDE_IN_FRAMEWORK_HEADER = YES;
				CLANG_WARN_RANGE_LOOP_ANALYSIS = YES;
				CLANG_WARN_STRICT_PROTOTYPES = YES;
				CLANG_WARN_SUSPICIOUS_MOVE = YES;
				CLANG_WARN_UNGUARDED_AVAILABILITY = YES_AGGRESSIVE;
				CLANG_WARN_UNREACHABLE_CODE = YES;
				CLANG_WARN__DUPLICATE_METHOD_MATCH = YES;
				COPY_PHASE_STRIP = NO;
				DEBUG_INFORMATION_FORMAT = "dwarf-with-dsym";
				ENABLE_NS_ASSERTIONS = NO;
				ENABLE_STRICT_OBJC_MSGSEND = YES;
				ENABLE_USER_SCRIPT_SANDBOXING = YES;
				GCC_C_LANGUAGE_STANDARD = gnu17;
				GCC_NO_COMMON_BLOCKS = YES;
				GCC_WARN_64_TO_32_BIT_CONVERSION = YES;
				GCC_WARN_ABOUT_RETURN_TYPE = YES_ERROR;
				GCC_WARN_UNDECLARED_SELECTOR = YES;
				GCC_WARN_UNINITIALIZED_AUTOS = YES_AGGRESSIVE;
				GCC_WARN_UNUSED_FUNCTION = YES;
				GCC_WARN_UNUSED_VARIABLE = YES;
				IPHONEOS_DEPLOYMENT_TARGET = 17.2;
				LOCALIZATION_PREFERS_STRING_CATALOGS = YES;
				MTL_ENABLE_DEBUG_INFO = NO;
				MTL_FAST_MATH = YES;
				SDKROOT = iphoneos;
				SWIFT_COMPILATION_MODE = wholemodule;
				VALIDATE_PRODUCT = YES;
			};
			name = Release;
		};
		4EAC08E62B84AB4600CCAD89 /* Debug */ = {
			isa = XCBuildConfiguration;
			buildSettings = {
				ASSETCATALOG_COMPILER_APPICON_NAME = AppIcon;
				ASSETCATALOG_COMPILER_GLOBAL_ACCENT_COLOR_NAME = AccentColor;
				CODE_SIGN_STYLE = Automatic;
				CURRENT_PROJECT_VERSION = 1;
				DEVELOPMENT_ASSET_PATHS = "\"13th_EnvironmentObject/Preview Content\"";
				ENABLE_PREVIEWS = YES;
				GENERATE_INFOPLIST_FILE = YES;
				INFOPLIST_KEY_UIApplicationSceneManifest_Generation = YES;
				INFOPLIST_KEY_UIApplicationSupportsIndirectInputEvents = YES;
				INFOPLIST_KEY_UILaunchScreen_Generation = YES;
				INFOPLIST_KEY_UISupportedInterfaceOrientations_iPad = "UIInterfaceOrientationPortrait UIInterfaceOrientationPortraitUpsideDown UIInterfaceOrientationLandscapeLeft UIInterfaceOrientationLandscapeRight";
				INFOPLIST_KEY_UISupportedInterfaceOrientations_iPhone = "UIInterfaceOrientationPortrait UIInterfaceOrientationLandscapeLeft UIInterfaceOrientationLandscapeRight";
				LD_RUNPATH_SEARCH_PATHS = (
					"$(inherited)",
					"@executable_path/Frameworks",
				);
				MARKETING_VERSION = 1.0;
				PRODUCT_BUNDLE_IDENTIFIER = "com.sh.hee.-3th-EnvironmentObject";
				PRODUCT_NAME = "$(TARGET_NAME)";
				SWIFT_EMIT_LOC_STRINGS = YES;
				SWIFT_VERSION = 5.0;
				TARGETED_DEVICE_FAMILY = "1,2";
			};
			name = Debug;
		};
		4EAC08E72B84AB4600CCAD89 /* Release */ = {
			isa = XCBuildConfiguration;
			buildSettings = {
				ASSETCATALOG_COMPILER_APPICON_NAME = AppIcon;
				ASSETCATALOG_COMPILER_GLOBAL_ACCENT_COLOR_NAME = AccentColor;
				CODE_SIGN_STYLE = Automatic;
				CURRENT_PROJECT_VERSION = 1;
				DEVELOPMENT_ASSET_PATHS = "\"13th_EnvironmentObject/Preview Content\"";
				ENABLE_PREVIEWS = YES;
				GENERATE_INFOPLIST_FILE = YES;
				INFOPLIST_KEY_UIApplicationSceneManifest_Generation = YES;
				INFOPLIST_KEY_UIApplicationSupportsIndirectInputEvents = YES;
				INFOPLIST_KEY_UILaunchScreen_Generation = YES;
				INFOPLIST_KEY_UISupportedInterfaceOrientations_iPad = "UIInterfaceOrientationPortrait UIInterfaceOrientationPortraitUpsideDown UIInterfaceOrientationLandscapeLeft UIInterfaceOrientationLandscapeRight";
				INFOPLIST_KEY_UISupportedInterfaceOrientations_iPhone = "UIInterfaceOrientationPortrait UIInterfaceOrientationLandscapeLeft UIInterfaceOrientationLandscapeRight";
				LD_RUNPATH_SEARCH_PATHS = (
					"$(inherited)",
					"@executable_path/Frameworks",
				);
				MARKETING_VERSION = 1.0;
				PRODUCT_BUNDLE_IDENTIFIER = "com.sh.hee.-3th-EnvironmentObject";
				PRODUCT_NAME = "$(TARGET_NAME)";
				SWIFT_EMIT_LOC_STRINGS = YES;
				SWIFT_VERSION = 5.0;
				TARGETED_DEVICE_FAMILY = "1,2";
			};
			name = Release;
		};
		4EAC08E92B84AB4600CCAD89 /* Debug */ = {
			isa = XCBuildConfiguration;
			buildSettings = {
				ALWAYS_EMBED_SWIFT_STANDARD_LIBRARIES = YES;
				BUNDLE_LOADER = "$(TEST_HOST)";
				CODE_SIGN_STYLE = Automatic;
				CURRENT_PROJECT_VERSION = 1;
				GENERATE_INFOPLIST_FILE = YES;
				IPHONEOS_DEPLOYMENT_TARGET = 17.2;
				MARKETING_VERSION = 1.0;
				PRODUCT_BUNDLE_IDENTIFIER = "com.sh.hee.-3th-EnvironmentObjectTests";
				PRODUCT_NAME = "$(TARGET_NAME)";
				SWIFT_EMIT_LOC_STRINGS = NO;
				SWIFT_VERSION = 5.0;
				TARGETED_DEVICE_FAMILY = "1,2";
				TEST_HOST = "$(BUILT_PRODUCTS_DIR)/13th_EnvironmentObject.app/$(BUNDLE_EXECUTABLE_FOLDER_PATH)/13th_EnvironmentObject";
			};
			name = Debug;
		};
		4EAC08EA2B84AB4600CCAD89 /* Release */ = {
			isa = XCBuildConfiguration;
			buildSettings = {
				ALWAYS_EMBED_SWIFT_STANDARD_LIBRARIES = YES;
				BUNDLE_LOADER = "$(TEST_HOST)";
				CODE_SIGN_STYLE = Automatic;
				CURRENT_PROJECT_VERSION = 1;
				GENERATE_INFOPLIST_FILE = YES;
				IPHONEOS_DEPLOYMENT_TARGET = 17.2;
				MARKETING_VERSION = 1.0;
				PRODUCT_BUNDLE_IDENTIFIER = "com.sh.hee.-3th-EnvironmentObjectTests";
				PRODUCT_NAME = "$(TARGET_NAME)";
				SWIFT_EMIT_LOC_STRINGS = NO;
				SWIFT_VERSION = 5.0;
				TARGETED_DEVICE_FAMILY = "1,2";
				TEST_HOST = "$(BUILT_PRODUCTS_DIR)/13th_EnvironmentObject.app/$(BUNDLE_EXECUTABLE_FOLDER_PATH)/13th_EnvironmentObject";
			};
			name = Release;
		};
		4EAC08EC2B84AB4600CCAD89 /* Debug */ = {
			isa = XCBuildConfiguration;
			buildSettings = {
				ALWAYS_EMBED_SWIFT_STANDARD_LIBRARIES = YES;
				CODE_SIGN_STYLE = Automatic;
				CURRENT_PROJECT_VERSION = 1;
				GENERATE_INFOPLIST_FILE = YES;
				MARKETING_VERSION = 1.0;
				PRODUCT_BUNDLE_IDENTIFIER = "com.sh.hee.-3th-EnvironmentObjectUITests";
				PRODUCT_NAME = "$(TARGET_NAME)";
				SWIFT_EMIT_LOC_STRINGS = NO;
				SWIFT_VERSION = 5.0;
				TARGETED_DEVICE_FAMILY = "1,2";
				TEST_TARGET_NAME = 13th_EnvironmentObject;
			};
			name = Debug;
		};
		4EAC08ED2B84AB4600CCAD89 /* Release */ = {
			isa = XCBuildConfiguration;
			buildSettings = {
				ALWAYS_EMBED_SWIFT_STANDARD_LIBRARIES = YES;
				CODE_SIGN_STYLE = Automatic;
				CURRENT_PROJECT_VERSION = 1;
				GENERATE_INFOPLIST_FILE = YES;
				MARKETING_VERSION = 1.0;
				PRODUCT_BUNDLE_IDENTIFIER = "com.sh.hee.-3th-EnvironmentObjectUITests";
				PRODUCT_NAME = "$(TARGET_NAME)";
				SWIFT_EMIT_LOC_STRINGS = NO;
				SWIFT_VERSION = 5.0;
				TARGETED_DEVICE_FAMILY = "1,2";
				TEST_TARGET_NAME = 13th_EnvironmentObject;
			};
			name = Release;
		};
/* End XCBuildConfiguration section */

/* Begin XCConfigurationList section */
		4EAC08BC2B84AB4300CCAD89 /* Build configuration list for PBXProject "13th_EnvironmentObject" */ = {
			isa = XCConfigurationList;
			buildConfigurations = (
				4EAC08E32B84AB4600CCAD89 /* Debug */,
				4EAC08E42B84AB4600CCAD89 /* Release */,
			);
			defaultConfigurationIsVisible = 0;
			defaultConfigurationName = Release;
		};
		4EAC08E52B84AB4600CCAD89 /* Build configuration list for PBXNativeTarget "13th_EnvironmentObject" */ = {
			isa = XCConfigurationList;
			buildConfigurations = (
				4EAC08E62B84AB4600CCAD89 /* Debug */,
				4EAC08E72B84AB4600CCAD89 /* Release */,
			);
			defaultConfigurationIsVisible = 0;
			defaultConfigurationName = Release;
		};
		4EAC08E82B84AB4600CCAD89 /* Build configuration list for PBXNativeTarget "13th_EnvironmentObjectTests" */ = {
			isa = XCConfigurationList;
			buildConfigurations = (
				4EAC08E92B84AB4600CCAD89 /* Debug */,
				4EAC08EA2B84AB4600CCAD89 /* Release */,
			);
			defaultConfigurationIsVisible = 0;
			defaultConfigurationName = Release;
		};
		4EAC08EB2B84AB4600CCAD89 /* Build configuration list for PBXNativeTarget "13th_EnvironmentObjectUITests" */ = {
			isa = XCConfigurationList;
			buildConfigurations = (
				4EAC08EC2B84AB4600CCAD89 /* Debug */,
				4EAC08ED2B84AB4600CCAD89 /* Release */,
			);
			defaultConfigurationIsVisible = 0;
			defaultConfigurationName = Release;
		};
/* End XCConfigurationList section */
	};
	rootObject = 4EAC08B92B84AB4300CCAD89 /* Project object */;
}
